// !$*UTF8*$!
{
	archiveVersion = 1;
	classes = {
	};
	objectVersion = 46;
	objects = {

/* Begin PBXAggregateTarget section */
		"Swim::SwimPackageTests::ProductTarget" /* SwimPackageTests */ = {
			isa = PBXAggregateTarget;
			buildConfigurationList = OBJ_347 /* Build configuration list for PBXAggregateTarget "SwimPackageTests" */;
			buildPhases = (
			);
			dependencies = (
				OBJ_350 /* PBXTargetDependency */,
				OBJ_352 /* PBXTargetDependency */,
				OBJ_354 /* PBXTargetDependency */,
			);
			name = SwimPackageTests;
			productName = SwimPackageTests;
		};
/* End PBXAggregateTarget section */

/* Begin PBXBuildFile section */
		A7C8CEE3229650C20064EDFA /* ColorPixel.swift in Sources */ = {isa = PBXBuildFile; fileRef = A7C8CEE1229650BF0064EDFA /* ColorPixel.swift */; };
		OBJ_218 /* image_io.c in Sources */ = {isa = PBXBuildFile; fileRef = OBJ_9 /* image_io.c */; };
		OBJ_219 /* truetype.c in Sources */ = {isa = PBXBuildFile; fileRef = OBJ_10 /* truetype.c */; };
		OBJ_221 /* stb_image_write.h in Headers */ = {isa = PBXBuildFile; fileRef = OBJ_12 /* stb_image_write.h */; settings = {ATTRIBUTES = (Public, ); }; };
		OBJ_222 /* stb_image.h in Headers */ = {isa = PBXBuildFile; fileRef = OBJ_13 /* stb_image.h */; settings = {ATTRIBUTES = (Public, ); }; };
		OBJ_223 /* stb_truetype.h in Headers */ = {isa = PBXBuildFile; fileRef = OBJ_14 /* stb_truetype.h */; settings = {ATTRIBUTES = (Public, ); }; };
		OBJ_224 /* CStbImage.h in Headers */ = {isa = PBXBuildFile; fileRef = OBJ_15 /* CStbImage.h */; settings = {ATTRIBUTES = (Public, ); }; };
		OBJ_231 /* ArithmeticPerformanceTests.swift in Sources */ = {isa = PBXBuildFile; fileRef = OBJ_120 /* ArithmeticPerformanceTests.swift */; };
		OBJ_232 /* BasicPerformanceTests.swift in Sources */ = {isa = PBXBuildFile; fileRef = OBJ_121 /* BasicPerformanceTests.swift */; };
		OBJ_233 /* BayerPerformanceTests.swift in Sources */ = {isa = PBXBuildFile; fileRef = OBJ_122 /* BayerPerformanceTests.swift */; };
		OBJ_234 /* BlendPerformanceTests.swift in Sources */ = {isa = PBXBuildFile; fileRef = OBJ_123 /* BlendPerformanceTests.swift */; };
		OBJ_235 /* ClipPerformanceTests.swift in Sources */ = {isa = PBXBuildFile; fileRef = OBJ_124 /* ClipPerformanceTests.swift */; };
		OBJ_236 /* ConversionPerformanceTests.swift in Sources */ = {isa = PBXBuildFile; fileRef = OBJ_125 /* ConversionPerformanceTests.swift */; };
		OBJ_237 /* CorrelationPerformanceTests.swift in Sources */ = {isa = PBXBuildFile; fileRef = OBJ_126 /* CorrelationPerformanceTests.swift */; };
		OBJ_238 /* DataTypeConversionPerformanceTests.swift in Sources */ = {isa = PBXBuildFile; fileRef = OBJ_127 /* DataTypeConversionPerformanceTests.swift */; };
		OBJ_239 /* DrawPerformanceTests.swift in Sources */ = {isa = PBXBuildFile; fileRef = OBJ_128 /* DrawPerformanceTests.swift */; };
		OBJ_240 /* FilterPerformanceTests.swift in Sources */ = {isa = PBXBuildFile; fileRef = OBJ_129 /* FilterPerformanceTests.swift */; };
		OBJ_241 /* PerformanceTests.swift in Sources */ = {isa = PBXBuildFile; fileRef = OBJ_130 /* PerformanceTests.swift */; };
		OBJ_242 /* ResizePerformanceTests.swift in Sources */ = {isa = PBXBuildFile; fileRef = OBJ_131 /* ResizePerformanceTests.swift */; };
		OBJ_243 /* RoundingPerformanceTests.swift in Sources */ = {isa = PBXBuildFile; fileRef = OBJ_132 /* RoundingPerformanceTests.swift */; };
		OBJ_244 /* SubscriptPerformanceTests.swift in Sources */ = {isa = PBXBuildFile; fileRef = OBJ_133 /* SubscriptPerformanceTests.swift */; };
		OBJ_246 /* Swim.framework in Frameworks */ = {isa = PBXBuildFile; fileRef = "Swim::Swim::Product" /* Swim.framework */; };
		OBJ_247 /* CStbImage.framework in Frameworks */ = {isa = PBXBuildFile; fileRef = "Swim::CStbImage::Product" /* CStbImage.framework */; };
		OBJ_255 /* Bayer.swift in Sources */ = {isa = PBXBuildFile; fileRef = OBJ_18 /* Bayer.swift */; };
		OBJ_256 /* Correlation.swift in Sources */ = {isa = PBXBuildFile; fileRef = OBJ_19 /* Correlation.swift */; };
		OBJ_257 /* FourierTransformer.swift in Sources */ = {isa = PBXBuildFile; fileRef = OBJ_20 /* FourierTransformer.swift */; };
		OBJ_258 /* HistogramEqualizer.swift in Sources */ = {isa = PBXBuildFile; fileRef = OBJ_21 /* HistogramEqualizer.swift */; };
		OBJ_259 /* Im2col.swift in Sources */ = {isa = PBXBuildFile; fileRef = OBJ_22 /* Im2col.swift */; };
		OBJ_260 /* IntegralImage.swift in Sources */ = {isa = PBXBuildFile; fileRef = OBJ_23 /* IntegralImage.swift */; };
		OBJ_261 /* ImageBinaryOperators.swift in Sources */ = {isa = PBXBuildFile; fileRef = OBJ_25 /* ImageBinaryOperators.swift */; };
		OBJ_262 /* ImageBinaryScalarOperator.swift in Sources */ = {isa = PBXBuildFile; fileRef = OBJ_26 /* ImageBinaryScalarOperator.swift */; };
		OBJ_263 /* ImageCompoundAssignmentOperator.swift in Sources */ = {isa = PBXBuildFile; fileRef = OBJ_27 /* ImageCompoundAssignmentOperator.swift */; };
		OBJ_264 /* ImageUnaryOperators.swift in Sources */ = {isa = PBXBuildFile; fileRef = OBJ_28 /* ImageUnaryOperators.swift */; };
		OBJ_265 /* PixelBinaryScalarOperator.swift in Sources */ = {isa = PBXBuildFile; fileRef = OBJ_29 /* PixelBinaryScalarOperator.swift */; };
		OBJ_266 /* PixelCompoundAssignmentOperator.swift in Sources */ = {isa = PBXBuildFile; fileRef = OBJ_30 /* PixelCompoundAssignmentOperator.swift */; };
		OBJ_267 /* PixelRefCompoundAssignmentOperator.swift in Sources */ = {isa = PBXBuildFile; fileRef = OBJ_31 /* PixelRefCompoundAssignmentOperator.swift */; };
		OBJ_268 /* PixelRefScalarCompoundAssignmentOperator.swift in Sources */ = {isa = PBXBuildFile; fileRef = OBJ_32 /* PixelRefScalarCompoundAssignmentOperator.swift */; };
		OBJ_269 /* PixelUnaryOperator.swift in Sources */ = {isa = PBXBuildFile; fileRef = OBJ_33 /* PixelUnaryOperator.swift */; };
		OBJ_270 /* ScalarCompoundAssignmentOperator.swift in Sources */ = {isa = PBXBuildFile; fileRef = OBJ_34 /* ScalarCompoundAssignmentOperator.swift */; };
		OBJ_271 /* Blender.swift in Sources */ = {isa = PBXBuildFile; fileRef = OBJ_36 /* Blender.swift */; };
		OBJ_272 /* BitOperations.swift in Sources */ = {isa = PBXBuildFile; fileRef = OBJ_38 /* BitOperations.swift */; };
		OBJ_273 /* ChannelComposition.swift in Sources */ = {isa = PBXBuildFile; fileRef = OBJ_40 /* ChannelComposition.swift */; };
		OBJ_274 /* ChannelwiseConversion.swift in Sources */ = {isa = PBXBuildFile; fileRef = OBJ_41 /* ChannelwiseConversion.swift */; };
		OBJ_275 /* DataTypeConversion.swift in Sources */ = {isa = PBXBuildFile; fileRef = OBJ_42 /* DataTypeConversion.swift */; };
		OBJ_276 /* PixelTypeConversion.swift in Sources */ = {isa = PBXBuildFile; fileRef = OBJ_43 /* PixelTypeConversion.swift */; };
		OBJ_277 /* PixelwiseConversion.swift in Sources */ = {isa = PBXBuildFile; fileRef = OBJ_44 /* PixelwiseConversion.swift */; };
		OBJ_278 /* DataContainer.swift in Sources */ = {isa = PBXBuildFile; fileRef = OBJ_46 /* DataContainer.swift */; };
		OBJ_279 /* DataType.swift in Sources */ = {isa = PBXBuildFile; fileRef = OBJ_47 /* DataType.swift */; };
		OBJ_280 /* Image.swift in Sources */ = {isa = PBXBuildFile; fileRef = OBJ_49 /* Image.swift */; };
		OBJ_281 /* ImageInitializers.swift in Sources */ = {isa = PBXBuildFile; fileRef = OBJ_50 /* ImageInitializers.swift */; };
		OBJ_282 /* LikeInitializer.swift in Sources */ = {isa = PBXBuildFile; fileRef = OBJ_51 /* LikeInitializer.swift */; };
		OBJ_283 /* Pixel.swift in Sources */ = {isa = PBXBuildFile; fileRef = OBJ_53 /* Pixel.swift */; };
		OBJ_284 /* PixelProtocol.swift in Sources */ = {isa = PBXBuildFile; fileRef = OBJ_54 /* PixelProtocol.swift */; };
		OBJ_285 /* PixelRef.swift in Sources */ = {isa = PBXBuildFile; fileRef = OBJ_55 /* PixelRef.swift */; };
		OBJ_286 /* PixelType.swift in Sources */ = {isa = PBXBuildFile; fileRef = OBJ_56 /* PixelType.swift */; };
		OBJ_287 /* DrawCircle.swift in Sources */ = {isa = PBXBuildFile; fileRef = OBJ_58 /* DrawCircle.swift */; };
		OBJ_288 /* DrawImage.swift in Sources */ = {isa = PBXBuildFile; fileRef = OBJ_59 /* DrawImage.swift */; };
		OBJ_289 /* DrawLine.swift in Sources */ = {isa = PBXBuildFile; fileRef = OBJ_60 /* DrawLine.swift */; };
		OBJ_290 /* DrawPixel.swift in Sources */ = {isa = PBXBuildFile; fileRef = OBJ_61 /* DrawPixel.swift */; };
		OBJ_291 /* DrawPolygon.swift in Sources */ = {isa = PBXBuildFile; fileRef = OBJ_62 /* DrawPolygon.swift */; };
		OBJ_292 /* DrawRect.swift in Sources */ = {isa = PBXBuildFile; fileRef = OBJ_63 /* DrawRect.swift */; };
		OBJ_293 /* DrawText.swift in Sources */ = {isa = PBXBuildFile; fileRef = OBJ_64 /* DrawText.swift */; };
		OBJ_294 /* BilateralFilter.swift in Sources */ = {isa = PBXBuildFile; fileRef = OBJ_66 /* BilateralFilter.swift */; };
		OBJ_295 /* Convolution.swift in Sources */ = {isa = PBXBuildFile; fileRef = OBJ_67 /* Convolution.swift */; };
		OBJ_296 /* RankFilter.swift in Sources */ = {isa = PBXBuildFile; fileRef = OBJ_68 /* RankFilter.swift */; };
		OBJ_297 /* ImageFileFormat.swift in Sources */ = {isa = PBXBuildFile; fileRef = OBJ_70 /* ImageFileFormat.swift */; };
		OBJ_298 /* ReadImage.swift in Sources */ = {isa = PBXBuildFile; fileRef = OBJ_71 /* ReadImage.swift */; };
		OBJ_299 /* WriteImage.swift in Sources */ = {isa = PBXBuildFile; fileRef = OBJ_72 /* WriteImage.swift */; };
		OBJ_300 /* BicubicInterpolator.swift in Sources */ = {isa = PBXBuildFile; fileRef = OBJ_74 /* BicubicInterpolator.swift */; };
		OBJ_301 /* BilinearInterpolator.swift in Sources */ = {isa = PBXBuildFile; fileRef = OBJ_75 /* BilinearInterpolator.swift */; };
		OBJ_302 /* Interpolator.swift in Sources */ = {isa = PBXBuildFile; fileRef = OBJ_76 /* Interpolator.swift */; };
		OBJ_303 /* Interpolator4x4.swift in Sources */ = {isa = PBXBuildFile; fileRef = OBJ_77 /* Interpolator4x4.swift */; };
		OBJ_304 /* LanczosInterpolator.swift in Sources */ = {isa = PBXBuildFile; fileRef = OBJ_78 /* LanczosInterpolator.swift */; };
		OBJ_305 /* NearestNeighborInterpolator.swift in Sources */ = {isa = PBXBuildFile; fileRef = OBJ_79 /* NearestNeighborInterpolator.swift */; };
		OBJ_306 /* Abs.swift in Sources */ = {isa = PBXBuildFile; fileRef = OBJ_81 /* Abs.swift */; };
		OBJ_307 /* Clip.swift in Sources */ = {isa = PBXBuildFile; fileRef = OBJ_82 /* Clip.swift */; };
		OBJ_308 /* IteratePixels.swift in Sources */ = {isa = PBXBuildFile; fileRef = OBJ_83 /* IteratePixels.swift */; };
		OBJ_309 /* Power.swift in Sources */ = {isa = PBXBuildFile; fileRef = OBJ_84 /* Power.swift */; };
		OBJ_310 /* Rounding.swift in Sources */ = {isa = PBXBuildFile; fileRef = OBJ_85 /* Rounding.swift */; };
		OBJ_311 /* AppKit.swift in Sources */ = {isa = PBXBuildFile; fileRef = OBJ_87 /* AppKit.swift */; };
		OBJ_312 /* CoreGraphics.swift in Sources */ = {isa = PBXBuildFile; fileRef = OBJ_88 /* CoreGraphics.swift */; };
		OBJ_313 /* UIKit.swift in Sources */ = {isa = PBXBuildFile; fileRef = OBJ_89 /* UIKit.swift */; };
		OBJ_314 /* vImageAlphaBlend.swift in Sources */ = {isa = PBXBuildFile; fileRef = OBJ_91 /* vImageAlphaBlend.swift */; };
		OBJ_315 /* vImageBuffer.swift in Sources */ = {isa = PBXBuildFile; fileRef = OBJ_92 /* vImageBuffer.swift */; };
		OBJ_316 /* vImageMorphology.swift in Sources */ = {isa = PBXBuildFile; fileRef = OBJ_93 /* vImageMorphology.swift */; };
		OBJ_317 /* vImageUtils.swift in Sources */ = {isa = PBXBuildFile; fileRef = OBJ_94 /* vImageUtils.swift */; };
		OBJ_318 /* ChannelSubscript.swift in Sources */ = {isa = PBXBuildFile; fileRef = OBJ_96 /* ChannelSubscript.swift */; };
		OBJ_319 /* PixelSubscript.swift in Sources */ = {isa = PBXBuildFile; fileRef = OBJ_97 /* PixelSubscript.swift */; };
		OBJ_320 /* SubimageSubscript.swift in Sources */ = {isa = PBXBuildFile; fileRef = OBJ_98 /* SubimageSubscript.swift */; };
		OBJ_321 /* Concatenation.swift in Sources */ = {isa = PBXBuildFile; fileRef = OBJ_100 /* Concatenation.swift */; };
		OBJ_322 /* EdgeMode.swift in Sources */ = {isa = PBXBuildFile; fileRef = OBJ_101 /* EdgeMode.swift */; };
		OBJ_323 /* Flip.swift in Sources */ = {isa = PBXBuildFile; fileRef = OBJ_102 /* Flip.swift */; };
		OBJ_324 /* AffineTransformation.swift in Sources */ = {isa = PBXBuildFile; fileRef = OBJ_104 /* AffineTransformation.swift */; };
		OBJ_325 /* HomogeneousTransformationMatrix.swift in Sources */ = {isa = PBXBuildFile; fileRef = OBJ_105 /* HomogeneousTransformationMatrix.swift */; };
		OBJ_326 /* ProjectiveTransformation.swift in Sources */ = {isa = PBXBuildFile; fileRef = OBJ_106 /* ProjectiveTransformation.swift */; };
		OBJ_327 /* Padding.swift in Sources */ = {isa = PBXBuildFile; fileRef = OBJ_107 /* Padding.swift */; };
		OBJ_328 /* Resize.swift in Sources */ = {isa = PBXBuildFile; fileRef = OBJ_108 /* Resize.swift */; };
		OBJ_329 /* Rotate.swift in Sources */ = {isa = PBXBuildFile; fileRef = OBJ_109 /* Rotate.swift */; };
		OBJ_330 /* Transpose.swift in Sources */ = {isa = PBXBuildFile; fileRef = OBJ_110 /* Transpose.swift */; };
		OBJ_331 /* Warp.swift in Sources */ = {isa = PBXBuildFile; fileRef = OBJ_111 /* Warp.swift */; };
		OBJ_332 /* ArrayExt.swift in Sources */ = {isa = PBXBuildFile; fileRef = OBJ_113 /* ArrayExt.swift */; };
		OBJ_333 /* Clamp.swift in Sources */ = {isa = PBXBuildFile; fileRef = OBJ_114 /* Clamp.swift */; };
		OBJ_334 /* Interleave.swift in Sources */ = {isa = PBXBuildFile; fileRef = OBJ_115 /* Interleave.swift */; };
		OBJ_335 /* Rect.swift in Sources */ = {isa = PBXBuildFile; fileRef = OBJ_116 /* Rect.swift */; };
		OBJ_336 /* StrideCopy.swift in Sources */ = {isa = PBXBuildFile; fileRef = OBJ_117 /* StrideCopy.swift */; };
		OBJ_338 /* CStbImage.framework in Frameworks */ = {isa = PBXBuildFile; fileRef = "Swim::CStbImage::Product" /* CStbImage.framework */; };
		OBJ_345 /* Package.swift in Sources */ = {isa = PBXBuildFile; fileRef = OBJ_6 /* Package.swift */; };
		OBJ_359 /* BayerTests.swift in Sources */ = {isa = PBXBuildFile; fileRef = OBJ_136 /* BayerTests.swift */; };
		OBJ_360 /* CorrelationTests.swift in Sources */ = {isa = PBXBuildFile; fileRef = OBJ_137 /* CorrelationTests.swift */; };
		OBJ_361 /* Im2colTests.swift in Sources */ = {isa = PBXBuildFile; fileRef = OBJ_138 /* Im2colTests.swift */; };
		OBJ_362 /* IntegralImageTests.swift in Sources */ = {isa = PBXBuildFile; fileRef = OBJ_139 /* IntegralImageTests.swift */; };
		OBJ_363 /* ImageArithmeticTests.swift in Sources */ = {isa = PBXBuildFile; fileRef = OBJ_141 /* ImageArithmeticTests.swift */; };
		OBJ_364 /* MutablePixelRefArithmeticTests.swift in Sources */ = {isa = PBXBuildFile; fileRef = OBJ_142 /* MutablePixelRefArithmeticTests.swift */; };
		OBJ_365 /* BitOperationsTests.swift in Sources */ = {isa = PBXBuildFile; fileRef = OBJ_144 /* BitOperationsTests.swift */; };
		OBJ_366 /* ChannelCompositionTests.swift in Sources */ = {isa = PBXBuildFile; fileRef = OBJ_146 /* ChannelCompositionTests.swift */; };
		OBJ_367 /* ChannelwiseConversionTests.swift in Sources */ = {isa = PBXBuildFile; fileRef = OBJ_147 /* ChannelwiseConversionTests.swift */; };
		OBJ_368 /* DataTypeConversionTests.swift in Sources */ = {isa = PBXBuildFile; fileRef = OBJ_148 /* DataTypeConversionTests.swift */; };
		OBJ_369 /* PixelTypeConversionTests.swift in Sources */ = {isa = PBXBuildFile; fileRef = OBJ_149 /* PixelTypeConversionTests.swift */; };
		OBJ_370 /* PixelwiseConversionTests.swift in Sources */ = {isa = PBXBuildFile; fileRef = OBJ_150 /* PixelwiseConversionTests.swift */; };
		OBJ_371 /* ImageTests.swift in Sources */ = {isa = PBXBuildFile; fileRef = OBJ_152 /* ImageTests.swift */; };
		OBJ_372 /* LikeInitializerTests.swift in Sources */ = {isa = PBXBuildFile; fileRef = OBJ_153 /* LikeInitializerTests.swift */; };
		OBJ_373 /* ConvolutionTests.swift in Sources */ = {isa = PBXBuildFile; fileRef = OBJ_155 /* ConvolutionTests.swift */; };
		OBJ_374 /* FilterTests.swift in Sources */ = {isa = PBXBuildFile; fileRef = OBJ_156 /* FilterTests.swift */; };
		OBJ_375 /* ImageIOTests.swift in Sources */ = {isa = PBXBuildFile; fileRef = OBJ_158 /* ImageIOTests.swift */; };
		OBJ_376 /* BicubicInterpolationTests.swift in Sources */ = {isa = PBXBuildFile; fileRef = OBJ_160 /* BicubicInterpolationTests.swift */; };
		OBJ_377 /* BilinearInterpolationTests.swift in Sources */ = {isa = PBXBuildFile; fileRef = OBJ_161 /* BilinearInterpolationTests.swift */; };
		OBJ_378 /* NearestNeighborInterpolatorTests.swift in Sources */ = {isa = PBXBuildFile; fileRef = OBJ_162 /* NearestNeighborInterpolatorTests.swift */; };
		OBJ_379 /* AbsTests.swift in Sources */ = {isa = PBXBuildFile; fileRef = OBJ_164 /* AbsTests.swift */; };
		OBJ_380 /* ClipTests.swift in Sources */ = {isa = PBXBuildFile; fileRef = OBJ_165 /* ClipTests.swift */; };
		OBJ_381 /* PowerTests.swift in Sources */ = {isa = PBXBuildFile; fileRef = OBJ_166 /* PowerTests.swift */; };
		OBJ_382 /* RoundingTests.swift in Sources */ = {isa = PBXBuildFile; fileRef = OBJ_167 /* RoundingTests.swift */; };
		OBJ_383 /* AppKitTests.swift in Sources */ = {isa = PBXBuildFile; fileRef = OBJ_169 /* AppKitTests.swift */; };
		OBJ_384 /* UIKitTests.swift in Sources */ = {isa = PBXBuildFile; fileRef = OBJ_170 /* UIKitTests.swift */; };
		OBJ_385 /* vImageUtilsTests.swift in Sources */ = {isa = PBXBuildFile; fileRef = OBJ_171 /* vImageUtilsTests.swift */; };
		OBJ_386 /* ChannelSubscriptTests.swift in Sources */ = {isa = PBXBuildFile; fileRef = OBJ_173 /* ChannelSubscriptTests.swift */; };
		OBJ_387 /* PixelSubscriptTests.swift in Sources */ = {isa = PBXBuildFile; fileRef = OBJ_174 /* PixelSubscriptTests.swift */; };
		OBJ_388 /* SubimageSubscriptTests.swift in Sources */ = {isa = PBXBuildFile; fileRef = OBJ_175 /* SubimageSubscriptTests.swift */; };
		OBJ_389 /* AffineTransformationTests.swift in Sources */ = {isa = PBXBuildFile; fileRef = OBJ_177 /* AffineTransformationTests.swift */; };
		OBJ_390 /* ConcatenateTests.swift in Sources */ = {isa = PBXBuildFile; fileRef = OBJ_178 /* ConcatenateTests.swift */; };
		OBJ_391 /* HomogeneousTransformationMatrixTests.swift in Sources */ = {isa = PBXBuildFile; fileRef = OBJ_179 /* HomogeneousTransformationMatrixTests.swift */; };
		OBJ_392 /* PaddingTests.swift in Sources */ = {isa = PBXBuildFile; fileRef = OBJ_180 /* PaddingTests.swift */; };
		OBJ_393 /* ResizeTests.swift in Sources */ = {isa = PBXBuildFile; fileRef = OBJ_181 /* ResizeTests.swift */; };
		OBJ_394 /* TransformationTests.swift in Sources */ = {isa = PBXBuildFile; fileRef = OBJ_182 /* TransformationTests.swift */; };
		OBJ_395 /* TransposeTests.swift in Sources */ = {isa = PBXBuildFile; fileRef = OBJ_183 /* TransposeTests.swift */; };
		OBJ_396 /* Random.swift in Sources */ = {isa = PBXBuildFile; fileRef = OBJ_185 /* Random.swift */; };
		OBJ_397 /* Utils.swift in Sources */ = {isa = PBXBuildFile; fileRef = OBJ_186 /* Utils.swift */; };
		OBJ_398 /* XCTAssertEqualWithAccuracy.swift in Sources */ = {isa = PBXBuildFile; fileRef = OBJ_187 /* XCTAssertEqualWithAccuracy.swift */; };
		OBJ_399 /* ClampTests.swift in Sources */ = {isa = PBXBuildFile; fileRef = OBJ_189 /* ClampTests.swift */; };
		OBJ_401 /* Swim.framework in Frameworks */ = {isa = PBXBuildFile; fileRef = "Swim::Swim::Product" /* Swim.framework */; };
		OBJ_402 /* CStbImage.framework in Frameworks */ = {isa = PBXBuildFile; fileRef = "Swim::CStbImage::Product" /* CStbImage.framework */; };
		OBJ_409 /* ApplicationVisualTests.swift in Sources */ = {isa = PBXBuildFile; fileRef = OBJ_191 /* ApplicationVisualTests.swift */; };
		OBJ_410 /* BayerVisualTests.swift in Sources */ = {isa = PBXBuildFile; fileRef = OBJ_192 /* BayerVisualTests.swift */; };
		OBJ_411 /* BlendVisualTests.swift in Sources */ = {isa = PBXBuildFile; fileRef = OBJ_193 /* BlendVisualTests.swift */; };
		OBJ_412 /* DrawVisualTests.swift in Sources */ = {isa = PBXBuildFile; fileRef = OBJ_194 /* DrawVisualTests.swift */; };
		OBJ_413 /* FilterVisualTests.swift in Sources */ = {isa = PBXBuildFile; fileRef = OBJ_195 /* FilterVisualTests.swift */; };
		OBJ_414 /* FourierTransformerVisualTests.swift in Sources */ = {isa = PBXBuildFile; fileRef = OBJ_196 /* FourierTransformerVisualTests.swift */; };
		OBJ_415 /* HistogramEqualizerVisualTests.swift in Sources */ = {isa = PBXBuildFile; fileRef = OBJ_197 /* HistogramEqualizerVisualTests.swift */; };
		OBJ_416 /* PaddingVisualTests.swift in Sources */ = {isa = PBXBuildFile; fileRef = OBJ_198 /* PaddingVisualTests.swift */; };
		OBJ_417 /* ResizeVisualTests.swift in Sources */ = {isa = PBXBuildFile; fileRef = OBJ_199 /* ResizeVisualTests.swift */; };
		OBJ_418 /* SubimageVisualTests.swift in Sources */ = {isa = PBXBuildFile; fileRef = OBJ_200 /* SubimageVisualTests.swift */; };
		OBJ_419 /* TransformationVisualTests.swift in Sources */ = {isa = PBXBuildFile; fileRef = OBJ_201 /* TransformationVisualTests.swift */; };
		OBJ_420 /* Utils.swift in Sources */ = {isa = PBXBuildFile; fileRef = OBJ_202 /* Utils.swift */; };
		OBJ_421 /* WarpVisualTests.swift in Sources */ = {isa = PBXBuildFile; fileRef = OBJ_203 /* WarpVisualTests.swift */; };
		OBJ_423 /* Swim.framework in Frameworks */ = {isa = PBXBuildFile; fileRef = "Swim::Swim::Product" /* Swim.framework */; };
		OBJ_424 /* CStbImage.framework in Frameworks */ = {isa = PBXBuildFile; fileRef = "Swim::CStbImage::Product" /* CStbImage.framework */; };
/* End PBXBuildFile section */

/* Begin PBXContainerItemProxy section */
		A7C8CED722964D330064EDFA /* PBXContainerItemProxy */ = {
			isa = PBXContainerItemProxy;
			containerPortal = OBJ_1 /* Project object */;
			proxyType = 1;
			remoteGlobalIDString = "Swim::CStbImage";
			remoteInfo = CStbImage;
		};
		A7C8CED822964D330064EDFA /* PBXContainerItemProxy */ = {
			isa = PBXContainerItemProxy;
			containerPortal = OBJ_1 /* Project object */;
			proxyType = 1;
			remoteGlobalIDString = "Swim::Swim";
			remoteInfo = Swim;
		};
		A7C8CED922964D330064EDFA /* PBXContainerItemProxy */ = {
			isa = PBXContainerItemProxy;
			containerPortal = OBJ_1 /* Project object */;
			proxyType = 1;
			remoteGlobalIDString = "Swim::CStbImage";
			remoteInfo = CStbImage;
		};
		A7C8CEDA22964D330064EDFA /* PBXContainerItemProxy */ = {
			isa = PBXContainerItemProxy;
			containerPortal = OBJ_1 /* Project object */;
			proxyType = 1;
			remoteGlobalIDString = "Swim::Swim";
			remoteInfo = Swim;
		};
		A7C8CEDB22964D330064EDFA /* PBXContainerItemProxy */ = {
			isa = PBXContainerItemProxy;
			containerPortal = OBJ_1 /* Project object */;
			proxyType = 1;
			remoteGlobalIDString = "Swim::CStbImage";
			remoteInfo = CStbImage;
		};
		A7C8CEDC22964D330064EDFA /* PBXContainerItemProxy */ = {
			isa = PBXContainerItemProxy;
			containerPortal = OBJ_1 /* Project object */;
			proxyType = 1;
			remoteGlobalIDString = "Swim::Swim";
			remoteInfo = Swim;
		};
		A7C8CEDD22964D330064EDFA /* PBXContainerItemProxy */ = {
			isa = PBXContainerItemProxy;
			containerPortal = OBJ_1 /* Project object */;
			proxyType = 1;
			remoteGlobalIDString = "Swim::CStbImage";
			remoteInfo = CStbImage;
		};
		A7C8CEDE22964D350064EDFA /* PBXContainerItemProxy */ = {
			isa = PBXContainerItemProxy;
			containerPortal = OBJ_1 /* Project object */;
			proxyType = 1;
			remoteGlobalIDString = "Swim::SwimTests";
			remoteInfo = SwimTests;
		};
		A7C8CEDF22964D350064EDFA /* PBXContainerItemProxy */ = {
			isa = PBXContainerItemProxy;
			containerPortal = OBJ_1 /* Project object */;
			proxyType = 1;
			remoteGlobalIDString = "Swim::VisualTests";
			remoteInfo = VisualTests;
		};
		A7C8CEE022964D350064EDFA /* PBXContainerItemProxy */ = {
			isa = PBXContainerItemProxy;
			containerPortal = OBJ_1 /* Project object */;
			proxyType = 1;
			remoteGlobalIDString = "Swim::PerformanceTests";
			remoteInfo = PerformanceTests;
		};
/* End PBXContainerItemProxy section */

/* Begin PBXFileReference section */
		A7C8CEE1229650BF0064EDFA /* ColorPixel.swift */ = {isa = PBXFileReference; lastKnownFileType = sourcecode.swift; path = ColorPixel.swift; sourceTree = "<group>"; };
		OBJ_10 /* truetype.c */ = {isa = PBXFileReference; lastKnownFileType = sourcecode.c.c; path = truetype.c; sourceTree = "<group>"; };
		OBJ_100 /* Concatenation.swift */ = {isa = PBXFileReference; lastKnownFileType = sourcecode.swift; path = Concatenation.swift; sourceTree = "<group>"; };
		OBJ_101 /* EdgeMode.swift */ = {isa = PBXFileReference; lastKnownFileType = sourcecode.swift; path = EdgeMode.swift; sourceTree = "<group>"; };
		OBJ_102 /* Flip.swift */ = {isa = PBXFileReference; lastKnownFileType = sourcecode.swift; path = Flip.swift; sourceTree = "<group>"; };
		OBJ_104 /* AffineTransformation.swift */ = {isa = PBXFileReference; lastKnownFileType = sourcecode.swift; path = AffineTransformation.swift; sourceTree = "<group>"; };
		OBJ_105 /* HomogeneousTransformationMatrix.swift */ = {isa = PBXFileReference; lastKnownFileType = sourcecode.swift; path = HomogeneousTransformationMatrix.swift; sourceTree = "<group>"; };
		OBJ_106 /* ProjectiveTransformation.swift */ = {isa = PBXFileReference; lastKnownFileType = sourcecode.swift; path = ProjectiveTransformation.swift; sourceTree = "<group>"; };
		OBJ_107 /* Padding.swift */ = {isa = PBXFileReference; lastKnownFileType = sourcecode.swift; path = Padding.swift; sourceTree = "<group>"; };
		OBJ_108 /* Resize.swift */ = {isa = PBXFileReference; lastKnownFileType = sourcecode.swift; path = Resize.swift; sourceTree = "<group>"; };
		OBJ_109 /* Rotate.swift */ = {isa = PBXFileReference; lastKnownFileType = sourcecode.swift; path = Rotate.swift; sourceTree = "<group>"; };
		OBJ_110 /* Transpose.swift */ = {isa = PBXFileReference; lastKnownFileType = sourcecode.swift; path = Transpose.swift; sourceTree = "<group>"; };
		OBJ_111 /* Warp.swift */ = {isa = PBXFileReference; lastKnownFileType = sourcecode.swift; path = Warp.swift; sourceTree = "<group>"; };
		OBJ_113 /* ArrayExt.swift */ = {isa = PBXFileReference; lastKnownFileType = sourcecode.swift; path = ArrayExt.swift; sourceTree = "<group>"; };
		OBJ_114 /* Clamp.swift */ = {isa = PBXFileReference; lastKnownFileType = sourcecode.swift; path = Clamp.swift; sourceTree = "<group>"; };
		OBJ_115 /* Interleave.swift */ = {isa = PBXFileReference; lastKnownFileType = sourcecode.swift; path = Interleave.swift; sourceTree = "<group>"; };
		OBJ_116 /* Rect.swift */ = {isa = PBXFileReference; lastKnownFileType = sourcecode.swift; path = Rect.swift; sourceTree = "<group>"; };
		OBJ_117 /* StrideCopy.swift */ = {isa = PBXFileReference; lastKnownFileType = sourcecode.swift; path = StrideCopy.swift; sourceTree = "<group>"; };
		OBJ_12 /* stb_image_write.h */ = {isa = PBXFileReference; lastKnownFileType = sourcecode.c.h; path = stb_image_write.h; sourceTree = "<group>"; };
		OBJ_120 /* ArithmeticPerformanceTests.swift */ = {isa = PBXFileReference; lastKnownFileType = sourcecode.swift; path = ArithmeticPerformanceTests.swift; sourceTree = "<group>"; };
		OBJ_121 /* BasicPerformanceTests.swift */ = {isa = PBXFileReference; lastKnownFileType = sourcecode.swift; path = BasicPerformanceTests.swift; sourceTree = "<group>"; };
		OBJ_122 /* BayerPerformanceTests.swift */ = {isa = PBXFileReference; lastKnownFileType = sourcecode.swift; path = BayerPerformanceTests.swift; sourceTree = "<group>"; };
		OBJ_123 /* BlendPerformanceTests.swift */ = {isa = PBXFileReference; lastKnownFileType = sourcecode.swift; path = BlendPerformanceTests.swift; sourceTree = "<group>"; };
		OBJ_124 /* ClipPerformanceTests.swift */ = {isa = PBXFileReference; lastKnownFileType = sourcecode.swift; path = ClipPerformanceTests.swift; sourceTree = "<group>"; };
		OBJ_125 /* ConversionPerformanceTests.swift */ = {isa = PBXFileReference; lastKnownFileType = sourcecode.swift; path = ConversionPerformanceTests.swift; sourceTree = "<group>"; };
		OBJ_126 /* CorrelationPerformanceTests.swift */ = {isa = PBXFileReference; lastKnownFileType = sourcecode.swift; path = CorrelationPerformanceTests.swift; sourceTree = "<group>"; };
		OBJ_127 /* DataTypeConversionPerformanceTests.swift */ = {isa = PBXFileReference; lastKnownFileType = sourcecode.swift; path = DataTypeConversionPerformanceTests.swift; sourceTree = "<group>"; };
		OBJ_128 /* DrawPerformanceTests.swift */ = {isa = PBXFileReference; lastKnownFileType = sourcecode.swift; path = DrawPerformanceTests.swift; sourceTree = "<group>"; };
		OBJ_129 /* FilterPerformanceTests.swift */ = {isa = PBXFileReference; lastKnownFileType = sourcecode.swift; path = FilterPerformanceTests.swift; sourceTree = "<group>"; };
		OBJ_13 /* stb_image.h */ = {isa = PBXFileReference; lastKnownFileType = sourcecode.c.h; path = stb_image.h; sourceTree = "<group>"; };
		OBJ_130 /* PerformanceTests.swift */ = {isa = PBXFileReference; lastKnownFileType = sourcecode.swift; path = PerformanceTests.swift; sourceTree = "<group>"; };
		OBJ_131 /* ResizePerformanceTests.swift */ = {isa = PBXFileReference; lastKnownFileType = sourcecode.swift; path = ResizePerformanceTests.swift; sourceTree = "<group>"; };
		OBJ_132 /* RoundingPerformanceTests.swift */ = {isa = PBXFileReference; lastKnownFileType = sourcecode.swift; path = RoundingPerformanceTests.swift; sourceTree = "<group>"; };
		OBJ_133 /* SubscriptPerformanceTests.swift */ = {isa = PBXFileReference; lastKnownFileType = sourcecode.swift; path = SubscriptPerformanceTests.swift; sourceTree = "<group>"; };
		OBJ_136 /* BayerTests.swift */ = {isa = PBXFileReference; lastKnownFileType = sourcecode.swift; path = BayerTests.swift; sourceTree = "<group>"; };
		OBJ_137 /* CorrelationTests.swift */ = {isa = PBXFileReference; lastKnownFileType = sourcecode.swift; path = CorrelationTests.swift; sourceTree = "<group>"; };
		OBJ_138 /* Im2colTests.swift */ = {isa = PBXFileReference; lastKnownFileType = sourcecode.swift; path = Im2colTests.swift; sourceTree = "<group>"; };
		OBJ_139 /* IntegralImageTests.swift */ = {isa = PBXFileReference; lastKnownFileType = sourcecode.swift; path = IntegralImageTests.swift; sourceTree = "<group>"; };
		OBJ_14 /* stb_truetype.h */ = {isa = PBXFileReference; lastKnownFileType = sourcecode.c.h; path = stb_truetype.h; sourceTree = "<group>"; };
		OBJ_141 /* ImageArithmeticTests.swift */ = {isa = PBXFileReference; lastKnownFileType = sourcecode.swift; path = ImageArithmeticTests.swift; sourceTree = "<group>"; };
		OBJ_142 /* MutablePixelRefArithmeticTests.swift */ = {isa = PBXFileReference; lastKnownFileType = sourcecode.swift; path = MutablePixelRefArithmeticTests.swift; sourceTree = "<group>"; };
		OBJ_144 /* BitOperationsTests.swift */ = {isa = PBXFileReference; lastKnownFileType = sourcecode.swift; path = BitOperationsTests.swift; sourceTree = "<group>"; };
		OBJ_146 /* ChannelCompositionTests.swift */ = {isa = PBXFileReference; lastKnownFileType = sourcecode.swift; path = ChannelCompositionTests.swift; sourceTree = "<group>"; };
		OBJ_147 /* ChannelwiseConversionTests.swift */ = {isa = PBXFileReference; lastKnownFileType = sourcecode.swift; path = ChannelwiseConversionTests.swift; sourceTree = "<group>"; };
		OBJ_148 /* DataTypeConversionTests.swift */ = {isa = PBXFileReference; lastKnownFileType = sourcecode.swift; path = DataTypeConversionTests.swift; sourceTree = "<group>"; };
		OBJ_149 /* PixelTypeConversionTests.swift */ = {isa = PBXFileReference; lastKnownFileType = sourcecode.swift; path = PixelTypeConversionTests.swift; sourceTree = "<group>"; };
		OBJ_15 /* CStbImage.h */ = {isa = PBXFileReference; lastKnownFileType = sourcecode.c.h; path = CStbImage.h; sourceTree = "<group>"; };
		OBJ_150 /* PixelwiseConversionTests.swift */ = {isa = PBXFileReference; lastKnownFileType = sourcecode.swift; path = PixelwiseConversionTests.swift; sourceTree = "<group>"; };
		OBJ_152 /* ImageTests.swift */ = {isa = PBXFileReference; lastKnownFileType = sourcecode.swift; path = ImageTests.swift; sourceTree = "<group>"; };
		OBJ_153 /* LikeInitializerTests.swift */ = {isa = PBXFileReference; lastKnownFileType = sourcecode.swift; path = LikeInitializerTests.swift; sourceTree = "<group>"; };
		OBJ_155 /* ConvolutionTests.swift */ = {isa = PBXFileReference; lastKnownFileType = sourcecode.swift; path = ConvolutionTests.swift; sourceTree = "<group>"; };
		OBJ_156 /* FilterTests.swift */ = {isa = PBXFileReference; lastKnownFileType = sourcecode.swift; path = FilterTests.swift; sourceTree = "<group>"; };
		OBJ_158 /* ImageIOTests.swift */ = {isa = PBXFileReference; lastKnownFileType = sourcecode.swift; path = ImageIOTests.swift; sourceTree = "<group>"; };
		OBJ_160 /* BicubicInterpolationTests.swift */ = {isa = PBXFileReference; lastKnownFileType = sourcecode.swift; path = BicubicInterpolationTests.swift; sourceTree = "<group>"; };
		OBJ_161 /* BilinearInterpolationTests.swift */ = {isa = PBXFileReference; lastKnownFileType = sourcecode.swift; path = BilinearInterpolationTests.swift; sourceTree = "<group>"; };
		OBJ_162 /* NearestNeighborInterpolatorTests.swift */ = {isa = PBXFileReference; lastKnownFileType = sourcecode.swift; path = NearestNeighborInterpolatorTests.swift; sourceTree = "<group>"; };
		OBJ_164 /* AbsTests.swift */ = {isa = PBXFileReference; lastKnownFileType = sourcecode.swift; path = AbsTests.swift; sourceTree = "<group>"; };
		OBJ_165 /* ClipTests.swift */ = {isa = PBXFileReference; lastKnownFileType = sourcecode.swift; path = ClipTests.swift; sourceTree = "<group>"; };
		OBJ_166 /* PowerTests.swift */ = {isa = PBXFileReference; lastKnownFileType = sourcecode.swift; path = PowerTests.swift; sourceTree = "<group>"; };
		OBJ_167 /* RoundingTests.swift */ = {isa = PBXFileReference; lastKnownFileType = sourcecode.swift; path = RoundingTests.swift; sourceTree = "<group>"; };
		OBJ_169 /* AppKitTests.swift */ = {isa = PBXFileReference; lastKnownFileType = sourcecode.swift; path = AppKitTests.swift; sourceTree = "<group>"; };
		OBJ_170 /* UIKitTests.swift */ = {isa = PBXFileReference; lastKnownFileType = sourcecode.swift; path = UIKitTests.swift; sourceTree = "<group>"; };
		OBJ_171 /* vImageUtilsTests.swift */ = {isa = PBXFileReference; lastKnownFileType = sourcecode.swift; path = vImageUtilsTests.swift; sourceTree = "<group>"; };
		OBJ_173 /* ChannelSubscriptTests.swift */ = {isa = PBXFileReference; lastKnownFileType = sourcecode.swift; path = ChannelSubscriptTests.swift; sourceTree = "<group>"; };
		OBJ_174 /* PixelSubscriptTests.swift */ = {isa = PBXFileReference; lastKnownFileType = sourcecode.swift; path = PixelSubscriptTests.swift; sourceTree = "<group>"; };
		OBJ_175 /* SubimageSubscriptTests.swift */ = {isa = PBXFileReference; lastKnownFileType = sourcecode.swift; path = SubimageSubscriptTests.swift; sourceTree = "<group>"; };
		OBJ_177 /* AffineTransformationTests.swift */ = {isa = PBXFileReference; lastKnownFileType = sourcecode.swift; path = AffineTransformationTests.swift; sourceTree = "<group>"; };
		OBJ_178 /* ConcatenateTests.swift */ = {isa = PBXFileReference; lastKnownFileType = sourcecode.swift; path = ConcatenateTests.swift; sourceTree = "<group>"; };
		OBJ_179 /* HomogeneousTransformationMatrixTests.swift */ = {isa = PBXFileReference; lastKnownFileType = sourcecode.swift; path = HomogeneousTransformationMatrixTests.swift; sourceTree = "<group>"; };
		OBJ_18 /* Bayer.swift */ = {isa = PBXFileReference; lastKnownFileType = sourcecode.swift; path = Bayer.swift; sourceTree = "<group>"; };
		OBJ_180 /* PaddingTests.swift */ = {isa = PBXFileReference; lastKnownFileType = sourcecode.swift; path = PaddingTests.swift; sourceTree = "<group>"; };
		OBJ_181 /* ResizeTests.swift */ = {isa = PBXFileReference; lastKnownFileType = sourcecode.swift; path = ResizeTests.swift; sourceTree = "<group>"; };
		OBJ_182 /* TransformationTests.swift */ = {isa = PBXFileReference; lastKnownFileType = sourcecode.swift; path = TransformationTests.swift; sourceTree = "<group>"; };
		OBJ_183 /* TransposeTests.swift */ = {isa = PBXFileReference; lastKnownFileType = sourcecode.swift; path = TransposeTests.swift; sourceTree = "<group>"; };
		OBJ_185 /* Random.swift */ = {isa = PBXFileReference; lastKnownFileType = sourcecode.swift; path = Random.swift; sourceTree = "<group>"; };
		OBJ_186 /* Utils.swift */ = {isa = PBXFileReference; lastKnownFileType = sourcecode.swift; path = Utils.swift; sourceTree = "<group>"; };
		OBJ_187 /* XCTAssertEqualWithAccuracy.swift */ = {isa = PBXFileReference; lastKnownFileType = sourcecode.swift; path = XCTAssertEqualWithAccuracy.swift; sourceTree = "<group>"; };
		OBJ_189 /* ClampTests.swift */ = {isa = PBXFileReference; lastKnownFileType = sourcecode.swift; path = ClampTests.swift; sourceTree = "<group>"; };
		OBJ_19 /* Correlation.swift */ = {isa = PBXFileReference; lastKnownFileType = sourcecode.swift; path = Correlation.swift; sourceTree = "<group>"; };
		OBJ_191 /* ApplicationVisualTests.swift */ = {isa = PBXFileReference; lastKnownFileType = sourcecode.swift; path = ApplicationVisualTests.swift; sourceTree = "<group>"; };
		OBJ_192 /* BayerVisualTests.swift */ = {isa = PBXFileReference; lastKnownFileType = sourcecode.swift; path = BayerVisualTests.swift; sourceTree = "<group>"; };
		OBJ_193 /* BlendVisualTests.swift */ = {isa = PBXFileReference; lastKnownFileType = sourcecode.swift; path = BlendVisualTests.swift; sourceTree = "<group>"; };
		OBJ_194 /* DrawVisualTests.swift */ = {isa = PBXFileReference; lastKnownFileType = sourcecode.swift; path = DrawVisualTests.swift; sourceTree = "<group>"; };
		OBJ_195 /* FilterVisualTests.swift */ = {isa = PBXFileReference; lastKnownFileType = sourcecode.swift; path = FilterVisualTests.swift; sourceTree = "<group>"; };
		OBJ_196 /* FourierTransformerVisualTests.swift */ = {isa = PBXFileReference; lastKnownFileType = sourcecode.swift; path = FourierTransformerVisualTests.swift; sourceTree = "<group>"; };
		OBJ_197 /* HistogramEqualizerVisualTests.swift */ = {isa = PBXFileReference; lastKnownFileType = sourcecode.swift; path = HistogramEqualizerVisualTests.swift; sourceTree = "<group>"; };
		OBJ_198 /* PaddingVisualTests.swift */ = {isa = PBXFileReference; lastKnownFileType = sourcecode.swift; path = PaddingVisualTests.swift; sourceTree = "<group>"; };
		OBJ_199 /* ResizeVisualTests.swift */ = {isa = PBXFileReference; lastKnownFileType = sourcecode.swift; path = ResizeVisualTests.swift; sourceTree = "<group>"; };
		OBJ_20 /* FourierTransformer.swift */ = {isa = PBXFileReference; lastKnownFileType = sourcecode.swift; path = FourierTransformer.swift; sourceTree = "<group>"; };
		OBJ_200 /* SubimageVisualTests.swift */ = {isa = PBXFileReference; lastKnownFileType = sourcecode.swift; path = SubimageVisualTests.swift; sourceTree = "<group>"; };
		OBJ_201 /* TransformationVisualTests.swift */ = {isa = PBXFileReference; lastKnownFileType = sourcecode.swift; path = TransformationVisualTests.swift; sourceTree = "<group>"; };
		OBJ_202 /* Utils.swift */ = {isa = PBXFileReference; lastKnownFileType = sourcecode.swift; path = Utils.swift; sourceTree = "<group>"; };
		OBJ_203 /* WarpVisualTests.swift */ = {isa = PBXFileReference; lastKnownFileType = sourcecode.swift; path = WarpVisualTests.swift; sourceTree = "<group>"; };
		OBJ_21 /* HistogramEqualizer.swift */ = {isa = PBXFileReference; lastKnownFileType = sourcecode.swift; path = HistogramEqualizer.swift; sourceTree = "<group>"; };
		OBJ_210 /* TestResources */ = {isa = PBXFileReference; lastKnownFileType = folder; path = TestResources; sourceTree = SOURCE_ROOT; };
		OBJ_211 /* LICENSE */ = {isa = PBXFileReference; lastKnownFileType = text; path = LICENSE; sourceTree = "<group>"; };
		OBJ_212 /* readme.md */ = {isa = PBXFileReference; lastKnownFileType = net.daringfireball.markdown; path = readme.md; sourceTree = "<group>"; };
		OBJ_22 /* Im2col.swift */ = {isa = PBXFileReference; lastKnownFileType = sourcecode.swift; path = Im2col.swift; sourceTree = "<group>"; };
		OBJ_23 /* IntegralImage.swift */ = {isa = PBXFileReference; lastKnownFileType = sourcecode.swift; path = IntegralImage.swift; sourceTree = "<group>"; };
		OBJ_25 /* ImageBinaryOperators.swift */ = {isa = PBXFileReference; lastKnownFileType = sourcecode.swift; path = ImageBinaryOperators.swift; sourceTree = "<group>"; };
		OBJ_26 /* ImageBinaryScalarOperator.swift */ = {isa = PBXFileReference; lastKnownFileType = sourcecode.swift; path = ImageBinaryScalarOperator.swift; sourceTree = "<group>"; };
		OBJ_27 /* ImageCompoundAssignmentOperator.swift */ = {isa = PBXFileReference; lastKnownFileType = sourcecode.swift; path = ImageCompoundAssignmentOperator.swift; sourceTree = "<group>"; };
		OBJ_28 /* ImageUnaryOperators.swift */ = {isa = PBXFileReference; lastKnownFileType = sourcecode.swift; path = ImageUnaryOperators.swift; sourceTree = "<group>"; };
		OBJ_29 /* PixelBinaryScalarOperator.swift */ = {isa = PBXFileReference; lastKnownFileType = sourcecode.swift; path = PixelBinaryScalarOperator.swift; sourceTree = "<group>"; };
		OBJ_30 /* PixelCompoundAssignmentOperator.swift */ = {isa = PBXFileReference; lastKnownFileType = sourcecode.swift; path = PixelCompoundAssignmentOperator.swift; sourceTree = "<group>"; };
		OBJ_31 /* PixelRefCompoundAssignmentOperator.swift */ = {isa = PBXFileReference; lastKnownFileType = sourcecode.swift; path = PixelRefCompoundAssignmentOperator.swift; sourceTree = "<group>"; };
		OBJ_32 /* PixelRefScalarCompoundAssignmentOperator.swift */ = {isa = PBXFileReference; lastKnownFileType = sourcecode.swift; path = PixelRefScalarCompoundAssignmentOperator.swift; sourceTree = "<group>"; };
		OBJ_33 /* PixelUnaryOperator.swift */ = {isa = PBXFileReference; lastKnownFileType = sourcecode.swift; path = PixelUnaryOperator.swift; sourceTree = "<group>"; };
		OBJ_34 /* ScalarCompoundAssignmentOperator.swift */ = {isa = PBXFileReference; lastKnownFileType = sourcecode.swift; path = ScalarCompoundAssignmentOperator.swift; sourceTree = "<group>"; };
		OBJ_36 /* Blender.swift */ = {isa = PBXFileReference; lastKnownFileType = sourcecode.swift; path = Blender.swift; sourceTree = "<group>"; };
		OBJ_38 /* BitOperations.swift */ = {isa = PBXFileReference; lastKnownFileType = sourcecode.swift; path = BitOperations.swift; sourceTree = "<group>"; };
		OBJ_40 /* ChannelComposition.swift */ = {isa = PBXFileReference; lastKnownFileType = sourcecode.swift; path = ChannelComposition.swift; sourceTree = "<group>"; };
		OBJ_41 /* ChannelwiseConversion.swift */ = {isa = PBXFileReference; lastKnownFileType = sourcecode.swift; path = ChannelwiseConversion.swift; sourceTree = "<group>"; };
		OBJ_42 /* DataTypeConversion.swift */ = {isa = PBXFileReference; lastKnownFileType = sourcecode.swift; path = DataTypeConversion.swift; sourceTree = "<group>"; };
		OBJ_43 /* PixelTypeConversion.swift */ = {isa = PBXFileReference; lastKnownFileType = sourcecode.swift; path = PixelTypeConversion.swift; sourceTree = "<group>"; };
		OBJ_44 /* PixelwiseConversion.swift */ = {isa = PBXFileReference; lastKnownFileType = sourcecode.swift; path = PixelwiseConversion.swift; sourceTree = "<group>"; };
		OBJ_46 /* DataContainer.swift */ = {isa = PBXFileReference; lastKnownFileType = sourcecode.swift; path = DataContainer.swift; sourceTree = "<group>"; };
		OBJ_47 /* DataType.swift */ = {isa = PBXFileReference; lastKnownFileType = sourcecode.swift; path = DataType.swift; sourceTree = "<group>"; };
		OBJ_49 /* Image.swift */ = {isa = PBXFileReference; lastKnownFileType = sourcecode.swift; path = Image.swift; sourceTree = "<group>"; };
		OBJ_50 /* ImageInitializers.swift */ = {isa = PBXFileReference; lastKnownFileType = sourcecode.swift; path = ImageInitializers.swift; sourceTree = "<group>"; };
		OBJ_51 /* LikeInitializer.swift */ = {isa = PBXFileReference; lastKnownFileType = sourcecode.swift; path = LikeInitializer.swift; sourceTree = "<group>"; };
		OBJ_53 /* Pixel.swift */ = {isa = PBXFileReference; lastKnownFileType = sourcecode.swift; path = Pixel.swift; sourceTree = "<group>"; };
		OBJ_54 /* PixelProtocol.swift */ = {isa = PBXFileReference; lastKnownFileType = sourcecode.swift; path = PixelProtocol.swift; sourceTree = "<group>"; };
		OBJ_55 /* PixelRef.swift */ = {isa = PBXFileReference; lastKnownFileType = sourcecode.swift; path = PixelRef.swift; sourceTree = "<group>"; };
		OBJ_56 /* PixelType.swift */ = {isa = PBXFileReference; lastKnownFileType = sourcecode.swift; path = PixelType.swift; sourceTree = "<group>"; };
		OBJ_58 /* DrawCircle.swift */ = {isa = PBXFileReference; lastKnownFileType = sourcecode.swift; path = DrawCircle.swift; sourceTree = "<group>"; };
		OBJ_59 /* DrawImage.swift */ = {isa = PBXFileReference; lastKnownFileType = sourcecode.swift; path = DrawImage.swift; sourceTree = "<group>"; };
		OBJ_6 /* Package.swift */ = {isa = PBXFileReference; explicitFileType = sourcecode.swift; path = Package.swift; sourceTree = "<group>"; };
		OBJ_60 /* DrawLine.swift */ = {isa = PBXFileReference; lastKnownFileType = sourcecode.swift; path = DrawLine.swift; sourceTree = "<group>"; };
		OBJ_61 /* DrawPixel.swift */ = {isa = PBXFileReference; lastKnownFileType = sourcecode.swift; path = DrawPixel.swift; sourceTree = "<group>"; };
		OBJ_62 /* DrawPolygon.swift */ = {isa = PBXFileReference; lastKnownFileType = sourcecode.swift; path = DrawPolygon.swift; sourceTree = "<group>"; };
		OBJ_63 /* DrawRect.swift */ = {isa = PBXFileReference; lastKnownFileType = sourcecode.swift; path = DrawRect.swift; sourceTree = "<group>"; };
		OBJ_64 /* DrawText.swift */ = {isa = PBXFileReference; lastKnownFileType = sourcecode.swift; path = DrawText.swift; sourceTree = "<group>"; };
		OBJ_66 /* BilateralFilter.swift */ = {isa = PBXFileReference; lastKnownFileType = sourcecode.swift; path = BilateralFilter.swift; sourceTree = "<group>"; };
		OBJ_67 /* Convolution.swift */ = {isa = PBXFileReference; lastKnownFileType = sourcecode.swift; path = Convolution.swift; sourceTree = "<group>"; };
		OBJ_68 /* RankFilter.swift */ = {isa = PBXFileReference; lastKnownFileType = sourcecode.swift; path = RankFilter.swift; sourceTree = "<group>"; };
		OBJ_70 /* ImageFileFormat.swift */ = {isa = PBXFileReference; lastKnownFileType = sourcecode.swift; path = ImageFileFormat.swift; sourceTree = "<group>"; };
		OBJ_71 /* ReadImage.swift */ = {isa = PBXFileReference; lastKnownFileType = sourcecode.swift; path = ReadImage.swift; sourceTree = "<group>"; };
		OBJ_72 /* WriteImage.swift */ = {isa = PBXFileReference; lastKnownFileType = sourcecode.swift; path = WriteImage.swift; sourceTree = "<group>"; };
		OBJ_74 /* BicubicInterpolator.swift */ = {isa = PBXFileReference; lastKnownFileType = sourcecode.swift; path = BicubicInterpolator.swift; sourceTree = "<group>"; };
		OBJ_75 /* BilinearInterpolator.swift */ = {isa = PBXFileReference; lastKnownFileType = sourcecode.swift; path = BilinearInterpolator.swift; sourceTree = "<group>"; };
		OBJ_76 /* Interpolator.swift */ = {isa = PBXFileReference; lastKnownFileType = sourcecode.swift; path = Interpolator.swift; sourceTree = "<group>"; };
		OBJ_77 /* Interpolator4x4.swift */ = {isa = PBXFileReference; lastKnownFileType = sourcecode.swift; path = Interpolator4x4.swift; sourceTree = "<group>"; };
		OBJ_78 /* LanczosInterpolator.swift */ = {isa = PBXFileReference; lastKnownFileType = sourcecode.swift; path = LanczosInterpolator.swift; sourceTree = "<group>"; };
		OBJ_79 /* NearestNeighborInterpolator.swift */ = {isa = PBXFileReference; lastKnownFileType = sourcecode.swift; path = NearestNeighborInterpolator.swift; sourceTree = "<group>"; };
		OBJ_81 /* Abs.swift */ = {isa = PBXFileReference; lastKnownFileType = sourcecode.swift; path = Abs.swift; sourceTree = "<group>"; };
		OBJ_82 /* Clip.swift */ = {isa = PBXFileReference; lastKnownFileType = sourcecode.swift; path = Clip.swift; sourceTree = "<group>"; };
		OBJ_83 /* IteratePixels.swift */ = {isa = PBXFileReference; lastKnownFileType = sourcecode.swift; path = IteratePixels.swift; sourceTree = "<group>"; };
		OBJ_84 /* Power.swift */ = {isa = PBXFileReference; lastKnownFileType = sourcecode.swift; path = Power.swift; sourceTree = "<group>"; };
		OBJ_85 /* Rounding.swift */ = {isa = PBXFileReference; lastKnownFileType = sourcecode.swift; path = Rounding.swift; sourceTree = "<group>"; };
		OBJ_87 /* AppKit.swift */ = {isa = PBXFileReference; lastKnownFileType = sourcecode.swift; path = AppKit.swift; sourceTree = "<group>"; };
		OBJ_88 /* CoreGraphics.swift */ = {isa = PBXFileReference; lastKnownFileType = sourcecode.swift; path = CoreGraphics.swift; sourceTree = "<group>"; };
		OBJ_89 /* UIKit.swift */ = {isa = PBXFileReference; lastKnownFileType = sourcecode.swift; path = UIKit.swift; sourceTree = "<group>"; };
		OBJ_9 /* image_io.c */ = {isa = PBXFileReference; lastKnownFileType = sourcecode.c.c; path = image_io.c; sourceTree = "<group>"; };
		OBJ_91 /* vImageAlphaBlend.swift */ = {isa = PBXFileReference; lastKnownFileType = sourcecode.swift; path = vImageAlphaBlend.swift; sourceTree = "<group>"; };
		OBJ_92 /* vImageBuffer.swift */ = {isa = PBXFileReference; lastKnownFileType = sourcecode.swift; path = vImageBuffer.swift; sourceTree = "<group>"; };
		OBJ_93 /* vImageMorphology.swift */ = {isa = PBXFileReference; lastKnownFileType = sourcecode.swift; path = vImageMorphology.swift; sourceTree = "<group>"; };
		OBJ_94 /* vImageUtils.swift */ = {isa = PBXFileReference; lastKnownFileType = sourcecode.swift; path = vImageUtils.swift; sourceTree = "<group>"; };
		OBJ_96 /* ChannelSubscript.swift */ = {isa = PBXFileReference; lastKnownFileType = sourcecode.swift; path = ChannelSubscript.swift; sourceTree = "<group>"; };
		OBJ_97 /* PixelSubscript.swift */ = {isa = PBXFileReference; lastKnownFileType = sourcecode.swift; path = PixelSubscript.swift; sourceTree = "<group>"; };
		OBJ_98 /* SubimageSubscript.swift */ = {isa = PBXFileReference; lastKnownFileType = sourcecode.swift; path = SubimageSubscript.swift; sourceTree = "<group>"; };
		"Swim::CStbImage::Product" /* CStbImage.framework */ = {isa = PBXFileReference; explicitFileType = wrapper.framework; path = CStbImage.framework; sourceTree = BUILT_PRODUCTS_DIR; };
		"Swim::PerformanceTests::Product" /* PerformanceTests.xctest */ = {isa = PBXFileReference; explicitFileType = wrapper.cfbundle; path = PerformanceTests.xctest; sourceTree = BUILT_PRODUCTS_DIR; };
		"Swim::Swim::Product" /* Swim.framework */ = {isa = PBXFileReference; lastKnownFileType = wrapper.framework; path = Swim.framework; sourceTree = BUILT_PRODUCTS_DIR; };
		"Swim::SwimTests::Product" /* SwimTests.xctest */ = {isa = PBXFileReference; explicitFileType = wrapper.cfbundle; path = SwimTests.xctest; sourceTree = BUILT_PRODUCTS_DIR; };
		"Swim::VisualTests::Product" /* VisualTests.xctest */ = {isa = PBXFileReference; explicitFileType = wrapper.cfbundle; path = VisualTests.xctest; sourceTree = BUILT_PRODUCTS_DIR; };
/* End PBXFileReference section */

/* Begin PBXFrameworksBuildPhase section */
		OBJ_225 /* Frameworks */ = {
			isa = PBXFrameworksBuildPhase;
			buildActionMask = 0;
			files = (
			);
			runOnlyForDeploymentPostprocessing = 0;
		};
		OBJ_245 /* Frameworks */ = {
			isa = PBXFrameworksBuildPhase;
			buildActionMask = 0;
			files = (
				OBJ_246 /* Swim.framework in Frameworks */,
				OBJ_247 /* CStbImage.framework in Frameworks */,
			);
			runOnlyForDeploymentPostprocessing = 0;
		};
		OBJ_337 /* Frameworks */ = {
			isa = PBXFrameworksBuildPhase;
			buildActionMask = 0;
			files = (
				OBJ_338 /* CStbImage.framework in Frameworks */,
			);
			runOnlyForDeploymentPostprocessing = 0;
		};
		OBJ_400 /* Frameworks */ = {
			isa = PBXFrameworksBuildPhase;
			buildActionMask = 0;
			files = (
				OBJ_401 /* Swim.framework in Frameworks */,
				OBJ_402 /* CStbImage.framework in Frameworks */,
			);
			runOnlyForDeploymentPostprocessing = 0;
		};
		OBJ_422 /* Frameworks */ = {
			isa = PBXFrameworksBuildPhase;
			buildActionMask = 0;
			files = (
				OBJ_423 /* Swim.framework in Frameworks */,
				OBJ_424 /* CStbImage.framework in Frameworks */,
			);
			runOnlyForDeploymentPostprocessing = 0;
		};
/* End PBXFrameworksBuildPhase section */

/* Begin PBXGroup section */
		OBJ_103 /* Matrix */ = {
			isa = PBXGroup;
			children = (
				OBJ_104 /* AffineTransformation.swift */,
				OBJ_105 /* HomogeneousTransformationMatrix.swift */,
				OBJ_106 /* ProjectiveTransformation.swift */,
			);
			path = Matrix;
			sourceTree = "<group>";
		};
		OBJ_11 /* include */ = {
			isa = PBXGroup;
			children = (
				OBJ_12 /* stb_image_write.h */,
				OBJ_13 /* stb_image.h */,
				OBJ_14 /* stb_truetype.h */,
				OBJ_15 /* CStbImage.h */,
			);
			path = include;
			sourceTree = "<group>";
		};
		OBJ_112 /* Utility */ = {
			isa = PBXGroup;
			children = (
				OBJ_113 /* ArrayExt.swift */,
				OBJ_114 /* Clamp.swift */,
				OBJ_115 /* Interleave.swift */,
				OBJ_116 /* Rect.swift */,
				OBJ_117 /* StrideCopy.swift */,
			);
			path = Utility;
			sourceTree = "<group>";
		};
		OBJ_118 /* Tests */ = {
			isa = PBXGroup;
			children = (
				OBJ_119 /* PerformanceTests */,
				OBJ_134 /* SwimTests */,
				OBJ_190 /* VisualTests */,
			);
			name = Tests;
			sourceTree = SOURCE_ROOT;
		};
		OBJ_119 /* PerformanceTests */ = {
			isa = PBXGroup;
			children = (
				OBJ_120 /* ArithmeticPerformanceTests.swift */,
				OBJ_121 /* BasicPerformanceTests.swift */,
				OBJ_122 /* BayerPerformanceTests.swift */,
				OBJ_123 /* BlendPerformanceTests.swift */,
				OBJ_124 /* ClipPerformanceTests.swift */,
				OBJ_125 /* ConversionPerformanceTests.swift */,
				OBJ_126 /* CorrelationPerformanceTests.swift */,
				OBJ_127 /* DataTypeConversionPerformanceTests.swift */,
				OBJ_128 /* DrawPerformanceTests.swift */,
				OBJ_129 /* FilterPerformanceTests.swift */,
				OBJ_130 /* PerformanceTests.swift */,
				OBJ_131 /* ResizePerformanceTests.swift */,
				OBJ_132 /* RoundingPerformanceTests.swift */,
				OBJ_133 /* SubscriptPerformanceTests.swift */,
			);
			name = PerformanceTests;
			path = Tests/PerformanceTests;
			sourceTree = SOURCE_ROOT;
		};
		OBJ_134 /* SwimTests */ = {
			isa = PBXGroup;
			children = (
				OBJ_135 /* AdvanceTests */,
				OBJ_140 /* ArithmeticTests */,
				OBJ_143 /* BooleanTests */,
				OBJ_145 /* ConversionTests */,
				OBJ_151 /* CoreTests */,
				OBJ_154 /* FilterTests */,
				OBJ_157 /* IOTests */,
				OBJ_159 /* InterpolationTests */,
				OBJ_163 /* ManipulationTests */,
				OBJ_168 /* PlatformTests */,
				OBJ_172 /* SubscriptTests */,
				OBJ_176 /* TransformationTests */,
				OBJ_184 /* Utility */,
				OBJ_188 /* UtilityTests */,
			);
			name = SwimTests;
			path = Tests/SwimTests;
			sourceTree = SOURCE_ROOT;
		};
		OBJ_135 /* AdvanceTests */ = {
			isa = PBXGroup;
			children = (
				OBJ_136 /* BayerTests.swift */,
				OBJ_137 /* CorrelationTests.swift */,
				OBJ_138 /* Im2colTests.swift */,
				OBJ_139 /* IntegralImageTests.swift */,
			);
			path = AdvanceTests;
			sourceTree = "<group>";
		};
		OBJ_140 /* ArithmeticTests */ = {
			isa = PBXGroup;
			children = (
				OBJ_141 /* ImageArithmeticTests.swift */,
				OBJ_142 /* MutablePixelRefArithmeticTests.swift */,
			);
			path = ArithmeticTests;
			sourceTree = "<group>";
		};
		OBJ_143 /* BooleanTests */ = {
			isa = PBXGroup;
			children = (
				OBJ_144 /* BitOperationsTests.swift */,
			);
			path = BooleanTests;
			sourceTree = "<group>";
		};
		OBJ_145 /* ConversionTests */ = {
			isa = PBXGroup;
			children = (
				OBJ_146 /* ChannelCompositionTests.swift */,
				OBJ_147 /* ChannelwiseConversionTests.swift */,
				OBJ_148 /* DataTypeConversionTests.swift */,
				OBJ_149 /* PixelTypeConversionTests.swift */,
				OBJ_150 /* PixelwiseConversionTests.swift */,
			);
			path = ConversionTests;
			sourceTree = "<group>";
		};
		OBJ_151 /* CoreTests */ = {
			isa = PBXGroup;
			children = (
				OBJ_152 /* ImageTests.swift */,
				OBJ_153 /* LikeInitializerTests.swift */,
			);
			path = CoreTests;
			sourceTree = "<group>";
		};
		OBJ_154 /* FilterTests */ = {
			isa = PBXGroup;
			children = (
				OBJ_155 /* ConvolutionTests.swift */,
				OBJ_156 /* FilterTests.swift */,
			);
			path = FilterTests;
			sourceTree = "<group>";
		};
		OBJ_157 /* IOTests */ = {
			isa = PBXGroup;
			children = (
				OBJ_158 /* ImageIOTests.swift */,
			);
			path = IOTests;
			sourceTree = "<group>";
		};
		OBJ_159 /* InterpolationTests */ = {
			isa = PBXGroup;
			children = (
				OBJ_160 /* BicubicInterpolationTests.swift */,
				OBJ_161 /* BilinearInterpolationTests.swift */,
				OBJ_162 /* NearestNeighborInterpolatorTests.swift */,
			);
			path = InterpolationTests;
			sourceTree = "<group>";
		};
		OBJ_16 /* Swim */ = {
			isa = PBXGroup;
			children = (
				OBJ_17 /* Advance */,
				OBJ_24 /* Arithmetic */,
				OBJ_35 /* Blend */,
				OBJ_37 /* Boolean */,
				OBJ_39 /* Conversion */,
				OBJ_45 /* Core */,
				OBJ_57 /* Draw */,
				OBJ_65 /* Filter */,
				OBJ_69 /* IO */,
				OBJ_73 /* Interpolation */,
				OBJ_80 /* Manipulation */,
				OBJ_86 /* Platform */,
				OBJ_95 /* Subscript */,
				OBJ_99 /* Transformation */,
				OBJ_112 /* Utility */,
			);
			name = Swim;
			path = Sources/Swim;
			sourceTree = SOURCE_ROOT;
		};
		OBJ_163 /* ManipulationTests */ = {
			isa = PBXGroup;
			children = (
				OBJ_164 /* AbsTests.swift */,
				OBJ_165 /* ClipTests.swift */,
				OBJ_166 /* PowerTests.swift */,
				OBJ_167 /* RoundingTests.swift */,
			);
			path = ManipulationTests;
			sourceTree = "<group>";
		};
		OBJ_168 /* PlatformTests */ = {
			isa = PBXGroup;
			children = (
				OBJ_169 /* AppKitTests.swift */,
				OBJ_170 /* UIKitTests.swift */,
				OBJ_171 /* vImageUtilsTests.swift */,
			);
			path = PlatformTests;
			sourceTree = "<group>";
		};
		OBJ_17 /* Advance */ = {
			isa = PBXGroup;
			children = (
				OBJ_18 /* Bayer.swift */,
				OBJ_19 /* Correlation.swift */,
				OBJ_20 /* FourierTransformer.swift */,
				OBJ_21 /* HistogramEqualizer.swift */,
				OBJ_22 /* Im2col.swift */,
				OBJ_23 /* IntegralImage.swift */,
			);
			path = Advance;
			sourceTree = "<group>";
		};
		OBJ_172 /* SubscriptTests */ = {
			isa = PBXGroup;
			children = (
				OBJ_173 /* ChannelSubscriptTests.swift */,
				OBJ_174 /* PixelSubscriptTests.swift */,
				OBJ_175 /* SubimageSubscriptTests.swift */,
			);
			path = SubscriptTests;
			sourceTree = "<group>";
		};
		OBJ_176 /* TransformationTests */ = {
			isa = PBXGroup;
			children = (
				OBJ_177 /* AffineTransformationTests.swift */,
				OBJ_178 /* ConcatenateTests.swift */,
				OBJ_179 /* HomogeneousTransformationMatrixTests.swift */,
				OBJ_180 /* PaddingTests.swift */,
				OBJ_181 /* ResizeTests.swift */,
				OBJ_182 /* TransformationTests.swift */,
				OBJ_183 /* TransposeTests.swift */,
			);
			path = TransformationTests;
			sourceTree = "<group>";
		};
		OBJ_184 /* Utility */ = {
			isa = PBXGroup;
			children = (
				OBJ_185 /* Random.swift */,
				OBJ_186 /* Utils.swift */,
				OBJ_187 /* XCTAssertEqualWithAccuracy.swift */,
			);
			path = Utility;
			sourceTree = "<group>";
		};
		OBJ_188 /* UtilityTests */ = {
			isa = PBXGroup;
			children = (
				OBJ_189 /* ClampTests.swift */,
			);
			path = UtilityTests;
			sourceTree = "<group>";
		};
		OBJ_190 /* VisualTests */ = {
			isa = PBXGroup;
			children = (
				OBJ_191 /* ApplicationVisualTests.swift */,
				OBJ_192 /* BayerVisualTests.swift */,
				OBJ_193 /* BlendVisualTests.swift */,
				OBJ_194 /* DrawVisualTests.swift */,
				OBJ_195 /* FilterVisualTests.swift */,
				OBJ_196 /* FourierTransformerVisualTests.swift */,
				OBJ_197 /* HistogramEqualizerVisualTests.swift */,
				OBJ_198 /* PaddingVisualTests.swift */,
				OBJ_199 /* ResizeVisualTests.swift */,
				OBJ_200 /* SubimageVisualTests.swift */,
				OBJ_201 /* TransformationVisualTests.swift */,
				OBJ_202 /* Utils.swift */,
				OBJ_203 /* WarpVisualTests.swift */,
			);
			name = VisualTests;
			path = Tests/VisualTests;
			sourceTree = SOURCE_ROOT;
		};
		OBJ_204 /* Products */ = {
			isa = PBXGroup;
			children = (
				"Swim::VisualTests::Product" /* VisualTests.xctest */,
				"Swim::SwimTests::Product" /* SwimTests.xctest */,
				"Swim::CStbImage::Product" /* CStbImage.framework */,
				"Swim::PerformanceTests::Product" /* PerformanceTests.xctest */,
				"Swim::Swim::Product" /* Swim.framework */,
			);
			name = Products;
			sourceTree = BUILT_PRODUCTS_DIR;
		};
		OBJ_24 /* Arithmetic */ = {
			isa = PBXGroup;
			children = (
				OBJ_25 /* ImageBinaryOperators.swift */,
				OBJ_26 /* ImageBinaryScalarOperator.swift */,
				OBJ_27 /* ImageCompoundAssignmentOperator.swift */,
				OBJ_28 /* ImageUnaryOperators.swift */,
				OBJ_29 /* PixelBinaryScalarOperator.swift */,
				OBJ_30 /* PixelCompoundAssignmentOperator.swift */,
				OBJ_31 /* PixelRefCompoundAssignmentOperator.swift */,
				OBJ_32 /* PixelRefScalarCompoundAssignmentOperator.swift */,
				OBJ_33 /* PixelUnaryOperator.swift */,
				OBJ_34 /* ScalarCompoundAssignmentOperator.swift */,
			);
			path = Arithmetic;
			sourceTree = "<group>";
		};
		OBJ_35 /* Blend */ = {
			isa = PBXGroup;
			children = (
				OBJ_36 /* Blender.swift */,
			);
			path = Blend;
			sourceTree = "<group>";
		};
		OBJ_37 /* Boolean */ = {
			isa = PBXGroup;
			children = (
				OBJ_38 /* BitOperations.swift */,
			);
			path = Boolean;
			sourceTree = "<group>";
		};
		OBJ_39 /* Conversion */ = {
			isa = PBXGroup;
			children = (
				OBJ_40 /* ChannelComposition.swift */,
				OBJ_41 /* ChannelwiseConversion.swift */,
				OBJ_42 /* DataTypeConversion.swift */,
				OBJ_43 /* PixelTypeConversion.swift */,
				OBJ_44 /* PixelwiseConversion.swift */,
			);
			path = Conversion;
			sourceTree = "<group>";
		};
		OBJ_45 /* Core */ = {
			isa = PBXGroup;
			children = (
				OBJ_46 /* DataContainer.swift */,
				OBJ_47 /* DataType.swift */,
				OBJ_48 /* Image */,
				OBJ_52 /* Pixel */,
				OBJ_56 /* PixelType.swift */,
			);
			path = Core;
			sourceTree = "<group>";
		};
		OBJ_48 /* Image */ = {
			isa = PBXGroup;
			children = (
				OBJ_49 /* Image.swift */,
				OBJ_50 /* ImageInitializers.swift */,
				OBJ_51 /* LikeInitializer.swift */,
			);
			path = Image;
			sourceTree = "<group>";
		};
		OBJ_5 /*  */ = {
			isa = PBXGroup;
			children = (
				OBJ_6 /* Package.swift */,
				OBJ_7 /* Sources */,
				OBJ_118 /* Tests */,
				OBJ_204 /* Products */,
				OBJ_210 /* TestResources */,
				OBJ_211 /* LICENSE */,
				OBJ_212 /* readme.md */,
			);
			name = "";
			sourceTree = "<group>";
		};
		OBJ_52 /* Pixel */ = {
			isa = PBXGroup;
			children = (
				OBJ_53 /* Pixel.swift */,
				OBJ_54 /* PixelProtocol.swift */,
				OBJ_55 /* PixelRef.swift */,
				A7C8CEE1229650BF0064EDFA /* ColorPixel.swift */,
			);
			path = Pixel;
			sourceTree = "<group>";
		};
		OBJ_57 /* Draw */ = {
			isa = PBXGroup;
			children = (
				OBJ_58 /* DrawCircle.swift */,
				OBJ_59 /* DrawImage.swift */,
				OBJ_60 /* DrawLine.swift */,
				OBJ_61 /* DrawPixel.swift */,
				OBJ_62 /* DrawPolygon.swift */,
				OBJ_63 /* DrawRect.swift */,
				OBJ_64 /* DrawText.swift */,
			);
			path = Draw;
			sourceTree = "<group>";
		};
		OBJ_65 /* Filter */ = {
			isa = PBXGroup;
			children = (
				OBJ_66 /* BilateralFilter.swift */,
				OBJ_67 /* Convolution.swift */,
				OBJ_68 /* RankFilter.swift */,
			);
			path = Filter;
			sourceTree = "<group>";
		};
		OBJ_69 /* IO */ = {
			isa = PBXGroup;
			children = (
				OBJ_70 /* ImageFileFormat.swift */,
				OBJ_71 /* ReadImage.swift */,
				OBJ_72 /* WriteImage.swift */,
			);
			path = IO;
			sourceTree = "<group>";
		};
		OBJ_7 /* Sources */ = {
			isa = PBXGroup;
			children = (
				OBJ_8 /* CStbImage */,
				OBJ_16 /* Swim */,
			);
			name = Sources;
			sourceTree = SOURCE_ROOT;
		};
		OBJ_73 /* Interpolation */ = {
			isa = PBXGroup;
			children = (
				OBJ_74 /* BicubicInterpolator.swift */,
				OBJ_75 /* BilinearInterpolator.swift */,
				OBJ_76 /* Interpolator.swift */,
				OBJ_77 /* Interpolator4x4.swift */,
				OBJ_78 /* LanczosInterpolator.swift */,
				OBJ_79 /* NearestNeighborInterpolator.swift */,
			);
			path = Interpolation;
			sourceTree = "<group>";
		};
		OBJ_8 /* CStbImage */ = {
			isa = PBXGroup;
			children = (
				OBJ_9 /* image_io.c */,
				OBJ_10 /* truetype.c */,
				OBJ_11 /* include */,
			);
			name = CStbImage;
			path = Sources/CStbImage;
			sourceTree = SOURCE_ROOT;
		};
		OBJ_80 /* Manipulation */ = {
			isa = PBXGroup;
			children = (
				OBJ_81 /* Abs.swift */,
				OBJ_82 /* Clip.swift */,
				OBJ_83 /* IteratePixels.swift */,
				OBJ_84 /* Power.swift */,
				OBJ_85 /* Rounding.swift */,
			);
			path = Manipulation;
			sourceTree = "<group>";
		};
		OBJ_86 /* Platform */ = {
			isa = PBXGroup;
			children = (
				OBJ_87 /* AppKit.swift */,
				OBJ_88 /* CoreGraphics.swift */,
				OBJ_89 /* UIKit.swift */,
				OBJ_90 /* vImage */,
			);
			path = Platform;
			sourceTree = "<group>";
		};
		OBJ_90 /* vImage */ = {
			isa = PBXGroup;
			children = (
				OBJ_91 /* vImageAlphaBlend.swift */,
				OBJ_92 /* vImageBuffer.swift */,
				OBJ_93 /* vImageMorphology.swift */,
				OBJ_94 /* vImageUtils.swift */,
			);
			path = vImage;
			sourceTree = "<group>";
		};
		OBJ_95 /* Subscript */ = {
			isa = PBXGroup;
			children = (
				OBJ_96 /* ChannelSubscript.swift */,
				OBJ_97 /* PixelSubscript.swift */,
				OBJ_98 /* SubimageSubscript.swift */,
			);
			path = Subscript;
			sourceTree = "<group>";
		};
		OBJ_99 /* Transformation */ = {
			isa = PBXGroup;
			children = (
				OBJ_100 /* Concatenation.swift */,
				OBJ_101 /* EdgeMode.swift */,
				OBJ_102 /* Flip.swift */,
				OBJ_103 /* Matrix */,
				OBJ_107 /* Padding.swift */,
				OBJ_108 /* Resize.swift */,
				OBJ_109 /* Rotate.swift */,
				OBJ_110 /* Transpose.swift */,
				OBJ_111 /* Warp.swift */,
			);
			path = Transformation;
			sourceTree = "<group>";
		};
/* End PBXGroup section */

/* Begin PBXHeadersBuildPhase section */
		OBJ_220 /* Headers */ = {
			isa = PBXHeadersBuildPhase;
			buildActionMask = 0;
			files = (
				OBJ_221 /* stb_image_write.h in Headers */,
				OBJ_222 /* stb_image.h in Headers */,
				OBJ_223 /* stb_truetype.h in Headers */,
				OBJ_224 /* CStbImage.h in Headers */,
			);
			runOnlyForDeploymentPostprocessing = 0;
		};
/* End PBXHeadersBuildPhase section */

/* Begin PBXNativeTarget section */
		"Swim::CStbImage" /* CStbImage */ = {
			isa = PBXNativeTarget;
			buildConfigurationList = OBJ_214 /* Build configuration list for PBXNativeTarget "CStbImage" */;
			buildPhases = (
				OBJ_217 /* Sources */,
				OBJ_220 /* Headers */,
				OBJ_225 /* Frameworks */,
			);
			buildRules = (
			);
			dependencies = (
			);
			name = CStbImage;
			productName = CStbImage;
			productReference = "Swim::CStbImage::Product" /* CStbImage.framework */;
			productType = "com.apple.product-type.framework";
		};
		"Swim::PerformanceTests" /* PerformanceTests */ = {
			isa = PBXNativeTarget;
			buildConfigurationList = OBJ_227 /* Build configuration list for PBXNativeTarget "PerformanceTests" */;
			buildPhases = (
				OBJ_230 /* Sources */,
				OBJ_245 /* Frameworks */,
			);
			buildRules = (
			);
			dependencies = (
				OBJ_248 /* PBXTargetDependency */,
				OBJ_250 /* PBXTargetDependency */,
			);
			name = PerformanceTests;
			productName = PerformanceTests;
			productReference = "Swim::PerformanceTests::Product" /* PerformanceTests.xctest */;
			productType = "com.apple.product-type.bundle.unit-test";
		};
		"Swim::SwiftPMPackageDescription" /* SwimPackageDescription */ = {
			isa = PBXNativeTarget;
			buildConfigurationList = OBJ_341 /* Build configuration list for PBXNativeTarget "SwimPackageDescription" */;
			buildPhases = (
				OBJ_344 /* Sources */,
			);
			buildRules = (
			);
			dependencies = (
			);
			name = SwimPackageDescription;
			productName = SwimPackageDescription;
			productType = "com.apple.product-type.framework";
		};
		"Swim::Swim" /* Swim */ = {
			isa = PBXNativeTarget;
			buildConfigurationList = OBJ_251 /* Build configuration list for PBXNativeTarget "Swim" */;
			buildPhases = (
				OBJ_254 /* Sources */,
				OBJ_337 /* Frameworks */,
			);
			buildRules = (
			);
			dependencies = (
				OBJ_339 /* PBXTargetDependency */,
			);
			name = Swim;
			productName = Swim;
			productReference = "Swim::Swim::Product" /* Swim.framework */;
			productType = "com.apple.product-type.framework";
		};
		"Swim::SwimTests" /* SwimTests */ = {
			isa = PBXNativeTarget;
			buildConfigurationList = OBJ_355 /* Build configuration list for PBXNativeTarget "SwimTests" */;
			buildPhases = (
				OBJ_358 /* Sources */,
				OBJ_400 /* Frameworks */,
			);
			buildRules = (
			);
			dependencies = (
				OBJ_403 /* PBXTargetDependency */,
				OBJ_404 /* PBXTargetDependency */,
			);
			name = SwimTests;
			productName = SwimTests;
			productReference = "Swim::SwimTests::Product" /* SwimTests.xctest */;
			productType = "com.apple.product-type.bundle.unit-test";
		};
		"Swim::VisualTests" /* VisualTests */ = {
			isa = PBXNativeTarget;
			buildConfigurationList = OBJ_405 /* Build configuration list for PBXNativeTarget "VisualTests" */;
			buildPhases = (
				OBJ_408 /* Sources */,
				OBJ_422 /* Frameworks */,
			);
			buildRules = (
			);
			dependencies = (
				OBJ_425 /* PBXTargetDependency */,
				OBJ_426 /* PBXTargetDependency */,
			);
			name = VisualTests;
			productName = VisualTests;
			productReference = "Swim::VisualTests::Product" /* VisualTests.xctest */;
			productType = "com.apple.product-type.bundle.unit-test";
		};
/* End PBXNativeTarget section */

/* Begin PBXProject section */
		OBJ_1 /* Project object */ = {
			isa = PBXProject;
			attributes = {
				LastSwiftMigration = 9999;
				LastUpgradeCheck = 9999;
				TargetAttributes = {
					"Swim::CStbImage" = {
						LastSwiftMigration = 1020;
					};
				};
			};
			buildConfigurationList = OBJ_2 /* Build configuration list for PBXProject "Swim" */;
			compatibilityVersion = "Xcode 3.2";
			developmentRegion = English;
			hasScannedForEncodings = 0;
			knownRegions = (
				English,
				en,
			);
			mainGroup = OBJ_5 /*  */;
			productRefGroup = OBJ_204 /* Products */;
			projectDirPath = "";
			projectRoot = "";
			targets = (
				"Swim::CStbImage" /* CStbImage */,
				"Swim::PerformanceTests" /* PerformanceTests */,
				"Swim::Swim" /* Swim */,
				"Swim::SwiftPMPackageDescription" /* SwimPackageDescription */,
				"Swim::SwimPackageTests::ProductTarget" /* SwimPackageTests */,
				"Swim::SwimTests" /* SwimTests */,
				"Swim::VisualTests" /* VisualTests */,
			);
		};
/* End PBXProject section */

/* Begin PBXSourcesBuildPhase section */
		OBJ_217 /* Sources */ = {
			isa = PBXSourcesBuildPhase;
			buildActionMask = 0;
			files = (
				OBJ_218 /* image_io.c in Sources */,
				OBJ_219 /* truetype.c in Sources */,
			);
			runOnlyForDeploymentPostprocessing = 0;
		};
		OBJ_230 /* Sources */ = {
			isa = PBXSourcesBuildPhase;
			buildActionMask = 0;
			files = (
				OBJ_231 /* ArithmeticPerformanceTests.swift in Sources */,
				OBJ_232 /* BasicPerformanceTests.swift in Sources */,
				OBJ_233 /* BayerPerformanceTests.swift in Sources */,
				OBJ_234 /* BlendPerformanceTests.swift in Sources */,
				OBJ_235 /* ClipPerformanceTests.swift in Sources */,
				OBJ_236 /* ConversionPerformanceTests.swift in Sources */,
				OBJ_237 /* CorrelationPerformanceTests.swift in Sources */,
				OBJ_238 /* DataTypeConversionPerformanceTests.swift in Sources */,
				OBJ_239 /* DrawPerformanceTests.swift in Sources */,
				OBJ_240 /* FilterPerformanceTests.swift in Sources */,
				OBJ_241 /* PerformanceTests.swift in Sources */,
				OBJ_242 /* ResizePerformanceTests.swift in Sources */,
				OBJ_243 /* RoundingPerformanceTests.swift in Sources */,
				OBJ_244 /* SubscriptPerformanceTests.swift in Sources */,
			);
			runOnlyForDeploymentPostprocessing = 0;
		};
		OBJ_254 /* Sources */ = {
			isa = PBXSourcesBuildPhase;
			buildActionMask = 0;
			files = (
				OBJ_255 /* Bayer.swift in Sources */,
				OBJ_256 /* Correlation.swift in Sources */,
				OBJ_257 /* FourierTransformer.swift in Sources */,
				OBJ_258 /* HistogramEqualizer.swift in Sources */,
				OBJ_259 /* Im2col.swift in Sources */,
				OBJ_260 /* IntegralImage.swift in Sources */,
				OBJ_261 /* ImageBinaryOperators.swift in Sources */,
				OBJ_262 /* ImageBinaryScalarOperator.swift in Sources */,
				OBJ_263 /* ImageCompoundAssignmentOperator.swift in Sources */,
				OBJ_264 /* ImageUnaryOperators.swift in Sources */,
				OBJ_265 /* PixelBinaryScalarOperator.swift in Sources */,
				OBJ_266 /* PixelCompoundAssignmentOperator.swift in Sources */,
				OBJ_267 /* PixelRefCompoundAssignmentOperator.swift in Sources */,
				OBJ_268 /* PixelRefScalarCompoundAssignmentOperator.swift in Sources */,
				OBJ_269 /* PixelUnaryOperator.swift in Sources */,
				OBJ_270 /* ScalarCompoundAssignmentOperator.swift in Sources */,
				OBJ_271 /* Blender.swift in Sources */,
				OBJ_272 /* BitOperations.swift in Sources */,
				OBJ_273 /* ChannelComposition.swift in Sources */,
				OBJ_274 /* ChannelwiseConversion.swift in Sources */,
				OBJ_275 /* DataTypeConversion.swift in Sources */,
				A7C8CEE3229650C20064EDFA /* ColorPixel.swift in Sources */,
				OBJ_276 /* PixelTypeConversion.swift in Sources */,
				OBJ_277 /* PixelwiseConversion.swift in Sources */,
				OBJ_278 /* DataContainer.swift in Sources */,
				OBJ_279 /* DataType.swift in Sources */,
				OBJ_280 /* Image.swift in Sources */,
				OBJ_281 /* ImageInitializers.swift in Sources */,
				OBJ_282 /* LikeInitializer.swift in Sources */,
				OBJ_283 /* Pixel.swift in Sources */,
				OBJ_284 /* PixelProtocol.swift in Sources */,
				OBJ_285 /* PixelRef.swift in Sources */,
				OBJ_286 /* PixelType.swift in Sources */,
				OBJ_287 /* DrawCircle.swift in Sources */,
				OBJ_288 /* DrawImage.swift in Sources */,
				OBJ_289 /* DrawLine.swift in Sources */,
				OBJ_290 /* DrawPixel.swift in Sources */,
				OBJ_291 /* DrawPolygon.swift in Sources */,
				OBJ_292 /* DrawRect.swift in Sources */,
				OBJ_293 /* DrawText.swift in Sources */,
				OBJ_294 /* BilateralFilter.swift in Sources */,
				OBJ_295 /* Convolution.swift in Sources */,
				OBJ_296 /* RankFilter.swift in Sources */,
				OBJ_297 /* ImageFileFormat.swift in Sources */,
				OBJ_298 /* ReadImage.swift in Sources */,
				OBJ_299 /* WriteImage.swift in Sources */,
				OBJ_300 /* BicubicInterpolator.swift in Sources */,
				OBJ_301 /* BilinearInterpolator.swift in Sources */,
				OBJ_302 /* Interpolator.swift in Sources */,
				OBJ_303 /* Interpolator4x4.swift in Sources */,
				OBJ_304 /* LanczosInterpolator.swift in Sources */,
				OBJ_305 /* NearestNeighborInterpolator.swift in Sources */,
				OBJ_306 /* Abs.swift in Sources */,
				OBJ_307 /* Clip.swift in Sources */,
				OBJ_308 /* IteratePixels.swift in Sources */,
				OBJ_309 /* Power.swift in Sources */,
				OBJ_310 /* Rounding.swift in Sources */,
				OBJ_311 /* AppKit.swift in Sources */,
				OBJ_312 /* CoreGraphics.swift in Sources */,
				OBJ_313 /* UIKit.swift in Sources */,
				OBJ_314 /* vImageAlphaBlend.swift in Sources */,
				OBJ_315 /* vImageBuffer.swift in Sources */,
				OBJ_316 /* vImageMorphology.swift in Sources */,
				OBJ_317 /* vImageUtils.swift in Sources */,
				OBJ_318 /* ChannelSubscript.swift in Sources */,
				OBJ_319 /* PixelSubscript.swift in Sources */,
				OBJ_320 /* SubimageSubscript.swift in Sources */,
				OBJ_321 /* Concatenation.swift in Sources */,
				OBJ_322 /* EdgeMode.swift in Sources */,
				OBJ_323 /* Flip.swift in Sources */,
				OBJ_324 /* AffineTransformation.swift in Sources */,
				OBJ_325 /* HomogeneousTransformationMatrix.swift in Sources */,
				OBJ_326 /* ProjectiveTransformation.swift in Sources */,
				OBJ_327 /* Padding.swift in Sources */,
				OBJ_328 /* Resize.swift in Sources */,
				OBJ_329 /* Rotate.swift in Sources */,
				OBJ_330 /* Transpose.swift in Sources */,
				OBJ_331 /* Warp.swift in Sources */,
				OBJ_332 /* ArrayExt.swift in Sources */,
				OBJ_333 /* Clamp.swift in Sources */,
				OBJ_334 /* Interleave.swift in Sources */,
				OBJ_335 /* Rect.swift in Sources */,
				OBJ_336 /* StrideCopy.swift in Sources */,
			);
			runOnlyForDeploymentPostprocessing = 0;
		};
		OBJ_344 /* Sources */ = {
			isa = PBXSourcesBuildPhase;
			buildActionMask = 0;
			files = (
				OBJ_345 /* Package.swift in Sources */,
			);
			runOnlyForDeploymentPostprocessing = 0;
		};
		OBJ_358 /* Sources */ = {
			isa = PBXSourcesBuildPhase;
			buildActionMask = 0;
			files = (
				OBJ_359 /* BayerTests.swift in Sources */,
				OBJ_360 /* CorrelationTests.swift in Sources */,
				OBJ_361 /* Im2colTests.swift in Sources */,
				OBJ_362 /* IntegralImageTests.swift in Sources */,
				OBJ_363 /* ImageArithmeticTests.swift in Sources */,
				OBJ_364 /* MutablePixelRefArithmeticTests.swift in Sources */,
				OBJ_365 /* BitOperationsTests.swift in Sources */,
				OBJ_366 /* ChannelCompositionTests.swift in Sources */,
				OBJ_367 /* ChannelwiseConversionTests.swift in Sources */,
				OBJ_368 /* DataTypeConversionTests.swift in Sources */,
				OBJ_369 /* PixelTypeConversionTests.swift in Sources */,
				OBJ_370 /* PixelwiseConversionTests.swift in Sources */,
				OBJ_371 /* ImageTests.swift in Sources */,
				OBJ_372 /* LikeInitializerTests.swift in Sources */,
				OBJ_373 /* ConvolutionTests.swift in Sources */,
				OBJ_374 /* FilterTests.swift in Sources */,
				OBJ_375 /* ImageIOTests.swift in Sources */,
				OBJ_376 /* BicubicInterpolationTests.swift in Sources */,
				OBJ_377 /* BilinearInterpolationTests.swift in Sources */,
				OBJ_378 /* NearestNeighborInterpolatorTests.swift in Sources */,
				OBJ_379 /* AbsTests.swift in Sources */,
				OBJ_380 /* ClipTests.swift in Sources */,
				OBJ_381 /* PowerTests.swift in Sources */,
				OBJ_382 /* RoundingTests.swift in Sources */,
				OBJ_383 /* AppKitTests.swift in Sources */,
				OBJ_384 /* UIKitTests.swift in Sources */,
				OBJ_385 /* vImageUtilsTests.swift in Sources */,
				OBJ_386 /* ChannelSubscriptTests.swift in Sources */,
				OBJ_387 /* PixelSubscriptTests.swift in Sources */,
				OBJ_388 /* SubimageSubscriptTests.swift in Sources */,
				OBJ_389 /* AffineTransformationTests.swift in Sources */,
				OBJ_390 /* ConcatenateTests.swift in Sources */,
				OBJ_391 /* HomogeneousTransformationMatrixTests.swift in Sources */,
				OBJ_392 /* PaddingTests.swift in Sources */,
				OBJ_393 /* ResizeTests.swift in Sources */,
				OBJ_394 /* TransformationTests.swift in Sources */,
				OBJ_395 /* TransposeTests.swift in Sources */,
				OBJ_396 /* Random.swift in Sources */,
				OBJ_397 /* Utils.swift in Sources */,
				OBJ_398 /* XCTAssertEqualWithAccuracy.swift in Sources */,
				OBJ_399 /* ClampTests.swift in Sources */,
			);
			runOnlyForDeploymentPostprocessing = 0;
		};
		OBJ_408 /* Sources */ = {
			isa = PBXSourcesBuildPhase;
			buildActionMask = 0;
			files = (
				OBJ_409 /* ApplicationVisualTests.swift in Sources */,
				OBJ_410 /* BayerVisualTests.swift in Sources */,
				OBJ_411 /* BlendVisualTests.swift in Sources */,
				OBJ_412 /* DrawVisualTests.swift in Sources */,
				OBJ_413 /* FilterVisualTests.swift in Sources */,
				OBJ_414 /* FourierTransformerVisualTests.swift in Sources */,
				OBJ_415 /* HistogramEqualizerVisualTests.swift in Sources */,
				OBJ_416 /* PaddingVisualTests.swift in Sources */,
				OBJ_417 /* ResizeVisualTests.swift in Sources */,
				OBJ_418 /* SubimageVisualTests.swift in Sources */,
				OBJ_419 /* TransformationVisualTests.swift in Sources */,
				OBJ_420 /* Utils.swift in Sources */,
				OBJ_421 /* WarpVisualTests.swift in Sources */,
			);
			runOnlyForDeploymentPostprocessing = 0;
		};
/* End PBXSourcesBuildPhase section */

/* Begin PBXTargetDependency section */
		OBJ_248 /* PBXTargetDependency */ = {
			isa = PBXTargetDependency;
			target = "Swim::Swim" /* Swim */;
			targetProxy = A7C8CEDC22964D330064EDFA /* PBXContainerItemProxy */;
		};
		OBJ_250 /* PBXTargetDependency */ = {
			isa = PBXTargetDependency;
			target = "Swim::CStbImage" /* CStbImage */;
			targetProxy = A7C8CEDD22964D330064EDFA /* PBXContainerItemProxy */;
		};
		OBJ_339 /* PBXTargetDependency */ = {
			isa = PBXTargetDependency;
			target = "Swim::CStbImage" /* CStbImage */;
			targetProxy = A7C8CED722964D330064EDFA /* PBXContainerItemProxy */;
		};
		OBJ_350 /* PBXTargetDependency */ = {
			isa = PBXTargetDependency;
			target = "Swim::SwimTests" /* SwimTests */;
			targetProxy = A7C8CEDE22964D350064EDFA /* PBXContainerItemProxy */;
		};
		OBJ_352 /* PBXTargetDependency */ = {
			isa = PBXTargetDependency;
			target = "Swim::VisualTests" /* VisualTests */;
			targetProxy = A7C8CEDF22964D350064EDFA /* PBXContainerItemProxy */;
		};
		OBJ_354 /* PBXTargetDependency */ = {
			isa = PBXTargetDependency;
			target = "Swim::PerformanceTests" /* PerformanceTests */;
			targetProxy = A7C8CEE022964D350064EDFA /* PBXContainerItemProxy */;
		};
		OBJ_403 /* PBXTargetDependency */ = {
			isa = PBXTargetDependency;
			target = "Swim::Swim" /* Swim */;
			targetProxy = A7C8CED822964D330064EDFA /* PBXContainerItemProxy */;
		};
		OBJ_404 /* PBXTargetDependency */ = {
			isa = PBXTargetDependency;
			target = "Swim::CStbImage" /* CStbImage */;
			targetProxy = A7C8CED922964D330064EDFA /* PBXContainerItemProxy */;
		};
		OBJ_425 /* PBXTargetDependency */ = {
			isa = PBXTargetDependency;
			target = "Swim::Swim" /* Swim */;
			targetProxy = A7C8CEDA22964D330064EDFA /* PBXContainerItemProxy */;
		};
		OBJ_426 /* PBXTargetDependency */ = {
			isa = PBXTargetDependency;
			target = "Swim::CStbImage" /* CStbImage */;
			targetProxy = A7C8CEDB22964D330064EDFA /* PBXContainerItemProxy */;
		};
/* End PBXTargetDependency section */

/* Begin XCBuildConfiguration section */
		OBJ_215 /* Debug */ = {
			isa = XCBuildConfiguration;
			buildSettings = {
				CLANG_ENABLE_MODULES = YES;
				DEFINES_MODULE = YES;
				ENABLE_TESTABILITY = YES;
				FRAMEWORK_SEARCH_PATHS = (
					"$(inherited)",
					"$(PLATFORM_DIR)/Developer/Library/Frameworks",
				);
				HEADER_SEARCH_PATHS = (
					"$(inherited)",
					"$(SRCROOT)/Sources/CStbImage/include",
				);
				INFOPLIST_FILE = Swim.xcodeproj/CStbImage_Info.plist;
				IPHONEOS_DEPLOYMENT_TARGET = 8.0;
				LD_RUNPATH_SEARCH_PATHS = "$(inherited) $(TOOLCHAIN_DIR)/usr/lib/swift/macosx";
				MACOSX_DEPLOYMENT_TARGET = 10.10;
				OTHER_CFLAGS = "$(inherited)";
				OTHER_LDFLAGS = "$(inherited)";
				OTHER_SWIFT_FLAGS = "$(inherited)";
				PRODUCT_BUNDLE_IDENTIFIER = CStbImage;
				PRODUCT_MODULE_NAME = "$(TARGET_NAME:c99extidentifier)";
				PRODUCT_NAME = "$(TARGET_NAME:c99extidentifier)";
				SKIP_INSTALL = YES;
				SWIFT_ACTIVE_COMPILATION_CONDITIONS = "$(inherited)";
				SWIFT_OPTIMIZATION_LEVEL = "-Onone";
				SWIFT_VERSION = 5.0;
				TARGET_NAME = CStbImage;
				TVOS_DEPLOYMENT_TARGET = 9.0;
				WATCHOS_DEPLOYMENT_TARGET = 2.0;
			};
			name = Debug;
		};
		OBJ_216 /* Release */ = {
			isa = XCBuildConfiguration;
			buildSettings = {
				CLANG_ENABLE_MODULES = YES;
				DEFINES_MODULE = YES;
				ENABLE_TESTABILITY = YES;
				FRAMEWORK_SEARCH_PATHS = (
					"$(inherited)",
					"$(PLATFORM_DIR)/Developer/Library/Frameworks",
				);
				HEADER_SEARCH_PATHS = (
					"$(inherited)",
					"$(SRCROOT)/Sources/CStbImage/include",
				);
				INFOPLIST_FILE = Swim.xcodeproj/CStbImage_Info.plist;
				IPHONEOS_DEPLOYMENT_TARGET = 8.0;
				LD_RUNPATH_SEARCH_PATHS = "$(inherited) $(TOOLCHAIN_DIR)/usr/lib/swift/macosx";
				MACOSX_DEPLOYMENT_TARGET = 10.10;
				OTHER_CFLAGS = "$(inherited)";
				OTHER_LDFLAGS = "$(inherited)";
				OTHER_SWIFT_FLAGS = "$(inherited)";
				PRODUCT_BUNDLE_IDENTIFIER = CStbImage;
				PRODUCT_MODULE_NAME = "$(TARGET_NAME:c99extidentifier)";
				PRODUCT_NAME = "$(TARGET_NAME:c99extidentifier)";
				SKIP_INSTALL = YES;
				SWIFT_ACTIVE_COMPILATION_CONDITIONS = "$(inherited)";
				SWIFT_VERSION = 5.0;
				TARGET_NAME = CStbImage;
				TVOS_DEPLOYMENT_TARGET = 9.0;
				WATCHOS_DEPLOYMENT_TARGET = 2.0;
			};
			name = Release;
		};
		OBJ_228 /* Debug */ = {
			isa = XCBuildConfiguration;
			buildSettings = {
				CLANG_ENABLE_MODULES = YES;
				EMBEDDED_CONTENT_CONTAINS_SWIFT = YES;
				FRAMEWORK_SEARCH_PATHS = (
					"$(inherited)",
					"$(PLATFORM_DIR)/Developer/Library/Frameworks",
				);
				HEADER_SEARCH_PATHS = (
					"$(inherited)",
					"$(SRCROOT)/Sources/CStbImage/include",
				);
				INFOPLIST_FILE = Swim.xcodeproj/PerformanceTests_Info.plist;
				IPHONEOS_DEPLOYMENT_TARGET = 8.0;
				LD_RUNPATH_SEARCH_PATHS = "$(inherited) @loader_path/../Frameworks @loader_path/Frameworks";
				MACOSX_DEPLOYMENT_TARGET = 10.10;
				OTHER_CFLAGS = "$(inherited)";
				OTHER_LDFLAGS = "$(inherited)";
				OTHER_SWIFT_FLAGS = "$(inherited)";
				SWIFT_ACTIVE_COMPILATION_CONDITIONS = "$(inherited)";
				SWIFT_VERSION = 5.0;
				TARGET_NAME = PerformanceTests;
				TVOS_DEPLOYMENT_TARGET = 9.0;
				WATCHOS_DEPLOYMENT_TARGET = 2.0;
			};
			name = Debug;
		};
		OBJ_229 /* Release */ = {
			isa = XCBuildConfiguration;
			buildSettings = {
				CLANG_ENABLE_MODULES = YES;
				EMBEDDED_CONTENT_CONTAINS_SWIFT = YES;
				FRAMEWORK_SEARCH_PATHS = (
					"$(inherited)",
					"$(PLATFORM_DIR)/Developer/Library/Frameworks",
				);
				HEADER_SEARCH_PATHS = (
					"$(inherited)",
					"$(SRCROOT)/Sources/CStbImage/include",
				);
				INFOPLIST_FILE = Swim.xcodeproj/PerformanceTests_Info.plist;
				IPHONEOS_DEPLOYMENT_TARGET = 8.0;
				LD_RUNPATH_SEARCH_PATHS = "$(inherited) @loader_path/../Frameworks @loader_path/Frameworks";
				MACOSX_DEPLOYMENT_TARGET = 10.10;
				OTHER_CFLAGS = "$(inherited)";
				OTHER_LDFLAGS = "$(inherited)";
				OTHER_SWIFT_FLAGS = "$(inherited)";
				SWIFT_ACTIVE_COMPILATION_CONDITIONS = "$(inherited)";
				SWIFT_VERSION = 5.0;
				TARGET_NAME = PerformanceTests;
				TVOS_DEPLOYMENT_TARGET = 9.0;
				WATCHOS_DEPLOYMENT_TARGET = 2.0;
			};
			name = Release;
		};
		OBJ_252 /* Debug */ = {
			isa = XCBuildConfiguration;
			buildSettings = {
				ENABLE_TESTABILITY = YES;
				FRAMEWORK_SEARCH_PATHS = (
					"$(inherited)",
					"$(PLATFORM_DIR)/Developer/Library/Frameworks",
				);
				HEADER_SEARCH_PATHS = (
					"$(inherited)",
					"$(SRCROOT)/Sources/CStbImage/include",
				);
				INFOPLIST_FILE = Swim.xcodeproj/Swim_Info.plist;
				IPHONEOS_DEPLOYMENT_TARGET = 8.0;
				LD_RUNPATH_SEARCH_PATHS = "$(inherited) $(TOOLCHAIN_DIR)/usr/lib/swift/macosx";
				MACOSX_DEPLOYMENT_TARGET = 10.10;
				OTHER_CFLAGS = "$(inherited)";
				OTHER_LDFLAGS = "$(inherited)";
				OTHER_SWIFT_FLAGS = "$(inherited)";
				PRODUCT_BUNDLE_IDENTIFIER = Swim;
				PRODUCT_MODULE_NAME = "$(TARGET_NAME:c99extidentifier)";
				PRODUCT_NAME = "$(TARGET_NAME:c99extidentifier)";
				SKIP_INSTALL = YES;
				SWIFT_ACTIVE_COMPILATION_CONDITIONS = "$(inherited)";
				SWIFT_VERSION = 5.0;
				TARGET_NAME = Swim;
				TVOS_DEPLOYMENT_TARGET = 9.0;
				WATCHOS_DEPLOYMENT_TARGET = 2.0;
			};
			name = Debug;
		};
		OBJ_253 /* Release */ = {
			isa = XCBuildConfiguration;
			buildSettings = {
				ENABLE_TESTABILITY = YES;
				FRAMEWORK_SEARCH_PATHS = (
					"$(inherited)",
					"$(PLATFORM_DIR)/Developer/Library/Frameworks",
				);
				HEADER_SEARCH_PATHS = (
					"$(inherited)",
					"$(SRCROOT)/Sources/CStbImage/include",
				);
				INFOPLIST_FILE = Swim.xcodeproj/Swim_Info.plist;
				IPHONEOS_DEPLOYMENT_TARGET = 8.0;
				LD_RUNPATH_SEARCH_PATHS = "$(inherited) $(TOOLCHAIN_DIR)/usr/lib/swift/macosx";
				MACOSX_DEPLOYMENT_TARGET = 10.10;
				OTHER_CFLAGS = "$(inherited)";
				OTHER_LDFLAGS = "$(inherited)";
				OTHER_SWIFT_FLAGS = "$(inherited)";
				PRODUCT_BUNDLE_IDENTIFIER = Swim;
				PRODUCT_MODULE_NAME = "$(TARGET_NAME:c99extidentifier)";
				PRODUCT_NAME = "$(TARGET_NAME:c99extidentifier)";
				SKIP_INSTALL = YES;
				SWIFT_ACTIVE_COMPILATION_CONDITIONS = "$(inherited)";
				SWIFT_VERSION = 5.0;
				TARGET_NAME = Swim;
				TVOS_DEPLOYMENT_TARGET = 9.0;
				WATCHOS_DEPLOYMENT_TARGET = 2.0;
			};
			name = Release;
		};
		OBJ_3 /* Debug */ = {
			isa = XCBuildConfiguration;
			buildSettings = {
				CLANG_ENABLE_OBJC_ARC = YES;
				COMBINE_HIDPI_IMAGES = YES;
				COPY_PHASE_STRIP = NO;
				DEBUG_INFORMATION_FORMAT = dwarf;
				DYLIB_INSTALL_NAME_BASE = "@rpath";
				ENABLE_NS_ASSERTIONS = YES;
				GCC_OPTIMIZATION_LEVEL = 0;
				GCC_PREPROCESSOR_DEFINITIONS = (
					"$(inherited)",
					"SWIFT_PACKAGE=1",
					"DEBUG=1",
				);
				MACOSX_DEPLOYMENT_TARGET = 10.10;
				ONLY_ACTIVE_ARCH = YES;
				OTHER_SWIFT_FLAGS = "-DXcode";
				PRODUCT_NAME = "$(TARGET_NAME)";
				SDKROOT = macosx;
				SUPPORTED_PLATFORMS = "macosx iphoneos iphonesimulator appletvos appletvsimulator watchos watchsimulator";
				SWIFT_ACTIVE_COMPILATION_CONDITIONS = "$(inherited) SWIFT_PACKAGE DEBUG";
				SWIFT_OPTIMIZATION_LEVEL = "-Onone";
				USE_HEADERMAP = NO;
			};
			name = Debug;
		};
		OBJ_342 /* Debug */ = {
			isa = XCBuildConfiguration;
			buildSettings = {
				LD = /usr/bin/true;
				OTHER_SWIFT_FLAGS = "-swift-version 5 -I $(TOOLCHAIN_DIR)/usr/lib/swift/pm/4_2 -target x86_64-apple-macosx10.10 -sdk /Applications/Xcode.app/Contents/Developer/Platforms/MacOSX.platform/Developer/SDKs/MacOSX10.14.sdk";
				SWIFT_VERSION = 5.0;
			};
			name = Debug;
		};
		OBJ_343 /* Release */ = {
			isa = XCBuildConfiguration;
			buildSettings = {
				LD = /usr/bin/true;
				OTHER_SWIFT_FLAGS = "-swift-version 5 -I $(TOOLCHAIN_DIR)/usr/lib/swift/pm/4_2 -target x86_64-apple-macosx10.10 -sdk /Applications/Xcode.app/Contents/Developer/Platforms/MacOSX.platform/Developer/SDKs/MacOSX10.14.sdk";
				SWIFT_VERSION = 5.0;
			};
			name = Release;
		};
		OBJ_348 /* Debug */ = {
			isa = XCBuildConfiguration;
			buildSettings = {
			};
			name = Debug;
		};
		OBJ_349 /* Release */ = {
			isa = XCBuildConfiguration;
			buildSettings = {
			};
			name = Release;
		};
		OBJ_356 /* Debug */ = {
			isa = XCBuildConfiguration;
			buildSettings = {
				CLANG_ENABLE_MODULES = YES;
				EMBEDDED_CONTENT_CONTAINS_SWIFT = YES;
				FRAMEWORK_SEARCH_PATHS = (
					"$(inherited)",
					"$(PLATFORM_DIR)/Developer/Library/Frameworks",
				);
				HEADER_SEARCH_PATHS = (
					"$(inherited)",
					"$(SRCROOT)/Sources/CStbImage/include",
				);
				INFOPLIST_FILE = Swim.xcodeproj/SwimTests_Info.plist;
				IPHONEOS_DEPLOYMENT_TARGET = 8.0;
				LD_RUNPATH_SEARCH_PATHS = "$(inherited) @loader_path/../Frameworks @loader_path/Frameworks";
				MACOSX_DEPLOYMENT_TARGET = 10.10;
				OTHER_CFLAGS = "$(inherited)";
				OTHER_LDFLAGS = "$(inherited)";
				OTHER_SWIFT_FLAGS = "$(inherited)";
				SWIFT_ACTIVE_COMPILATION_CONDITIONS = "$(inherited)";
				SWIFT_VERSION = 5.0;
				TARGET_NAME = SwimTests;
				TVOS_DEPLOYMENT_TARGET = 9.0;
				WATCHOS_DEPLOYMENT_TARGET = 2.0;
			};
			name = Debug;
		};
		OBJ_357 /* Release */ = {
			isa = XCBuildConfiguration;
			buildSettings = {
				CLANG_ENABLE_MODULES = YES;
				EMBEDDED_CONTENT_CONTAINS_SWIFT = YES;
				FRAMEWORK_SEARCH_PATHS = (
					"$(inherited)",
					"$(PLATFORM_DIR)/Developer/Library/Frameworks",
				);
				HEADER_SEARCH_PATHS = (
					"$(inherited)",
					"$(SRCROOT)/Sources/CStbImage/include",
				);
				INFOPLIST_FILE = Swim.xcodeproj/SwimTests_Info.plist;
				IPHONEOS_DEPLOYMENT_TARGET = 8.0;
				LD_RUNPATH_SEARCH_PATHS = "$(inherited) @loader_path/../Frameworks @loader_path/Frameworks";
				MACOSX_DEPLOYMENT_TARGET = 10.10;
				OTHER_CFLAGS = "$(inherited)";
				OTHER_LDFLAGS = "$(inherited)";
				OTHER_SWIFT_FLAGS = "$(inherited)";
				SWIFT_ACTIVE_COMPILATION_CONDITIONS = "$(inherited)";
				SWIFT_VERSION = 5.0;
				TARGET_NAME = SwimTests;
				TVOS_DEPLOYMENT_TARGET = 9.0;
				WATCHOS_DEPLOYMENT_TARGET = 2.0;
			};
			name = Release;
		};
		OBJ_4 /* Release */ = {
			isa = XCBuildConfiguration;
			buildSettings = {
				CLANG_ENABLE_OBJC_ARC = YES;
				COMBINE_HIDPI_IMAGES = YES;
				COPY_PHASE_STRIP = YES;
				DEBUG_INFORMATION_FORMAT = "dwarf-with-dsym";
				DYLIB_INSTALL_NAME_BASE = "@rpath";
				GCC_OPTIMIZATION_LEVEL = s;
				GCC_PREPROCESSOR_DEFINITIONS = (
					"$(inherited)",
					"SWIFT_PACKAGE=1",
				);
				MACOSX_DEPLOYMENT_TARGET = 10.10;
				OTHER_SWIFT_FLAGS = "-DXcode";
				PRODUCT_NAME = "$(TARGET_NAME)";
				SDKROOT = macosx;
				SUPPORTED_PLATFORMS = "macosx iphoneos iphonesimulator appletvos appletvsimulator watchos watchsimulator";
				SWIFT_ACTIVE_COMPILATION_CONDITIONS = "$(inherited) SWIFT_PACKAGE";
				SWIFT_OPTIMIZATION_LEVEL = "-Owholemodule";
				USE_HEADERMAP = NO;
			};
			name = Release;
		};
		OBJ_406 /* Debug */ = {
			isa = XCBuildConfiguration;
			buildSettings = {
				CLANG_ENABLE_MODULES = YES;
				EMBEDDED_CONTENT_CONTAINS_SWIFT = YES;
				FRAMEWORK_SEARCH_PATHS = (
					"$(inherited)",
					"$(PLATFORM_DIR)/Developer/Library/Frameworks",
				);
				HEADER_SEARCH_PATHS = (
					"$(inherited)",
					"$(SRCROOT)/Sources/CStbImage/include",
				);
				INFOPLIST_FILE = Swim.xcodeproj/VisualTests_Info.plist;
				IPHONEOS_DEPLOYMENT_TARGET = 8.0;
				LD_RUNPATH_SEARCH_PATHS = "$(inherited) @loader_path/../Frameworks @loader_path/Frameworks";
				MACOSX_DEPLOYMENT_TARGET = 10.10;
				OTHER_CFLAGS = "$(inherited)";
				OTHER_LDFLAGS = "$(inherited)";
				OTHER_SWIFT_FLAGS = "$(inherited)";
				SWIFT_ACTIVE_COMPILATION_CONDITIONS = "$(inherited)";
				SWIFT_VERSION = 5.0;
				TARGET_NAME = VisualTests;
				TVOS_DEPLOYMENT_TARGET = 9.0;
				WATCHOS_DEPLOYMENT_TARGET = 2.0;
			};
			name = Debug;
		};
		OBJ_407 /* Release */ = {
			isa = XCBuildConfiguration;
			buildSettings = {
				CLANG_ENABLE_MODULES = YES;
				EMBEDDED_CONTENT_CONTAINS_SWIFT = YES;
				FRAMEWORK_SEARCH_PATHS = (
					"$(inherited)",
					"$(PLATFORM_DIR)/Developer/Library/Frameworks",
				);
				HEADER_SEARCH_PATHS = (
					"$(inherited)",
					"$(SRCROOT)/Sources/CStbImage/include",
				);
				INFOPLIST_FILE = Swim.xcodeproj/VisualTests_Info.plist;
				IPHONEOS_DEPLOYMENT_TARGET = 8.0;
				LD_RUNPATH_SEARCH_PATHS = "$(inherited) @loader_path/../Frameworks @loader_path/Frameworks";
				MACOSX_DEPLOYMENT_TARGET = 10.10;
				OTHER_CFLAGS = "$(inherited)";
				OTHER_LDFLAGS = "$(inherited)";
				OTHER_SWIFT_FLAGS = "$(inherited)";
				SWIFT_ACTIVE_COMPILATION_CONDITIONS = "$(inherited)";
				SWIFT_VERSION = 5.0;
				TARGET_NAME = VisualTests;
				TVOS_DEPLOYMENT_TARGET = 9.0;
				WATCHOS_DEPLOYMENT_TARGET = 2.0;
			};
			name = Release;
		};
/* End XCBuildConfiguration section */

/* Begin XCConfigurationList section */
		OBJ_2 /* Build configuration list for PBXProject "Swim" */ = {
			isa = XCConfigurationList;
			buildConfigurations = (
				OBJ_3 /* Debug */,
				OBJ_4 /* Release */,
			);
			defaultConfigurationIsVisible = 0;
			defaultConfigurationName = Release;
		};
		OBJ_214 /* Build configuration list for PBXNativeTarget "CStbImage" */ = {
			isa = XCConfigurationList;
			buildConfigurations = (
				OBJ_215 /* Debug */,
				OBJ_216 /* Release */,
			);
			defaultConfigurationIsVisible = 0;
			defaultConfigurationName = Release;
		};
		OBJ_227 /* Build configuration list for PBXNativeTarget "PerformanceTests" */ = {
			isa = XCConfigurationList;
			buildConfigurations = (
				OBJ_228 /* Debug */,
				OBJ_229 /* Release */,
			);
			defaultConfigurationIsVisible = 0;
			defaultConfigurationName = Release;
		};
		OBJ_251 /* Build configuration list for PBXNativeTarget "Swim" */ = {
			isa = XCConfigurationList;
			buildConfigurations = (
				OBJ_252 /* Debug */,
				OBJ_253 /* Release */,
			);
			defaultConfigurationIsVisible = 0;
			defaultConfigurationName = Release;
		};
		OBJ_341 /* Build configuration list for PBXNativeTarget "SwimPackageDescription" */ = {
			isa = XCConfigurationList;
			buildConfigurations = (
				OBJ_342 /* Debug */,
				OBJ_343 /* Release */,
			);
			defaultConfigurationIsVisible = 0;
			defaultConfigurationName = Release;
		};
		OBJ_347 /* Build configuration list for PBXAggregateTarget "SwimPackageTests" */ = {
			isa = XCConfigurationList;
			buildConfigurations = (
				OBJ_348 /* Debug */,
				OBJ_349 /* Release */,
			);
			defaultConfigurationIsVisible = 0;
			defaultConfigurationName = Release;
		};
		OBJ_355 /* Build configuration list for PBXNativeTarget "SwimTests" */ = {
			isa = XCConfigurationList;
			buildConfigurations = (
				OBJ_356 /* Debug */,
				OBJ_357 /* Release */,
			);
			defaultConfigurationIsVisible = 0;
			defaultConfigurationName = Release;
		};
		OBJ_405 /* Build configuration list for PBXNativeTarget "VisualTests" */ = {
			isa = XCConfigurationList;
			buildConfigurations = (
				OBJ_406 /* Debug */,
				OBJ_407 /* Release */,
			);
			defaultConfigurationIsVisible = 0;
			defaultConfigurationName = Release;
		};
/* End XCConfigurationList section */
	};
	rootObject = OBJ_1 /* Project object */;
}
