// !$*UTF8*$!
{
	archiveVersion = 1;
	classes = {
	};
	objectVersion = 46;
	objects = {

/* Begin PBXAggregateTarget section */
		"Swim::SwimPackageTests::ProductTarget" /* SwimPackageTests */ = {
			isa = PBXAggregateTarget;
			buildConfigurationList = OBJ_261 /* Build configuration list for PBXAggregateTarget "SwimPackageTests" */;
			buildPhases = (
			);
			dependencies = (
				OBJ_264 /* PBXTargetDependency */,
				OBJ_266 /* PBXTargetDependency */,
				OBJ_268 /* PBXTargetDependency */,
			);
			name = SwimPackageTests;
			productName = SwimPackageTests;
		};
/* End PBXAggregateTarget section */

/* Begin PBXBuildFile section */
		A732ABEE226D6DBB00B2256E /* UIKitTests.swift in Sources */ = {isa = PBXBuildFile; fileRef = A732ABEC226D6A3900B2256E /* UIKitTests.swift */; };
		A732AC0D226DABBE00B2256E /* HomogeneousTransformationMatrix.swift in Sources */ = {isa = PBXBuildFile; fileRef = A732AC0B226DABB900B2256E /* HomogeneousTransformationMatrix.swift */; };
		A732AC10226E96B200B2256E /* PixelRef.swift in Sources */ = {isa = PBXBuildFile; fileRef = A732AC0E226E968800B2256E /* PixelRef.swift */; };
		A732AC13226E9CFD00B2256E /* PixelProtocol.swift in Sources */ = {isa = PBXBuildFile; fileRef = A732AC11226E9BC200B2256E /* PixelProtocol.swift */; };
		A732AC1B226EA36B00B2256E /* ScalarCompoundAssignmentOperator.swift in Sources */ = {isa = PBXBuildFile; fileRef = A732AC19226EA2E100B2256E /* ScalarCompoundAssignmentOperator.swift */; };
		A732AC1E226EA61800B2256E /* PixelCompoundAssignmentOperator.swift in Sources */ = {isa = PBXBuildFile; fileRef = A732AC1C226EA60200B2256E /* PixelCompoundAssignmentOperator.swift */; };
		A732AC21226EAB4600B2256E /* PixelBinaryScalarOperator.swift in Sources */ = {isa = PBXBuildFile; fileRef = A732AC1F226EAAE800B2256E /* PixelBinaryScalarOperator.swift */; };
		A732AC26226EB5D600B2256E /* PixelUnaryOperator.swift in Sources */ = {isa = PBXBuildFile; fileRef = A732AC24226EB5D100B2256E /* PixelUnaryOperator.swift */; };
		A732AC28226EB6A200B2256E /* BasicPerformanceTests.swift in Sources */ = {isa = PBXBuildFile; fileRef = A732AC27226EB6A200B2256E /* BasicPerformanceTests.swift */; };
		A732AC2B226EBAC100B2256E /* ImageCompoundAssignmentOperator.swift in Sources */ = {isa = PBXBuildFile; fileRef = A732AC29226EBA9900B2256E /* ImageCompoundAssignmentOperator.swift */; };
		A732AC2E226EC6D000B2256E /* PixelRefCompoundAssignmentOperator.swift in Sources */ = {isa = PBXBuildFile; fileRef = A732AC2C226EC6BB00B2256E /* PixelRefCompoundAssignmentOperator.swift */; };
		A732AE99226ECF4000B2256E /* MutablePixelRefArithmeticTests.swift in Sources */ = {isa = PBXBuildFile; fileRef = A732AE96226ECF3300B2256E /* MutablePixelRefArithmeticTests.swift */; };
		A732AE9B226ED0AE00B2256E /* PixelRefScalarCompoundAssignmentOperator.swift in Sources */ = {isa = PBXBuildFile; fileRef = A732AE9A226ED0AE00B2256E /* PixelRefScalarCompoundAssignmentOperator.swift */; };
		A732B3932270234800B2256E /* Padding.swift in Sources */ = {isa = PBXBuildFile; fileRef = A732B3912270232E00B2256E /* Padding.swift */; };
		A732B3962270261D00B2256E /* PaddingTests.swift in Sources */ = {isa = PBXBuildFile; fileRef = A732B394227025B300B2256E /* PaddingTests.swift */; };
		A732B39822714E3E00B2256E /* Interpolator4x4.swift in Sources */ = {isa = PBXBuildFile; fileRef = A732B39722714E3E00B2256E /* Interpolator4x4.swift */; };
		A732B39A22714F0700B2256E /* LanczosInterpolator.swift in Sources */ = {isa = PBXBuildFile; fileRef = A732B39922714F0700B2256E /* LanczosInterpolator.swift */; };
		OBJ_167 /* image_io.c in Sources */ = {isa = PBXBuildFile; fileRef = OBJ_9 /* image_io.c */; };
		OBJ_169 /* stb_image_write.h in Headers */ = {isa = PBXBuildFile; fileRef = OBJ_11 /* stb_image_write.h */; settings = {ATTRIBUTES = (Public, ); }; };
		OBJ_170 /* stb_image.h in Headers */ = {isa = PBXBuildFile; fileRef = OBJ_12 /* stb_image.h */; settings = {ATTRIBUTES = (Public, ); }; };
		OBJ_171 /* CStbImage.h in Headers */ = {isa = PBXBuildFile; fileRef = OBJ_13 /* CStbImage.h */; settings = {ATTRIBUTES = (Public, ); }; };
		OBJ_178 /* PerformanceTests.swift in Sources */ = {isa = PBXBuildFile; fileRef = OBJ_93 /* PerformanceTests.swift */; };
		OBJ_180 /* Swim.framework in Frameworks */ = {isa = PBXBuildFile; fileRef = "Swim::Swim::Product" /* Swim.framework */; };
		OBJ_181 /* CStbImage.framework in Frameworks */ = {isa = PBXBuildFile; fileRef = "Swim::CStbImage::Product" /* CStbImage.framework */; };
		OBJ_189 /* Bayer.swift in Sources */ = {isa = PBXBuildFile; fileRef = OBJ_16 /* Bayer.swift */; };
		OBJ_190 /* Convolution.swift in Sources */ = {isa = PBXBuildFile; fileRef = OBJ_17 /* Convolution.swift */; };
		OBJ_191 /* Correlation.swift in Sources */ = {isa = PBXBuildFile; fileRef = OBJ_18 /* Correlation.swift */; };
		OBJ_192 /* Filter.swift in Sources */ = {isa = PBXBuildFile; fileRef = OBJ_19 /* Filter.swift */; };
		OBJ_193 /* Im2col.swift in Sources */ = {isa = PBXBuildFile; fileRef = OBJ_20 /* Im2col.swift */; };
		OBJ_194 /* IntegralImage.swift in Sources */ = {isa = PBXBuildFile; fileRef = OBJ_21 /* IntegralImage.swift */; };
		OBJ_195 /* ImageBinaryScalarOperator.swift in Sources */ = {isa = PBXBuildFile; fileRef = OBJ_23 /* ImageBinaryScalarOperator.swift */; };
		OBJ_196 /* ImageBinaryOperators.swift in Sources */ = {isa = PBXBuildFile; fileRef = OBJ_24 /* ImageBinaryOperators.swift */; };
		OBJ_197 /* ImageUnaryOperators.swift in Sources */ = {isa = PBXBuildFile; fileRef = OBJ_25 /* ImageUnaryOperators.swift */; };
		OBJ_198 /* AdditiveBlend.swift in Sources */ = {isa = PBXBuildFile; fileRef = OBJ_27 /* AdditiveBlend.swift */; };
		OBJ_199 /* AlphaBlend.swift in Sources */ = {isa = PBXBuildFile; fileRef = OBJ_28 /* AlphaBlend.swift */; };
		OBJ_200 /* Blender.swift in Sources */ = {isa = PBXBuildFile; fileRef = OBJ_29 /* Blender.swift */; };
		OBJ_201 /* MultiplyBlend.swift in Sources */ = {isa = PBXBuildFile; fileRef = OBJ_30 /* MultiplyBlend.swift */; };
		OBJ_202 /* OverlayBlend.swift in Sources */ = {isa = PBXBuildFile; fileRef = OBJ_31 /* OverlayBlend.swift */; };
		OBJ_203 /* ScreenBlend.swift in Sources */ = {isa = PBXBuildFile; fileRef = OBJ_32 /* ScreenBlend.swift */; };
		OBJ_204 /* ChannelComposition.swift in Sources */ = {isa = PBXBuildFile; fileRef = OBJ_34 /* ChannelComposition.swift */; };
		OBJ_205 /* ChannelwiseConversion.swift in Sources */ = {isa = PBXBuildFile; fileRef = OBJ_35 /* ChannelwiseConversion.swift */; };
		OBJ_206 /* DataTypeConversion.swift in Sources */ = {isa = PBXBuildFile; fileRef = OBJ_36 /* DataTypeConversion.swift */; };
		OBJ_207 /* PixelTypeConversion.swift in Sources */ = {isa = PBXBuildFile; fileRef = OBJ_37 /* PixelTypeConversion.swift */; };
		OBJ_208 /* PixelwiseConversion.swift in Sources */ = {isa = PBXBuildFile; fileRef = OBJ_38 /* PixelwiseConversion.swift */; };
		OBJ_209 /* DataContainer.swift in Sources */ = {isa = PBXBuildFile; fileRef = OBJ_40 /* DataContainer.swift */; };
		OBJ_210 /* DataType.swift in Sources */ = {isa = PBXBuildFile; fileRef = OBJ_41 /* DataType.swift */; };
		OBJ_211 /* Image.swift in Sources */ = {isa = PBXBuildFile; fileRef = OBJ_42 /* Image.swift */; };
		OBJ_212 /* Initializers.swift in Sources */ = {isa = PBXBuildFile; fileRef = OBJ_43 /* Initializers.swift */; };
		OBJ_213 /* Pixel.swift in Sources */ = {isa = PBXBuildFile; fileRef = OBJ_44 /* Pixel.swift */; };
		OBJ_214 /* PixelType.swift in Sources */ = {isa = PBXBuildFile; fileRef = OBJ_45 /* PixelType.swift */; };
		OBJ_216 /* ImageFileFormat.swift in Sources */ = {isa = PBXBuildFile; fileRef = OBJ_48 /* ImageFileFormat.swift */; };
		OBJ_217 /* ReadImage.swift in Sources */ = {isa = PBXBuildFile; fileRef = OBJ_49 /* ReadImage.swift */; };
		OBJ_218 /* WriteImage.swift in Sources */ = {isa = PBXBuildFile; fileRef = OBJ_50 /* WriteImage.swift */; };
		OBJ_219 /* BicubicInterpolator.swift in Sources */ = {isa = PBXBuildFile; fileRef = OBJ_52 /* BicubicInterpolator.swift */; };
		OBJ_220 /* BilinearInterpolator.swift in Sources */ = {isa = PBXBuildFile; fileRef = OBJ_53 /* BilinearInterpolator.swift */; };
		OBJ_221 /* Interpolator.swift in Sources */ = {isa = PBXBuildFile; fileRef = OBJ_54 /* Interpolator.swift */; };
		OBJ_222 /* NearestNeighborInterpolator.swift in Sources */ = {isa = PBXBuildFile; fileRef = OBJ_55 /* NearestNeighborInterpolator.swift */; };
		OBJ_223 /* Clip.swift in Sources */ = {isa = PBXBuildFile; fileRef = OBJ_57 /* Clip.swift */; };
		OBJ_224 /* Concatenation.swift in Sources */ = {isa = PBXBuildFile; fileRef = OBJ_58 /* Concatenation.swift */; };
		OBJ_225 /* Fill.swift in Sources */ = {isa = PBXBuildFile; fileRef = OBJ_59 /* Fill.swift */; };
		OBJ_226 /* Rounding.swift in Sources */ = {isa = PBXBuildFile; fileRef = OBJ_60 /* Rounding.swift */; };
		OBJ_227 /* AppKit.swift in Sources */ = {isa = PBXBuildFile; fileRef = OBJ_62 /* AppKit.swift */; };
		OBJ_228 /* CoreGraphics.swift in Sources */ = {isa = PBXBuildFile; fileRef = OBJ_63 /* CoreGraphics.swift */; };
		OBJ_229 /* UIKit.swift in Sources */ = {isa = PBXBuildFile; fileRef = OBJ_64 /* UIKit.swift */; };
		OBJ_230 /* vImageAlphaBlend.swift in Sources */ = {isa = PBXBuildFile; fileRef = OBJ_66 /* vImageAlphaBlend.swift */; };
		OBJ_231 /* vImageBuffer.swift in Sources */ = {isa = PBXBuildFile; fileRef = OBJ_67 /* vImageBuffer.swift */; };
		OBJ_232 /* vImageMorphology.swift in Sources */ = {isa = PBXBuildFile; fileRef = OBJ_68 /* vImageMorphology.swift */; };
		OBJ_233 /* vImageUtils.swift in Sources */ = {isa = PBXBuildFile; fileRef = OBJ_69 /* vImageUtils.swift */; };
		OBJ_234 /* Shape.swift in Sources */ = {isa = PBXBuildFile; fileRef = OBJ_71 /* Shape.swift */; };
		OBJ_235 /* ChannelSubscript.swift in Sources */ = {isa = PBXBuildFile; fileRef = OBJ_73 /* ChannelSubscript.swift */; };
		OBJ_236 /* PixelSubscript.swift in Sources */ = {isa = PBXBuildFile; fileRef = OBJ_74 /* PixelSubscript.swift */; };
		OBJ_237 /* SubimageSubscript.swift in Sources */ = {isa = PBXBuildFile; fileRef = OBJ_75 /* SubimageSubscript.swift */; };
		OBJ_238 /* AffineTransformation.swift in Sources */ = {isa = PBXBuildFile; fileRef = OBJ_77 /* AffineTransformation.swift */; };
		OBJ_239 /* Flip.swift in Sources */ = {isa = PBXBuildFile; fileRef = OBJ_78 /* Flip.swift */; };
		OBJ_240 /* Resize.swift in Sources */ = {isa = PBXBuildFile; fileRef = OBJ_79 /* Resize.swift */; };
		OBJ_241 /* Rotate.swift in Sources */ = {isa = PBXBuildFile; fileRef = OBJ_80 /* Rotate.swift */; };
		OBJ_242 /* Warp.swift in Sources */ = {isa = PBXBuildFile; fileRef = OBJ_81 /* Warp.swift */; };
		OBJ_243 /* ArrayExt.swift in Sources */ = {isa = PBXBuildFile; fileRef = OBJ_83 /* ArrayExt.swift */; };
		OBJ_244 /* Clamp.swift in Sources */ = {isa = PBXBuildFile; fileRef = OBJ_84 /* Clamp.swift */; };
		OBJ_245 /* DotProduct.swift in Sources */ = {isa = PBXBuildFile; fileRef = OBJ_85 /* DotProduct.swift */; };
		OBJ_246 /* Interleave.swift in Sources */ = {isa = PBXBuildFile; fileRef = OBJ_86 /* Interleave.swift */; };
		OBJ_247 /* Matmul.swift in Sources */ = {isa = PBXBuildFile; fileRef = OBJ_87 /* Matmul.swift */; };
		OBJ_248 /* Rect.swift in Sources */ = {isa = PBXBuildFile; fileRef = OBJ_88 /* Rect.swift */; };
		OBJ_249 /* Run.swift in Sources */ = {isa = PBXBuildFile; fileRef = OBJ_89 /* Run.swift */; };
		OBJ_250 /* StrideCopy.swift in Sources */ = {isa = PBXBuildFile; fileRef = OBJ_90 /* StrideCopy.swift */; };
		OBJ_252 /* CStbImage.framework in Frameworks */ = {isa = PBXBuildFile; fileRef = "Swim::CStbImage::Product" /* CStbImage.framework */; };
		OBJ_259 /* Package.swift in Sources */ = {isa = PBXBuildFile; fileRef = OBJ_6 /* Package.swift */; };
		OBJ_273 /* BayerTests.swift in Sources */ = {isa = PBXBuildFile; fileRef = OBJ_96 /* BayerTests.swift */; };
		OBJ_274 /* ConvolutionTests.swift in Sources */ = {isa = PBXBuildFile; fileRef = OBJ_97 /* ConvolutionTests.swift */; };
		OBJ_275 /* CorrelationTests.swift in Sources */ = {isa = PBXBuildFile; fileRef = OBJ_98 /* CorrelationTests.swift */; };
		OBJ_276 /* FilterTests.swift in Sources */ = {isa = PBXBuildFile; fileRef = OBJ_99 /* FilterTests.swift */; };
		OBJ_277 /* Im2colTests.swift in Sources */ = {isa = PBXBuildFile; fileRef = OBJ_100 /* Im2colTests.swift */; };
		OBJ_278 /* IntegralImageTests.swift in Sources */ = {isa = PBXBuildFile; fileRef = OBJ_101 /* IntegralImageTests.swift */; };
		OBJ_279 /* ImageArithmeticTests.swift in Sources */ = {isa = PBXBuildFile; fileRef = OBJ_103 /* ImageArithmeticTests.swift */; };
		OBJ_280 /* AlphaBlendTests.swift in Sources */ = {isa = PBXBuildFile; fileRef = OBJ_105 /* AlphaBlendTests.swift */; };
		OBJ_281 /* ChannelCompositionTests.swift in Sources */ = {isa = PBXBuildFile; fileRef = OBJ_107 /* ChannelCompositionTests.swift */; };
		OBJ_282 /* ChannelwiseConversionTests.swift in Sources */ = {isa = PBXBuildFile; fileRef = OBJ_108 /* ChannelwiseConversionTests.swift */; };
		OBJ_283 /* DataTypeConversionTests.swift in Sources */ = {isa = PBXBuildFile; fileRef = OBJ_109 /* DataTypeConversionTests.swift */; };
		OBJ_284 /* PixelTypeConversionTests.swift in Sources */ = {isa = PBXBuildFile; fileRef = OBJ_110 /* PixelTypeConversionTests.swift */; };
		OBJ_285 /* PixelwiseConversionTests.swift in Sources */ = {isa = PBXBuildFile; fileRef = OBJ_111 /* PixelwiseConversionTests.swift */; };
		OBJ_286 /* ImageTests.swift in Sources */ = {isa = PBXBuildFile; fileRef = OBJ_113 /* ImageTests.swift */; };
		OBJ_288 /* ImageIOTests.swift in Sources */ = {isa = PBXBuildFile; fileRef = OBJ_116 /* ImageIOTests.swift */; };
		OBJ_289 /* BicubicInterpolationTests.swift in Sources */ = {isa = PBXBuildFile; fileRef = OBJ_118 /* BicubicInterpolationTests.swift */; };
		OBJ_290 /* BilinearInterpolationTests.swift in Sources */ = {isa = PBXBuildFile; fileRef = OBJ_119 /* BilinearInterpolationTests.swift */; };
		OBJ_291 /* NearestNeighborInterpolatorTests.swift in Sources */ = {isa = PBXBuildFile; fileRef = OBJ_120 /* NearestNeighborInterpolatorTests.swift */; };
		OBJ_292 /* ClipTests.swift in Sources */ = {isa = PBXBuildFile; fileRef = OBJ_122 /* ClipTests.swift */; };
		OBJ_293 /* ConcatenateTests.swift in Sources */ = {isa = PBXBuildFile; fileRef = OBJ_123 /* ConcatenateTests.swift */; };
		OBJ_294 /* RoundingTests.swift in Sources */ = {isa = PBXBuildFile; fileRef = OBJ_124 /* RoundingTests.swift */; };
		OBJ_295 /* AppKitTests.swift in Sources */ = {isa = PBXBuildFile; fileRef = OBJ_126 /* AppKitTests.swift */; };
		OBJ_296 /* vImageUtilsTests.swift in Sources */ = {isa = PBXBuildFile; fileRef = OBJ_127 /* vImageUtilsTests.swift */; };
		OBJ_297 /* ShapeTests.swift in Sources */ = {isa = PBXBuildFile; fileRef = OBJ_129 /* ShapeTests.swift */; };
		OBJ_298 /* ChannelSubscriptTests.swift in Sources */ = {isa = PBXBuildFile; fileRef = OBJ_131 /* ChannelSubscriptTests.swift */; };
		OBJ_299 /* PixelSubscriptTests.swift in Sources */ = {isa = PBXBuildFile; fileRef = OBJ_132 /* PixelSubscriptTests.swift */; };
		OBJ_300 /* SubimageSubscriptTests.swift in Sources */ = {isa = PBXBuildFile; fileRef = OBJ_133 /* SubimageSubscriptTests.swift */; };
		OBJ_301 /* AffineTransformationTests.swift in Sources */ = {isa = PBXBuildFile; fileRef = OBJ_135 /* AffineTransformationTests.swift */; };
		OBJ_302 /* ResizeTests.swift in Sources */ = {isa = PBXBuildFile; fileRef = OBJ_136 /* ResizeTests.swift */; };
		OBJ_303 /* TransformationTests.swift in Sources */ = {isa = PBXBuildFile; fileRef = OBJ_137 /* TransformationTests.swift */; };
		OBJ_304 /* HomogeneousTransformationMatrixTests.swift in Sources */ = {isa = PBXBuildFile; fileRef = OBJ_138 /* HomogeneousTransformationMatrixTests.swift */; };
		OBJ_305 /* Random.swift in Sources */ = {isa = PBXBuildFile; fileRef = OBJ_140 /* Random.swift */; };
		OBJ_306 /* Utils.swift in Sources */ = {isa = PBXBuildFile; fileRef = OBJ_141 /* Utils.swift */; };
		OBJ_307 /* XCTAssertEqualWithAccuracy.swift in Sources */ = {isa = PBXBuildFile; fileRef = OBJ_142 /* XCTAssertEqualWithAccuracy.swift */; };
		OBJ_308 /* MatmulTests.swift in Sources */ = {isa = PBXBuildFile; fileRef = OBJ_144 /* MatmulTests.swift */; };
		OBJ_310 /* Swim.framework in Frameworks */ = {isa = PBXBuildFile; fileRef = "Swim::Swim::Product" /* Swim.framework */; };
		OBJ_311 /* CStbImage.framework in Frameworks */ = {isa = PBXBuildFile; fileRef = "Swim::CStbImage::Product" /* CStbImage.framework */; };
		OBJ_318 /* BayerVisualTests.swift in Sources */ = {isa = PBXBuildFile; fileRef = OBJ_146 /* BayerVisualTests.swift */; };
		OBJ_319 /* BlendVisualTests.swift in Sources */ = {isa = PBXBuildFile; fileRef = OBJ_147 /* BlendVisualTests.swift */; };
		OBJ_320 /* FilterVisualTests.swift in Sources */ = {isa = PBXBuildFile; fileRef = OBJ_148 /* FilterVisualTests.swift */; };
		OBJ_321 /* OtherVisualTests.swift in Sources */ = {isa = PBXBuildFile; fileRef = OBJ_149 /* OtherVisualTests.swift */; };
		OBJ_322 /* ResizeVisualTests.swift in Sources */ = {isa = PBXBuildFile; fileRef = OBJ_150 /* ResizeVisualTests.swift */; };
		OBJ_323 /* Utils.swift in Sources */ = {isa = PBXBuildFile; fileRef = OBJ_151 /* Utils.swift */; };
		OBJ_324 /* WarpVisualTests.swift in Sources */ = {isa = PBXBuildFile; fileRef = OBJ_152 /* WarpVisualTests.swift */; };
		OBJ_326 /* Swim.framework in Frameworks */ = {isa = PBXBuildFile; fileRef = "Swim::Swim::Product" /* Swim.framework */; };
		OBJ_327 /* CStbImage.framework in Frameworks */ = {isa = PBXBuildFile; fileRef = "Swim::CStbImage::Product" /* CStbImage.framework */; };
/* End PBXBuildFile section */

/* Begin PBXContainerItemProxy section */
		A732ABE0226D66AE00B2256E /* PBXContainerItemProxy */ = {
			isa = PBXContainerItemProxy;
			containerPortal = OBJ_1 /* Project object */;
			proxyType = 1;
			remoteGlobalIDString = "Swim::CStbImage";
			remoteInfo = CStbImage;
		};
		A732ABE1226D66AE00B2256E /* PBXContainerItemProxy */ = {
			isa = PBXContainerItemProxy;
			containerPortal = OBJ_1 /* Project object */;
			proxyType = 1;
			remoteGlobalIDString = "Swim::Swim";
			remoteInfo = Swim;
		};
		A732ABE2226D66AE00B2256E /* PBXContainerItemProxy */ = {
			isa = PBXContainerItemProxy;
			containerPortal = OBJ_1 /* Project object */;
			proxyType = 1;
			remoteGlobalIDString = "Swim::CStbImage";
			remoteInfo = CStbImage;
		};
		A732ABE3226D66AE00B2256E /* PBXContainerItemProxy */ = {
			isa = PBXContainerItemProxy;
			containerPortal = OBJ_1 /* Project object */;
			proxyType = 1;
			remoteGlobalIDString = "Swim::Swim";
			remoteInfo = Swim;
		};
		A732ABE4226D66AE00B2256E /* PBXContainerItemProxy */ = {
			isa = PBXContainerItemProxy;
			containerPortal = OBJ_1 /* Project object */;
			proxyType = 1;
			remoteGlobalIDString = "Swim::CStbImage";
			remoteInfo = CStbImage;
		};
		A732ABE5226D66AE00B2256E /* PBXContainerItemProxy */ = {
			isa = PBXContainerItemProxy;
			containerPortal = OBJ_1 /* Project object */;
			proxyType = 1;
			remoteGlobalIDString = "Swim::Swim";
			remoteInfo = Swim;
		};
		A732ABE6226D66AE00B2256E /* PBXContainerItemProxy */ = {
			isa = PBXContainerItemProxy;
			containerPortal = OBJ_1 /* Project object */;
			proxyType = 1;
			remoteGlobalIDString = "Swim::CStbImage";
			remoteInfo = CStbImage;
		};
		A732ABE7226D66B000B2256E /* PBXContainerItemProxy */ = {
			isa = PBXContainerItemProxy;
			containerPortal = OBJ_1 /* Project object */;
			proxyType = 1;
			remoteGlobalIDString = "Swim::SwimTests";
			remoteInfo = SwimTests;
		};
		A732ABE8226D66B000B2256E /* PBXContainerItemProxy */ = {
			isa = PBXContainerItemProxy;
			containerPortal = OBJ_1 /* Project object */;
			proxyType = 1;
			remoteGlobalIDString = "Swim::VisualTests";
			remoteInfo = VisualTests;
		};
		A732ABE9226D66B000B2256E /* PBXContainerItemProxy */ = {
			isa = PBXContainerItemProxy;
			containerPortal = OBJ_1 /* Project object */;
			proxyType = 1;
			remoteGlobalIDString = "Swim::PerformanceTests";
			remoteInfo = PerformanceTests;
		};
/* End PBXContainerItemProxy section */

/* Begin PBXFileReference section */
		A732ABEC226D6A3900B2256E /* UIKitTests.swift */ = {isa = PBXFileReference; lastKnownFileType = sourcecode.swift; path = UIKitTests.swift; sourceTree = "<group>"; };
		A732AC0B226DABB900B2256E /* HomogeneousTransformationMatrix.swift */ = {isa = PBXFileReference; lastKnownFileType = sourcecode.swift; path = HomogeneousTransformationMatrix.swift; sourceTree = "<group>"; };
		A732AC0E226E968800B2256E /* PixelRef.swift */ = {isa = PBXFileReference; lastKnownFileType = sourcecode.swift; path = PixelRef.swift; sourceTree = "<group>"; };
		A732AC11226E9BC200B2256E /* PixelProtocol.swift */ = {isa = PBXFileReference; lastKnownFileType = sourcecode.swift; path = PixelProtocol.swift; sourceTree = "<group>"; };
		A732AC19226EA2E100B2256E /* ScalarCompoundAssignmentOperator.swift */ = {isa = PBXFileReference; lastKnownFileType = sourcecode.swift; path = ScalarCompoundAssignmentOperator.swift; sourceTree = "<group>"; };
		A732AC1C226EA60200B2256E /* PixelCompoundAssignmentOperator.swift */ = {isa = PBXFileReference; lastKnownFileType = sourcecode.swift; path = PixelCompoundAssignmentOperator.swift; sourceTree = "<group>"; };
		A732AC1F226EAAE800B2256E /* PixelBinaryScalarOperator.swift */ = {isa = PBXFileReference; lastKnownFileType = sourcecode.swift; path = PixelBinaryScalarOperator.swift; sourceTree = "<group>"; };
		A732AC24226EB5D100B2256E /* PixelUnaryOperator.swift */ = {isa = PBXFileReference; lastKnownFileType = sourcecode.swift; path = PixelUnaryOperator.swift; sourceTree = "<group>"; };
		A732AC27226EB6A200B2256E /* BasicPerformanceTests.swift */ = {isa = PBXFileReference; lastKnownFileType = sourcecode.swift; path = BasicPerformanceTests.swift; sourceTree = "<group>"; };
		A732AC29226EBA9900B2256E /* ImageCompoundAssignmentOperator.swift */ = {isa = PBXFileReference; lastKnownFileType = sourcecode.swift; path = ImageCompoundAssignmentOperator.swift; sourceTree = "<group>"; };
		A732AC2C226EC6BB00B2256E /* PixelRefCompoundAssignmentOperator.swift */ = {isa = PBXFileReference; lastKnownFileType = sourcecode.swift; path = PixelRefCompoundAssignmentOperator.swift; sourceTree = "<group>"; };
		A732AE96226ECF3300B2256E /* MutablePixelRefArithmeticTests.swift */ = {isa = PBXFileReference; lastKnownFileType = sourcecode.swift; path = MutablePixelRefArithmeticTests.swift; sourceTree = "<group>"; };
		A732AE9A226ED0AE00B2256E /* PixelRefScalarCompoundAssignmentOperator.swift */ = {isa = PBXFileReference; lastKnownFileType = sourcecode.swift; path = PixelRefScalarCompoundAssignmentOperator.swift; sourceTree = "<group>"; };
		A732B3912270232E00B2256E /* Padding.swift */ = {isa = PBXFileReference; lastKnownFileType = sourcecode.swift; path = Padding.swift; sourceTree = "<group>"; };
		A732B394227025B300B2256E /* PaddingTests.swift */ = {isa = PBXFileReference; lastKnownFileType = sourcecode.swift; path = PaddingTests.swift; sourceTree = "<group>"; };
		A732B39722714E3E00B2256E /* Interpolator4x4.swift */ = {isa = PBXFileReference; lastKnownFileType = sourcecode.swift; path = Interpolator4x4.swift; sourceTree = "<group>"; };
		A732B39922714F0700B2256E /* LanczosInterpolator.swift */ = {isa = PBXFileReference; lastKnownFileType = sourcecode.swift; path = LanczosInterpolator.swift; sourceTree = "<group>"; };
		OBJ_100 /* Im2colTests.swift */ = {isa = PBXFileReference; lastKnownFileType = sourcecode.swift; path = Im2colTests.swift; sourceTree = "<group>"; };
		OBJ_101 /* IntegralImageTests.swift */ = {isa = PBXFileReference; lastKnownFileType = sourcecode.swift; path = IntegralImageTests.swift; sourceTree = "<group>"; };
		OBJ_103 /* ImageArithmeticTests.swift */ = {isa = PBXFileReference; lastKnownFileType = sourcecode.swift; path = ImageArithmeticTests.swift; sourceTree = "<group>"; };
		OBJ_105 /* AlphaBlendTests.swift */ = {isa = PBXFileReference; lastKnownFileType = sourcecode.swift; path = AlphaBlendTests.swift; sourceTree = "<group>"; };
		OBJ_107 /* ChannelCompositionTests.swift */ = {isa = PBXFileReference; lastKnownFileType = sourcecode.swift; path = ChannelCompositionTests.swift; sourceTree = "<group>"; };
		OBJ_108 /* ChannelwiseConversionTests.swift */ = {isa = PBXFileReference; lastKnownFileType = sourcecode.swift; path = ChannelwiseConversionTests.swift; sourceTree = "<group>"; };
		OBJ_109 /* DataTypeConversionTests.swift */ = {isa = PBXFileReference; lastKnownFileType = sourcecode.swift; path = DataTypeConversionTests.swift; sourceTree = "<group>"; };
		OBJ_11 /* stb_image_write.h */ = {isa = PBXFileReference; lastKnownFileType = sourcecode.c.h; path = stb_image_write.h; sourceTree = "<group>"; };
		OBJ_110 /* PixelTypeConversionTests.swift */ = {isa = PBXFileReference; lastKnownFileType = sourcecode.swift; path = PixelTypeConversionTests.swift; sourceTree = "<group>"; };
		OBJ_111 /* PixelwiseConversionTests.swift */ = {isa = PBXFileReference; lastKnownFileType = sourcecode.swift; path = PixelwiseConversionTests.swift; sourceTree = "<group>"; };
		OBJ_113 /* ImageTests.swift */ = {isa = PBXFileReference; lastKnownFileType = sourcecode.swift; path = ImageTests.swift; sourceTree = "<group>"; };
		OBJ_116 /* ImageIOTests.swift */ = {isa = PBXFileReference; lastKnownFileType = sourcecode.swift; path = ImageIOTests.swift; sourceTree = "<group>"; };
		OBJ_118 /* BicubicInterpolationTests.swift */ = {isa = PBXFileReference; lastKnownFileType = sourcecode.swift; path = BicubicInterpolationTests.swift; sourceTree = "<group>"; };
		OBJ_119 /* BilinearInterpolationTests.swift */ = {isa = PBXFileReference; lastKnownFileType = sourcecode.swift; path = BilinearInterpolationTests.swift; sourceTree = "<group>"; };
		OBJ_12 /* stb_image.h */ = {isa = PBXFileReference; lastKnownFileType = sourcecode.c.h; path = stb_image.h; sourceTree = "<group>"; };
		OBJ_120 /* NearestNeighborInterpolatorTests.swift */ = {isa = PBXFileReference; lastKnownFileType = sourcecode.swift; path = NearestNeighborInterpolatorTests.swift; sourceTree = "<group>"; };
		OBJ_122 /* ClipTests.swift */ = {isa = PBXFileReference; lastKnownFileType = sourcecode.swift; path = ClipTests.swift; sourceTree = "<group>"; };
		OBJ_123 /* ConcatenateTests.swift */ = {isa = PBXFileReference; lastKnownFileType = sourcecode.swift; path = ConcatenateTests.swift; sourceTree = "<group>"; };
		OBJ_124 /* RoundingTests.swift */ = {isa = PBXFileReference; lastKnownFileType = sourcecode.swift; path = RoundingTests.swift; sourceTree = "<group>"; };
		OBJ_126 /* AppKitTests.swift */ = {isa = PBXFileReference; lastKnownFileType = sourcecode.swift; path = AppKitTests.swift; sourceTree = "<group>"; };
		OBJ_127 /* vImageUtilsTests.swift */ = {isa = PBXFileReference; lastKnownFileType = sourcecode.swift; path = vImageUtilsTests.swift; sourceTree = "<group>"; };
		OBJ_129 /* ShapeTests.swift */ = {isa = PBXFileReference; lastKnownFileType = sourcecode.swift; path = ShapeTests.swift; sourceTree = "<group>"; };
		OBJ_13 /* CStbImage.h */ = {isa = PBXFileReference; lastKnownFileType = sourcecode.c.h; path = CStbImage.h; sourceTree = "<group>"; };
		OBJ_131 /* ChannelSubscriptTests.swift */ = {isa = PBXFileReference; lastKnownFileType = sourcecode.swift; path = ChannelSubscriptTests.swift; sourceTree = "<group>"; };
		OBJ_132 /* PixelSubscriptTests.swift */ = {isa = PBXFileReference; lastKnownFileType = sourcecode.swift; path = PixelSubscriptTests.swift; sourceTree = "<group>"; };
		OBJ_133 /* SubimageSubscriptTests.swift */ = {isa = PBXFileReference; lastKnownFileType = sourcecode.swift; path = SubimageSubscriptTests.swift; sourceTree = "<group>"; };
		OBJ_135 /* AffineTransformationTests.swift */ = {isa = PBXFileReference; lastKnownFileType = sourcecode.swift; path = AffineTransformationTests.swift; sourceTree = "<group>"; };
		OBJ_136 /* ResizeTests.swift */ = {isa = PBXFileReference; lastKnownFileType = sourcecode.swift; path = ResizeTests.swift; sourceTree = "<group>"; };
		OBJ_137 /* TransformationTests.swift */ = {isa = PBXFileReference; lastKnownFileType = sourcecode.swift; path = TransformationTests.swift; sourceTree = "<group>"; };
		OBJ_138 /* HomogeneousTransformationMatrixTests.swift */ = {isa = PBXFileReference; lastKnownFileType = sourcecode.swift; path = HomogeneousTransformationMatrixTests.swift; sourceTree = "<group>"; };
		OBJ_140 /* Random.swift */ = {isa = PBXFileReference; lastKnownFileType = sourcecode.swift; path = Random.swift; sourceTree = "<group>"; };
		OBJ_141 /* Utils.swift */ = {isa = PBXFileReference; lastKnownFileType = sourcecode.swift; path = Utils.swift; sourceTree = "<group>"; };
		OBJ_142 /* XCTAssertEqualWithAccuracy.swift */ = {isa = PBXFileReference; lastKnownFileType = sourcecode.swift; path = XCTAssertEqualWithAccuracy.swift; sourceTree = "<group>"; };
		OBJ_144 /* MatmulTests.swift */ = {isa = PBXFileReference; lastKnownFileType = sourcecode.swift; path = MatmulTests.swift; sourceTree = "<group>"; };
		OBJ_146 /* BayerVisualTests.swift */ = {isa = PBXFileReference; lastKnownFileType = sourcecode.swift; path = BayerVisualTests.swift; sourceTree = "<group>"; };
		OBJ_147 /* BlendVisualTests.swift */ = {isa = PBXFileReference; lastKnownFileType = sourcecode.swift; path = BlendVisualTests.swift; sourceTree = "<group>"; };
		OBJ_148 /* FilterVisualTests.swift */ = {isa = PBXFileReference; lastKnownFileType = sourcecode.swift; path = FilterVisualTests.swift; sourceTree = "<group>"; };
		OBJ_149 /* OtherVisualTests.swift */ = {isa = PBXFileReference; lastKnownFileType = sourcecode.swift; path = OtherVisualTests.swift; sourceTree = "<group>"; };
		OBJ_150 /* ResizeVisualTests.swift */ = {isa = PBXFileReference; lastKnownFileType = sourcecode.swift; path = ResizeVisualTests.swift; sourceTree = "<group>"; };
		OBJ_151 /* Utils.swift */ = {isa = PBXFileReference; lastKnownFileType = sourcecode.swift; path = Utils.swift; sourceTree = "<group>"; };
		OBJ_152 /* WarpVisualTests.swift */ = {isa = PBXFileReference; lastKnownFileType = sourcecode.swift; path = WarpVisualTests.swift; sourceTree = "<group>"; };
		OBJ_159 /* TestResources */ = {isa = PBXFileReference; lastKnownFileType = folder; path = TestResources; sourceTree = SOURCE_ROOT; };
		OBJ_16 /* Bayer.swift */ = {isa = PBXFileReference; lastKnownFileType = sourcecode.swift; path = Bayer.swift; sourceTree = "<group>"; };
		OBJ_160 /* LICENSE */ = {isa = PBXFileReference; lastKnownFileType = text; path = LICENSE; sourceTree = "<group>"; };
		OBJ_161 /* readme.md */ = {isa = PBXFileReference; lastKnownFileType = net.daringfireball.markdown; path = readme.md; sourceTree = "<group>"; };
		OBJ_17 /* Convolution.swift */ = {isa = PBXFileReference; lastKnownFileType = sourcecode.swift; path = Convolution.swift; sourceTree = "<group>"; };
		OBJ_18 /* Correlation.swift */ = {isa = PBXFileReference; lastKnownFileType = sourcecode.swift; path = Correlation.swift; sourceTree = "<group>"; };
		OBJ_19 /* Filter.swift */ = {isa = PBXFileReference; lastKnownFileType = sourcecode.swift; path = Filter.swift; sourceTree = "<group>"; };
		OBJ_20 /* Im2col.swift */ = {isa = PBXFileReference; lastKnownFileType = sourcecode.swift; path = Im2col.swift; sourceTree = "<group>"; };
		OBJ_21 /* IntegralImage.swift */ = {isa = PBXFileReference; lastKnownFileType = sourcecode.swift; path = IntegralImage.swift; sourceTree = "<group>"; };
		OBJ_23 /* ImageBinaryScalarOperator.swift */ = {isa = PBXFileReference; lastKnownFileType = sourcecode.swift; path = ImageBinaryScalarOperator.swift; sourceTree = "<group>"; };
		OBJ_24 /* ImageBinaryOperators.swift */ = {isa = PBXFileReference; lastKnownFileType = sourcecode.swift; path = ImageBinaryOperators.swift; sourceTree = "<group>"; };
		OBJ_25 /* ImageUnaryOperators.swift */ = {isa = PBXFileReference; lastKnownFileType = sourcecode.swift; path = ImageUnaryOperators.swift; sourceTree = "<group>"; };
		OBJ_27 /* AdditiveBlend.swift */ = {isa = PBXFileReference; lastKnownFileType = sourcecode.swift; path = AdditiveBlend.swift; sourceTree = "<group>"; };
		OBJ_28 /* AlphaBlend.swift */ = {isa = PBXFileReference; lastKnownFileType = sourcecode.swift; path = AlphaBlend.swift; sourceTree = "<group>"; };
		OBJ_29 /* Blender.swift */ = {isa = PBXFileReference; lastKnownFileType = sourcecode.swift; path = Blender.swift; sourceTree = "<group>"; };
		OBJ_30 /* MultiplyBlend.swift */ = {isa = PBXFileReference; lastKnownFileType = sourcecode.swift; path = MultiplyBlend.swift; sourceTree = "<group>"; };
		OBJ_31 /* OverlayBlend.swift */ = {isa = PBXFileReference; lastKnownFileType = sourcecode.swift; path = OverlayBlend.swift; sourceTree = "<group>"; };
		OBJ_32 /* ScreenBlend.swift */ = {isa = PBXFileReference; lastKnownFileType = sourcecode.swift; path = ScreenBlend.swift; sourceTree = "<group>"; };
		OBJ_34 /* ChannelComposition.swift */ = {isa = PBXFileReference; lastKnownFileType = sourcecode.swift; path = ChannelComposition.swift; sourceTree = "<group>"; };
		OBJ_35 /* ChannelwiseConversion.swift */ = {isa = PBXFileReference; lastKnownFileType = sourcecode.swift; path = ChannelwiseConversion.swift; sourceTree = "<group>"; };
		OBJ_36 /* DataTypeConversion.swift */ = {isa = PBXFileReference; lastKnownFileType = sourcecode.swift; path = DataTypeConversion.swift; sourceTree = "<group>"; };
		OBJ_37 /* PixelTypeConversion.swift */ = {isa = PBXFileReference; lastKnownFileType = sourcecode.swift; path = PixelTypeConversion.swift; sourceTree = "<group>"; };
		OBJ_38 /* PixelwiseConversion.swift */ = {isa = PBXFileReference; lastKnownFileType = sourcecode.swift; path = PixelwiseConversion.swift; sourceTree = "<group>"; };
		OBJ_40 /* DataContainer.swift */ = {isa = PBXFileReference; lastKnownFileType = sourcecode.swift; path = DataContainer.swift; sourceTree = "<group>"; };
		OBJ_41 /* DataType.swift */ = {isa = PBXFileReference; lastKnownFileType = sourcecode.swift; path = DataType.swift; sourceTree = "<group>"; };
		OBJ_42 /* Image.swift */ = {isa = PBXFileReference; lastKnownFileType = sourcecode.swift; path = Image.swift; sourceTree = "<group>"; };
		OBJ_43 /* Initializers.swift */ = {isa = PBXFileReference; lastKnownFileType = sourcecode.swift; path = Initializers.swift; sourceTree = "<group>"; };
		OBJ_44 /* Pixel.swift */ = {isa = PBXFileReference; lastKnownFileType = sourcecode.swift; path = Pixel.swift; sourceTree = "<group>"; };
		OBJ_45 /* PixelType.swift */ = {isa = PBXFileReference; lastKnownFileType = sourcecode.swift; path = PixelType.swift; sourceTree = "<group>"; };
		OBJ_48 /* ImageFileFormat.swift */ = {isa = PBXFileReference; lastKnownFileType = sourcecode.swift; path = ImageFileFormat.swift; sourceTree = "<group>"; };
		OBJ_49 /* ReadImage.swift */ = {isa = PBXFileReference; lastKnownFileType = sourcecode.swift; path = ReadImage.swift; sourceTree = "<group>"; };
		OBJ_50 /* WriteImage.swift */ = {isa = PBXFileReference; lastKnownFileType = sourcecode.swift; path = WriteImage.swift; sourceTree = "<group>"; };
		OBJ_52 /* BicubicInterpolator.swift */ = {isa = PBXFileReference; lastKnownFileType = sourcecode.swift; path = BicubicInterpolator.swift; sourceTree = "<group>"; };
		OBJ_53 /* BilinearInterpolator.swift */ = {isa = PBXFileReference; lastKnownFileType = sourcecode.swift; path = BilinearInterpolator.swift; sourceTree = "<group>"; };
		OBJ_54 /* Interpolator.swift */ = {isa = PBXFileReference; lastKnownFileType = sourcecode.swift; path = Interpolator.swift; sourceTree = "<group>"; };
		OBJ_55 /* NearestNeighborInterpolator.swift */ = {isa = PBXFileReference; lastKnownFileType = sourcecode.swift; path = NearestNeighborInterpolator.swift; sourceTree = "<group>"; };
		OBJ_57 /* Clip.swift */ = {isa = PBXFileReference; lastKnownFileType = sourcecode.swift; path = Clip.swift; sourceTree = "<group>"; };
		OBJ_58 /* Concatenation.swift */ = {isa = PBXFileReference; lastKnownFileType = sourcecode.swift; path = Concatenation.swift; sourceTree = "<group>"; };
		OBJ_59 /* Fill.swift */ = {isa = PBXFileReference; lastKnownFileType = sourcecode.swift; path = Fill.swift; sourceTree = "<group>"; };
		OBJ_6 /* Package.swift */ = {isa = PBXFileReference; explicitFileType = sourcecode.swift; path = Package.swift; sourceTree = "<group>"; };
		OBJ_60 /* Rounding.swift */ = {isa = PBXFileReference; lastKnownFileType = sourcecode.swift; path = Rounding.swift; sourceTree = "<group>"; };
		OBJ_62 /* AppKit.swift */ = {isa = PBXFileReference; lastKnownFileType = sourcecode.swift; path = AppKit.swift; sourceTree = "<group>"; };
		OBJ_63 /* CoreGraphics.swift */ = {isa = PBXFileReference; lastKnownFileType = sourcecode.swift; path = CoreGraphics.swift; sourceTree = "<group>"; };
		OBJ_64 /* UIKit.swift */ = {isa = PBXFileReference; lastKnownFileType = sourcecode.swift; path = UIKit.swift; sourceTree = "<group>"; };
		OBJ_66 /* vImageAlphaBlend.swift */ = {isa = PBXFileReference; lastKnownFileType = sourcecode.swift; path = vImageAlphaBlend.swift; sourceTree = "<group>"; };
		OBJ_67 /* vImageBuffer.swift */ = {isa = PBXFileReference; lastKnownFileType = sourcecode.swift; path = vImageBuffer.swift; sourceTree = "<group>"; };
		OBJ_68 /* vImageMorphology.swift */ = {isa = PBXFileReference; lastKnownFileType = sourcecode.swift; path = vImageMorphology.swift; sourceTree = "<group>"; };
		OBJ_69 /* vImageUtils.swift */ = {isa = PBXFileReference; lastKnownFileType = sourcecode.swift; path = vImageUtils.swift; sourceTree = "<group>"; };
		OBJ_71 /* Shape.swift */ = {isa = PBXFileReference; lastKnownFileType = sourcecode.swift; path = Shape.swift; sourceTree = "<group>"; };
		OBJ_73 /* ChannelSubscript.swift */ = {isa = PBXFileReference; lastKnownFileType = sourcecode.swift; path = ChannelSubscript.swift; sourceTree = "<group>"; };
		OBJ_74 /* PixelSubscript.swift */ = {isa = PBXFileReference; lastKnownFileType = sourcecode.swift; path = PixelSubscript.swift; sourceTree = "<group>"; };
		OBJ_75 /* SubimageSubscript.swift */ = {isa = PBXFileReference; lastKnownFileType = sourcecode.swift; path = SubimageSubscript.swift; sourceTree = "<group>"; };
		OBJ_77 /* AffineTransformation.swift */ = {isa = PBXFileReference; lastKnownFileType = sourcecode.swift; path = AffineTransformation.swift; sourceTree = "<group>"; };
		OBJ_78 /* Flip.swift */ = {isa = PBXFileReference; lastKnownFileType = sourcecode.swift; path = Flip.swift; sourceTree = "<group>"; };
		OBJ_79 /* Resize.swift */ = {isa = PBXFileReference; lastKnownFileType = sourcecode.swift; path = Resize.swift; sourceTree = "<group>"; };
		OBJ_80 /* Rotate.swift */ = {isa = PBXFileReference; lastKnownFileType = sourcecode.swift; path = Rotate.swift; sourceTree = "<group>"; };
		OBJ_81 /* Warp.swift */ = {isa = PBXFileReference; lastKnownFileType = sourcecode.swift; path = Warp.swift; sourceTree = "<group>"; };
		OBJ_83 /* ArrayExt.swift */ = {isa = PBXFileReference; lastKnownFileType = sourcecode.swift; path = ArrayExt.swift; sourceTree = "<group>"; };
		OBJ_84 /* Clamp.swift */ = {isa = PBXFileReference; lastKnownFileType = sourcecode.swift; path = Clamp.swift; sourceTree = "<group>"; };
		OBJ_85 /* DotProduct.swift */ = {isa = PBXFileReference; lastKnownFileType = sourcecode.swift; path = DotProduct.swift; sourceTree = "<group>"; };
		OBJ_86 /* Interleave.swift */ = {isa = PBXFileReference; lastKnownFileType = sourcecode.swift; path = Interleave.swift; sourceTree = "<group>"; };
		OBJ_87 /* Matmul.swift */ = {isa = PBXFileReference; lastKnownFileType = sourcecode.swift; path = Matmul.swift; sourceTree = "<group>"; };
		OBJ_88 /* Rect.swift */ = {isa = PBXFileReference; lastKnownFileType = sourcecode.swift; path = Rect.swift; sourceTree = "<group>"; };
		OBJ_89 /* Run.swift */ = {isa = PBXFileReference; lastKnownFileType = sourcecode.swift; path = Run.swift; sourceTree = "<group>"; };
		OBJ_9 /* image_io.c */ = {isa = PBXFileReference; lastKnownFileType = sourcecode.c.c; path = image_io.c; sourceTree = "<group>"; };
		OBJ_90 /* StrideCopy.swift */ = {isa = PBXFileReference; lastKnownFileType = sourcecode.swift; path = StrideCopy.swift; sourceTree = "<group>"; };
		OBJ_93 /* PerformanceTests.swift */ = {isa = PBXFileReference; lastKnownFileType = sourcecode.swift; path = PerformanceTests.swift; sourceTree = "<group>"; };
		OBJ_96 /* BayerTests.swift */ = {isa = PBXFileReference; lastKnownFileType = sourcecode.swift; path = BayerTests.swift; sourceTree = "<group>"; };
		OBJ_97 /* ConvolutionTests.swift */ = {isa = PBXFileReference; lastKnownFileType = sourcecode.swift; path = ConvolutionTests.swift; sourceTree = "<group>"; };
		OBJ_98 /* CorrelationTests.swift */ = {isa = PBXFileReference; lastKnownFileType = sourcecode.swift; path = CorrelationTests.swift; sourceTree = "<group>"; };
		OBJ_99 /* FilterTests.swift */ = {isa = PBXFileReference; lastKnownFileType = sourcecode.swift; path = FilterTests.swift; sourceTree = "<group>"; };
		"Swim::CStbImage::Product" /* CStbImage.framework */ = {isa = PBXFileReference; explicitFileType = wrapper.framework; path = CStbImage.framework; sourceTree = BUILT_PRODUCTS_DIR; };
		"Swim::PerformanceTests::Product" /* PerformanceTests.xctest */ = {isa = PBXFileReference; explicitFileType = wrapper.cfbundle; path = PerformanceTests.xctest; sourceTree = BUILT_PRODUCTS_DIR; };
		"Swim::Swim::Product" /* Swim.framework */ = {isa = PBXFileReference; lastKnownFileType = wrapper.framework; path = Swim.framework; sourceTree = BUILT_PRODUCTS_DIR; };
		"Swim::SwimTests::Product" /* SwimTests.xctest */ = {isa = PBXFileReference; explicitFileType = wrapper.cfbundle; path = SwimTests.xctest; sourceTree = BUILT_PRODUCTS_DIR; };
		"Swim::VisualTests::Product" /* VisualTests.xctest */ = {isa = PBXFileReference; explicitFileType = wrapper.cfbundle; path = VisualTests.xctest; sourceTree = BUILT_PRODUCTS_DIR; };
/* End PBXFileReference section */

/* Begin PBXFrameworksBuildPhase section */
		OBJ_172 /* Frameworks */ = {
			isa = PBXFrameworksBuildPhase;
			buildActionMask = 0;
			files = (
			);
			runOnlyForDeploymentPostprocessing = 0;
		};
		OBJ_179 /* Frameworks */ = {
			isa = PBXFrameworksBuildPhase;
			buildActionMask = 0;
			files = (
				OBJ_180 /* Swim.framework in Frameworks */,
				OBJ_181 /* CStbImage.framework in Frameworks */,
			);
			runOnlyForDeploymentPostprocessing = 0;
		};
		OBJ_251 /* Frameworks */ = {
			isa = PBXFrameworksBuildPhase;
			buildActionMask = 0;
			files = (
				OBJ_252 /* CStbImage.framework in Frameworks */,
			);
			runOnlyForDeploymentPostprocessing = 0;
		};
		OBJ_309 /* Frameworks */ = {
			isa = PBXFrameworksBuildPhase;
			buildActionMask = 0;
			files = (
				OBJ_310 /* Swim.framework in Frameworks */,
				OBJ_311 /* CStbImage.framework in Frameworks */,
			);
			runOnlyForDeploymentPostprocessing = 0;
		};
		OBJ_325 /* Frameworks */ = {
			isa = PBXFrameworksBuildPhase;
			buildActionMask = 0;
			files = (
				OBJ_326 /* Swim.framework in Frameworks */,
				OBJ_327 /* CStbImage.framework in Frameworks */,
			);
			runOnlyForDeploymentPostprocessing = 0;
		};
/* End PBXFrameworksBuildPhase section */

/* Begin PBXGroup section */
		OBJ_10 /* include */ = {
			isa = PBXGroup;
			children = (
				OBJ_11 /* stb_image_write.h */,
				OBJ_12 /* stb_image.h */,
				OBJ_13 /* CStbImage.h */,
			);
			path = include;
			sourceTree = "<group>";
		};
		OBJ_102 /* ArithmeticTests */ = {
			isa = PBXGroup;
			children = (
				OBJ_103 /* ImageArithmeticTests.swift */,
				A732AE96226ECF3300B2256E /* MutablePixelRefArithmeticTests.swift */,
			);
			path = ArithmeticTests;
			sourceTree = "<group>";
		};
		OBJ_104 /* BlendTests */ = {
			isa = PBXGroup;
			children = (
				OBJ_105 /* AlphaBlendTests.swift */,
			);
			path = BlendTests;
			sourceTree = "<group>";
		};
		OBJ_106 /* ConversionTests */ = {
			isa = PBXGroup;
			children = (
				OBJ_107 /* ChannelCompositionTests.swift */,
				OBJ_108 /* ChannelwiseConversionTests.swift */,
				OBJ_109 /* DataTypeConversionTests.swift */,
				OBJ_110 /* PixelTypeConversionTests.swift */,
				OBJ_111 /* PixelwiseConversionTests.swift */,
			);
			path = ConversionTests;
			sourceTree = "<group>";
		};
		OBJ_112 /* CoreTests */ = {
			isa = PBXGroup;
			children = (
				OBJ_113 /* ImageTests.swift */,
			);
			path = CoreTests;
			sourceTree = "<group>";
		};
		OBJ_115 /* IOTests */ = {
			isa = PBXGroup;
			children = (
				OBJ_116 /* ImageIOTests.swift */,
			);
			path = IOTests;
			sourceTree = "<group>";
		};
		OBJ_117 /* InterpolationTests */ = {
			isa = PBXGroup;
			children = (
				OBJ_118 /* BicubicInterpolationTests.swift */,
				OBJ_119 /* BilinearInterpolationTests.swift */,
				OBJ_120 /* NearestNeighborInterpolatorTests.swift */,
			);
			path = InterpolationTests;
			sourceTree = "<group>";
		};
		OBJ_121 /* ManipulationTests */ = {
			isa = PBXGroup;
			children = (
				OBJ_122 /* ClipTests.swift */,
				OBJ_123 /* ConcatenateTests.swift */,
				OBJ_124 /* RoundingTests.swift */,
				A732B394227025B300B2256E /* PaddingTests.swift */,
			);
			path = ManipulationTests;
			sourceTree = "<group>";
		};
		OBJ_125 /* PlatformTests */ = {
			isa = PBXGroup;
			children = (
				OBJ_126 /* AppKitTests.swift */,
				OBJ_127 /* vImageUtilsTests.swift */,
				A732ABEC226D6A3900B2256E /* UIKitTests.swift */,
			);
			path = PlatformTests;
			sourceTree = "<group>";
		};
		OBJ_128 /* ShapeTests */ = {
			isa = PBXGroup;
			children = (
				OBJ_129 /* ShapeTests.swift */,
			);
			path = ShapeTests;
			sourceTree = "<group>";
		};
		OBJ_130 /* SubscriptTests */ = {
			isa = PBXGroup;
			children = (
				OBJ_131 /* ChannelSubscriptTests.swift */,
				OBJ_132 /* PixelSubscriptTests.swift */,
				OBJ_133 /* SubimageSubscriptTests.swift */,
			);
			path = SubscriptTests;
			sourceTree = "<group>";
		};
		OBJ_134 /* TransformationTests */ = {
			isa = PBXGroup;
			children = (
				OBJ_135 /* AffineTransformationTests.swift */,
				OBJ_136 /* ResizeTests.swift */,
				OBJ_137 /* TransformationTests.swift */,
				OBJ_138 /* HomogeneousTransformationMatrixTests.swift */,
			);
			path = TransformationTests;
			sourceTree = "<group>";
		};
		OBJ_139 /* Utility */ = {
			isa = PBXGroup;
			children = (
				OBJ_140 /* Random.swift */,
				OBJ_141 /* Utils.swift */,
				OBJ_142 /* XCTAssertEqualWithAccuracy.swift */,
			);
			path = Utility;
			sourceTree = "<group>";
		};
		OBJ_14 /* Swim */ = {
			isa = PBXGroup;
			children = (
				OBJ_15 /* Advance */,
				OBJ_22 /* Arithmetic */,
				OBJ_26 /* Blend */,
				OBJ_33 /* Conversion */,
				OBJ_39 /* Core */,
				OBJ_47 /* IO */,
				OBJ_51 /* Interpolation */,
				OBJ_56 /* Manipulation */,
				OBJ_61 /* Platform */,
				OBJ_70 /* Shape */,
				OBJ_72 /* Subscript */,
				OBJ_76 /* Transformation */,
				OBJ_82 /* Utility */,
			);
			name = Swim;
			path = Sources/Swim;
			sourceTree = SOURCE_ROOT;
		};
		OBJ_143 /* UtilityTests */ = {
			isa = PBXGroup;
			children = (
				OBJ_144 /* MatmulTests.swift */,
			);
			path = UtilityTests;
			sourceTree = "<group>";
		};
		OBJ_145 /* VisualTests */ = {
			isa = PBXGroup;
			children = (
				OBJ_146 /* BayerVisualTests.swift */,
				OBJ_147 /* BlendVisualTests.swift */,
				OBJ_148 /* FilterVisualTests.swift */,
				OBJ_149 /* OtherVisualTests.swift */,
				OBJ_150 /* ResizeVisualTests.swift */,
				OBJ_151 /* Utils.swift */,
				OBJ_152 /* WarpVisualTests.swift */,
			);
			name = VisualTests;
			path = Tests/VisualTests;
			sourceTree = SOURCE_ROOT;
		};
		OBJ_15 /* Advance */ = {
			isa = PBXGroup;
			children = (
				OBJ_16 /* Bayer.swift */,
				OBJ_17 /* Convolution.swift */,
				OBJ_18 /* Correlation.swift */,
				OBJ_19 /* Filter.swift */,
				OBJ_20 /* Im2col.swift */,
				OBJ_21 /* IntegralImage.swift */,
			);
			path = Advance;
			sourceTree = "<group>";
		};
		OBJ_153 /* Products */ = {
			isa = PBXGroup;
			children = (
				"Swim::CStbImage::Product" /* CStbImage.framework */,
				"Swim::VisualTests::Product" /* VisualTests.xctest */,
				"Swim::PerformanceTests::Product" /* PerformanceTests.xctest */,
				"Swim::SwimTests::Product" /* SwimTests.xctest */,
				"Swim::Swim::Product" /* Swim.framework */,
			);
			name = Products;
			sourceTree = BUILT_PRODUCTS_DIR;
		};
		OBJ_22 /* Arithmetic */ = {
			isa = PBXGroup;
			children = (
				OBJ_24 /* ImageBinaryOperators.swift */,
				OBJ_23 /* ImageBinaryScalarOperator.swift */,
				A732AC29226EBA9900B2256E /* ImageCompoundAssignmentOperator.swift */,
				OBJ_25 /* ImageUnaryOperators.swift */,
				A732AC1F226EAAE800B2256E /* PixelBinaryScalarOperator.swift */,
				A732AC1C226EA60200B2256E /* PixelCompoundAssignmentOperator.swift */,
				A732AC2C226EC6BB00B2256E /* PixelRefCompoundAssignmentOperator.swift */,
				A732AE9A226ED0AE00B2256E /* PixelRefScalarCompoundAssignmentOperator.swift */,
				A732AC24226EB5D100B2256E /* PixelUnaryOperator.swift */,
				A732AC19226EA2E100B2256E /* ScalarCompoundAssignmentOperator.swift */,
			);
			path = Arithmetic;
			sourceTree = "<group>";
		};
		OBJ_26 /* Blend */ = {
			isa = PBXGroup;
			children = (
				OBJ_27 /* AdditiveBlend.swift */,
				OBJ_28 /* AlphaBlend.swift */,
				OBJ_29 /* Blender.swift */,
				OBJ_30 /* MultiplyBlend.swift */,
				OBJ_31 /* OverlayBlend.swift */,
				OBJ_32 /* ScreenBlend.swift */,
			);
			path = Blend;
			sourceTree = "<group>";
		};
		OBJ_33 /* Conversion */ = {
			isa = PBXGroup;
			children = (
				OBJ_34 /* ChannelComposition.swift */,
				OBJ_35 /* ChannelwiseConversion.swift */,
				OBJ_36 /* DataTypeConversion.swift */,
				OBJ_37 /* PixelTypeConversion.swift */,
				OBJ_38 /* PixelwiseConversion.swift */,
			);
			path = Conversion;
			sourceTree = "<group>";
		};
		OBJ_39 /* Core */ = {
			isa = PBXGroup;
			children = (
				OBJ_40 /* DataContainer.swift */,
				OBJ_41 /* DataType.swift */,
				OBJ_44 /* Pixel.swift */,
				A732AC0E226E968800B2256E /* PixelRef.swift */,
				A732AC11226E9BC200B2256E /* PixelProtocol.swift */,
				OBJ_42 /* Image.swift */,
				OBJ_43 /* Initializers.swift */,
				OBJ_45 /* PixelType.swift */,
			);
			path = Core;
			sourceTree = "<group>";
		};
		OBJ_47 /* IO */ = {
			isa = PBXGroup;
			children = (
				OBJ_48 /* ImageFileFormat.swift */,
				OBJ_49 /* ReadImage.swift */,
				OBJ_50 /* WriteImage.swift */,
			);
			path = IO;
			sourceTree = "<group>";
		};
		OBJ_5 = {
			isa = PBXGroup;
			children = (
				OBJ_6 /* Package.swift */,
				OBJ_7 /* Sources */,
				OBJ_91 /* Tests */,
				OBJ_153 /* Products */,
				OBJ_159 /* TestResources */,
				OBJ_160 /* LICENSE */,
				OBJ_161 /* readme.md */,
			);
			sourceTree = "<group>";
		};
		OBJ_51 /* Interpolation */ = {
			isa = PBXGroup;
			children = (
				OBJ_52 /* BicubicInterpolator.swift */,
				OBJ_53 /* BilinearInterpolator.swift */,
				OBJ_54 /* Interpolator.swift */,
				OBJ_55 /* NearestNeighborInterpolator.swift */,
				A732B39722714E3E00B2256E /* Interpolator4x4.swift */,
				A732B39922714F0700B2256E /* LanczosInterpolator.swift */,
			);
			path = Interpolation;
			sourceTree = "<group>";
		};
		OBJ_56 /* Manipulation */ = {
			isa = PBXGroup;
			children = (
				OBJ_57 /* Clip.swift */,
				OBJ_58 /* Concatenation.swift */,
				OBJ_59 /* Fill.swift */,
				OBJ_60 /* Rounding.swift */,
				A732B3912270232E00B2256E /* Padding.swift */,
			);
			path = Manipulation;
			sourceTree = "<group>";
		};
		OBJ_61 /* Platform */ = {
			isa = PBXGroup;
			children = (
				OBJ_62 /* AppKit.swift */,
				OBJ_63 /* CoreGraphics.swift */,
				OBJ_64 /* UIKit.swift */,
				OBJ_65 /* vImage */,
			);
			path = Platform;
			sourceTree = "<group>";
		};
		OBJ_65 /* vImage */ = {
			isa = PBXGroup;
			children = (
				OBJ_66 /* vImageAlphaBlend.swift */,
				OBJ_67 /* vImageBuffer.swift */,
				OBJ_68 /* vImageMorphology.swift */,
				OBJ_69 /* vImageUtils.swift */,
			);
			path = vImage;
			sourceTree = "<group>";
		};
		OBJ_7 /* Sources */ = {
			isa = PBXGroup;
			children = (
				OBJ_8 /* CStbImage */,
				OBJ_14 /* Swim */,
			);
			name = Sources;
			sourceTree = SOURCE_ROOT;
		};
		OBJ_70 /* Shape */ = {
			isa = PBXGroup;
			children = (
				OBJ_71 /* Shape.swift */,
			);
			path = Shape;
			sourceTree = "<group>";
		};
		OBJ_72 /* Subscript */ = {
			isa = PBXGroup;
			children = (
				OBJ_73 /* ChannelSubscript.swift */,
				OBJ_74 /* PixelSubscript.swift */,
				OBJ_75 /* SubimageSubscript.swift */,
			);
			path = Subscript;
			sourceTree = "<group>";
		};
		OBJ_76 /* Transformation */ = {
			isa = PBXGroup;
			children = (
				OBJ_77 /* AffineTransformation.swift */,
				OBJ_78 /* Flip.swift */,
				OBJ_79 /* Resize.swift */,
				OBJ_80 /* Rotate.swift */,
				OBJ_81 /* Warp.swift */,
				A732AC0B226DABB900B2256E /* HomogeneousTransformationMatrix.swift */,
			);
			path = Transformation;
			sourceTree = "<group>";
		};
		OBJ_8 /* CStbImage */ = {
			isa = PBXGroup;
			children = (
				OBJ_9 /* image_io.c */,
				OBJ_10 /* include */,
			);
			name = CStbImage;
			path = Sources/CStbImage;
			sourceTree = SOURCE_ROOT;
		};
		OBJ_82 /* Utility */ = {
			isa = PBXGroup;
			children = (
				OBJ_83 /* ArrayExt.swift */,
				OBJ_84 /* Clamp.swift */,
				OBJ_85 /* DotProduct.swift */,
				OBJ_86 /* Interleave.swift */,
				OBJ_87 /* Matmul.swift */,
				OBJ_88 /* Rect.swift */,
				OBJ_89 /* Run.swift */,
				OBJ_90 /* StrideCopy.swift */,
			);
			path = Utility;
			sourceTree = "<group>";
		};
		OBJ_91 /* Tests */ = {
			isa = PBXGroup;
			children = (
				OBJ_92 /* PerformanceTests */,
				OBJ_94 /* SwimTests */,
				OBJ_145 /* VisualTests */,
			);
			name = Tests;
			sourceTree = SOURCE_ROOT;
		};
		OBJ_92 /* PerformanceTests */ = {
			isa = PBXGroup;
			children = (
				OBJ_93 /* PerformanceTests.swift */,
				A732AC27226EB6A200B2256E /* BasicPerformanceTests.swift */,
			);
			name = PerformanceTests;
			path = Tests/PerformanceTests;
			sourceTree = SOURCE_ROOT;
		};
		OBJ_94 /* SwimTests */ = {
			isa = PBXGroup;
			children = (
				OBJ_95 /* AdvanceTests */,
				OBJ_102 /* ArithmeticTests */,
				OBJ_104 /* BlendTests */,
				OBJ_106 /* ConversionTests */,
				OBJ_112 /* CoreTests */,
				OBJ_115 /* IOTests */,
				OBJ_117 /* InterpolationTests */,
				OBJ_121 /* ManipulationTests */,
				OBJ_125 /* PlatformTests */,
				OBJ_128 /* ShapeTests */,
				OBJ_130 /* SubscriptTests */,
				OBJ_134 /* TransformationTests */,
				OBJ_139 /* Utility */,
				OBJ_143 /* UtilityTests */,
			);
			name = SwimTests;
			path = Tests/SwimTests;
			sourceTree = SOURCE_ROOT;
		};
		OBJ_95 /* AdvanceTests */ = {
			isa = PBXGroup;
			children = (
				OBJ_96 /* BayerTests.swift */,
				OBJ_97 /* ConvolutionTests.swift */,
				OBJ_98 /* CorrelationTests.swift */,
				OBJ_99 /* FilterTests.swift */,
				OBJ_100 /* Im2colTests.swift */,
				OBJ_101 /* IntegralImageTests.swift */,
			);
			path = AdvanceTests;
			sourceTree = "<group>";
		};
/* End PBXGroup section */

/* Begin PBXHeadersBuildPhase section */
		OBJ_168 /* Headers */ = {
			isa = PBXHeadersBuildPhase;
			buildActionMask = 0;
			files = (
				OBJ_169 /* stb_image_write.h in Headers */,
				OBJ_170 /* stb_image.h in Headers */,
				OBJ_171 /* CStbImage.h in Headers */,
			);
			runOnlyForDeploymentPostprocessing = 0;
		};
/* End PBXHeadersBuildPhase section */

/* Begin PBXNativeTarget section */
		"Swim::CStbImage" /* CStbImage */ = {
			isa = PBXNativeTarget;
			buildConfigurationList = OBJ_163 /* Build configuration list for PBXNativeTarget "CStbImage" */;
			buildPhases = (
				OBJ_166 /* Sources */,
				OBJ_168 /* Headers */,
				OBJ_172 /* Frameworks */,
			);
			buildRules = (
			);
			dependencies = (
			);
			name = CStbImage;
			productName = CStbImage;
			productReference = "Swim::CStbImage::Product" /* CStbImage.framework */;
			productType = "com.apple.product-type.framework";
		};
		"Swim::PerformanceTests" /* PerformanceTests */ = {
			isa = PBXNativeTarget;
			buildConfigurationList = OBJ_174 /* Build configuration list for PBXNativeTarget "PerformanceTests" */;
			buildPhases = (
				OBJ_177 /* Sources */,
				OBJ_179 /* Frameworks */,
			);
			buildRules = (
			);
			dependencies = (
				OBJ_182 /* PBXTargetDependency */,
				OBJ_184 /* PBXTargetDependency */,
			);
			name = PerformanceTests;
			productName = PerformanceTests;
			productReference = "Swim::PerformanceTests::Product" /* PerformanceTests.xctest */;
			productType = "com.apple.product-type.bundle.unit-test";
		};
		"Swim::SwiftPMPackageDescription" /* SwimPackageDescription */ = {
			isa = PBXNativeTarget;
			buildConfigurationList = OBJ_255 /* Build configuration list for PBXNativeTarget "SwimPackageDescription" */;
			buildPhases = (
				OBJ_258 /* Sources */,
			);
			buildRules = (
			);
			dependencies = (
			);
			name = SwimPackageDescription;
			productName = SwimPackageDescription;
			productType = "com.apple.product-type.framework";
		};
		"Swim::Swim" /* Swim */ = {
			isa = PBXNativeTarget;
			buildConfigurationList = OBJ_185 /* Build configuration list for PBXNativeTarget "Swim" */;
			buildPhases = (
				OBJ_188 /* Sources */,
				OBJ_251 /* Frameworks */,
			);
			buildRules = (
			);
			dependencies = (
				OBJ_253 /* PBXTargetDependency */,
			);
			name = Swim;
			productName = Swim;
			productReference = "Swim::Swim::Product" /* Swim.framework */;
			productType = "com.apple.product-type.framework";
		};
		"Swim::SwimTests" /* SwimTests */ = {
			isa = PBXNativeTarget;
			buildConfigurationList = OBJ_269 /* Build configuration list for PBXNativeTarget "SwimTests" */;
			buildPhases = (
				OBJ_272 /* Sources */,
				OBJ_309 /* Frameworks */,
			);
			buildRules = (
			);
			dependencies = (
				OBJ_312 /* PBXTargetDependency */,
				OBJ_313 /* PBXTargetDependency */,
			);
			name = SwimTests;
			productName = SwimTests;
			productReference = "Swim::SwimTests::Product" /* SwimTests.xctest */;
			productType = "com.apple.product-type.bundle.unit-test";
		};
		"Swim::VisualTests" /* VisualTests */ = {
			isa = PBXNativeTarget;
			buildConfigurationList = OBJ_314 /* Build configuration list for PBXNativeTarget "VisualTests" */;
			buildPhases = (
				OBJ_317 /* Sources */,
				OBJ_325 /* Frameworks */,
			);
			buildRules = (
			);
			dependencies = (
				OBJ_328 /* PBXTargetDependency */,
				OBJ_329 /* PBXTargetDependency */,
			);
			name = VisualTests;
			productName = VisualTests;
			productReference = "Swim::VisualTests::Product" /* VisualTests.xctest */;
			productType = "com.apple.product-type.bundle.unit-test";
		};
/* End PBXNativeTarget section */

/* Begin PBXProject section */
		OBJ_1 /* Project object */ = {
			isa = PBXProject;
			attributes = {
				LastSwiftMigration = 9999;
				LastUpgradeCheck = 9999;
				TargetAttributes = {
					"Swim::CStbImage" = {
						LastSwiftMigration = 1020;
					};
				};
			};
			buildConfigurationList = OBJ_2 /* Build configuration list for PBXProject "Swim" */;
			compatibilityVersion = "Xcode 3.2";
			developmentRegion = English;
			hasScannedForEncodings = 0;
			knownRegions = (
				English,
				en,
			);
			mainGroup = OBJ_5;
			productRefGroup = OBJ_153 /* Products */;
			projectDirPath = "";
			projectRoot = "";
			targets = (
				"Swim::CStbImage" /* CStbImage */,
				"Swim::PerformanceTests" /* PerformanceTests */,
				"Swim::Swim" /* Swim */,
				"Swim::SwiftPMPackageDescription" /* SwimPackageDescription */,
				"Swim::SwimPackageTests::ProductTarget" /* SwimPackageTests */,
				"Swim::SwimTests" /* SwimTests */,
				"Swim::VisualTests" /* VisualTests */,
			);
		};
/* End PBXProject section */

/* Begin PBXSourcesBuildPhase section */
		OBJ_166 /* Sources */ = {
			isa = PBXSourcesBuildPhase;
			buildActionMask = 0;
			files = (
				OBJ_167 /* image_io.c in Sources */,
			);
			runOnlyForDeploymentPostprocessing = 0;
		};
		OBJ_177 /* Sources */ = {
			isa = PBXSourcesBuildPhase;
			buildActionMask = 0;
			files = (
				OBJ_178 /* PerformanceTests.swift in Sources */,
				A732AC28226EB6A200B2256E /* BasicPerformanceTests.swift in Sources */,
			);
			runOnlyForDeploymentPostprocessing = 0;
		};
		OBJ_188 /* Sources */ = {
			isa = PBXSourcesBuildPhase;
			buildActionMask = 0;
			files = (
				A732B39822714E3E00B2256E /* Interpolator4x4.swift in Sources */,
				OBJ_189 /* Bayer.swift in Sources */,
				OBJ_190 /* Convolution.swift in Sources */,
				OBJ_191 /* Correlation.swift in Sources */,
				OBJ_192 /* Filter.swift in Sources */,
				OBJ_193 /* Im2col.swift in Sources */,
				OBJ_194 /* IntegralImage.swift in Sources */,
				OBJ_195 /* ImageBinaryScalarOperator.swift in Sources */,
				OBJ_196 /* ImageBinaryOperators.swift in Sources */,
				A732AC10226E96B200B2256E /* PixelRef.swift in Sources */,
				OBJ_197 /* ImageUnaryOperators.swift in Sources */,
				OBJ_198 /* AdditiveBlend.swift in Sources */,
				OBJ_199 /* AlphaBlend.swift in Sources */,
				OBJ_200 /* Blender.swift in Sources */,
				OBJ_201 /* MultiplyBlend.swift in Sources */,
				OBJ_202 /* OverlayBlend.swift in Sources */,
				OBJ_203 /* ScreenBlend.swift in Sources */,
				OBJ_204 /* ChannelComposition.swift in Sources */,
				OBJ_205 /* ChannelwiseConversion.swift in Sources */,
				OBJ_206 /* DataTypeConversion.swift in Sources */,
				OBJ_207 /* PixelTypeConversion.swift in Sources */,
				OBJ_208 /* PixelwiseConversion.swift in Sources */,
				OBJ_209 /* DataContainer.swift in Sources */,
				OBJ_210 /* DataType.swift in Sources */,
				OBJ_211 /* Image.swift in Sources */,
				OBJ_212 /* Initializers.swift in Sources */,
				OBJ_213 /* Pixel.swift in Sources */,
				OBJ_214 /* PixelType.swift in Sources */,
				A732AC21226EAB4600B2256E /* PixelBinaryScalarOperator.swift in Sources */,
				OBJ_216 /* ImageFileFormat.swift in Sources */,
				OBJ_217 /* ReadImage.swift in Sources */,
				OBJ_218 /* WriteImage.swift in Sources */,
				OBJ_219 /* BicubicInterpolator.swift in Sources */,
				OBJ_220 /* BilinearInterpolator.swift in Sources */,
				OBJ_221 /* Interpolator.swift in Sources */,
				OBJ_222 /* NearestNeighborInterpolator.swift in Sources */,
				OBJ_223 /* Clip.swift in Sources */,
				OBJ_224 /* Concatenation.swift in Sources */,
				OBJ_225 /* Fill.swift in Sources */,
				A732AC0D226DABBE00B2256E /* HomogeneousTransformationMatrix.swift in Sources */,
				OBJ_226 /* Rounding.swift in Sources */,
				OBJ_227 /* AppKit.swift in Sources */,
				OBJ_228 /* CoreGraphics.swift in Sources */,
				OBJ_229 /* UIKit.swift in Sources */,
				OBJ_230 /* vImageAlphaBlend.swift in Sources */,
				A732AC13226E9CFD00B2256E /* PixelProtocol.swift in Sources */,
				OBJ_231 /* vImageBuffer.swift in Sources */,
				OBJ_232 /* vImageMorphology.swift in Sources */,
				A732B3932270234800B2256E /* Padding.swift in Sources */,
				OBJ_233 /* vImageUtils.swift in Sources */,
				A732AC2B226EBAC100B2256E /* ImageCompoundAssignmentOperator.swift in Sources */,
				OBJ_234 /* Shape.swift in Sources */,
				A732AC1E226EA61800B2256E /* PixelCompoundAssignmentOperator.swift in Sources */,
				OBJ_235 /* ChannelSubscript.swift in Sources */,
				OBJ_236 /* PixelSubscript.swift in Sources */,
				OBJ_237 /* SubimageSubscript.swift in Sources */,
				OBJ_238 /* AffineTransformation.swift in Sources */,
				OBJ_239 /* Flip.swift in Sources */,
				A732AC1B226EA36B00B2256E /* ScalarCompoundAssignmentOperator.swift in Sources */,
				OBJ_240 /* Resize.swift in Sources */,
				OBJ_241 /* Rotate.swift in Sources */,
				OBJ_242 /* Warp.swift in Sources */,
				A732AE9B226ED0AE00B2256E /* PixelRefScalarCompoundAssignmentOperator.swift in Sources */,
				OBJ_243 /* ArrayExt.swift in Sources */,
				OBJ_244 /* Clamp.swift in Sources */,
				OBJ_245 /* DotProduct.swift in Sources */,
				OBJ_246 /* Interleave.swift in Sources */,
				OBJ_247 /* Matmul.swift in Sources */,
				A732B39A22714F0700B2256E /* LanczosInterpolator.swift in Sources */,
				OBJ_248 /* Rect.swift in Sources */,
				A732AC26226EB5D600B2256E /* PixelUnaryOperator.swift in Sources */,
				OBJ_249 /* Run.swift in Sources */,
				OBJ_250 /* StrideCopy.swift in Sources */,
				A732AC2E226EC6D000B2256E /* PixelRefCompoundAssignmentOperator.swift in Sources */,
			);
			runOnlyForDeploymentPostprocessing = 0;
		};
		OBJ_258 /* Sources */ = {
			isa = PBXSourcesBuildPhase;
			buildActionMask = 0;
			files = (
				OBJ_259 /* Package.swift in Sources */,
			);
			runOnlyForDeploymentPostprocessing = 0;
		};
		OBJ_272 /* Sources */ = {
			isa = PBXSourcesBuildPhase;
			buildActionMask = 0;
			files = (
				OBJ_273 /* BayerTests.swift in Sources */,
				OBJ_274 /* ConvolutionTests.swift in Sources */,
				OBJ_275 /* CorrelationTests.swift in Sources */,
				OBJ_276 /* FilterTests.swift in Sources */,
				OBJ_277 /* Im2colTests.swift in Sources */,
				OBJ_278 /* IntegralImageTests.swift in Sources */,
				OBJ_279 /* ImageArithmeticTests.swift in Sources */,
				OBJ_280 /* AlphaBlendTests.swift in Sources */,
				OBJ_281 /* ChannelCompositionTests.swift in Sources */,
				OBJ_282 /* ChannelwiseConversionTests.swift in Sources */,
				OBJ_283 /* DataTypeConversionTests.swift in Sources */,
				OBJ_284 /* PixelTypeConversionTests.swift in Sources */,
				OBJ_285 /* PixelwiseConversionTests.swift in Sources */,
				OBJ_286 /* ImageTests.swift in Sources */,
				OBJ_288 /* ImageIOTests.swift in Sources */,
				OBJ_289 /* BicubicInterpolationTests.swift in Sources */,
				OBJ_290 /* BilinearInterpolationTests.swift in Sources */,
				OBJ_291 /* NearestNeighborInterpolatorTests.swift in Sources */,
				A732AE99226ECF4000B2256E /* MutablePixelRefArithmeticTests.swift in Sources */,
				OBJ_292 /* ClipTests.swift in Sources */,
				OBJ_293 /* ConcatenateTests.swift in Sources */,
				OBJ_294 /* RoundingTests.swift in Sources */,
				OBJ_295 /* AppKitTests.swift in Sources */,
				OBJ_296 /* vImageUtilsTests.swift in Sources */,
				OBJ_297 /* ShapeTests.swift in Sources */,
				OBJ_298 /* ChannelSubscriptTests.swift in Sources */,
				OBJ_299 /* PixelSubscriptTests.swift in Sources */,
				OBJ_300 /* SubimageSubscriptTests.swift in Sources */,
				OBJ_301 /* AffineTransformationTests.swift in Sources */,
				OBJ_302 /* ResizeTests.swift in Sources */,
				OBJ_303 /* TransformationTests.swift in Sources */,
				OBJ_304 /* HomogeneousTransformationMatrixTests.swift in Sources */,
				OBJ_305 /* Random.swift in Sources */,
				A732B3962270261D00B2256E /* PaddingTests.swift in Sources */,
				OBJ_306 /* Utils.swift in Sources */,
				OBJ_307 /* XCTAssertEqualWithAccuracy.swift in Sources */,
				OBJ_308 /* MatmulTests.swift in Sources */,
				A732ABEE226D6DBB00B2256E /* UIKitTests.swift in Sources */,
			);
			runOnlyForDeploymentPostprocessing = 0;
		};
		OBJ_317 /* Sources */ = {
			isa = PBXSourcesBuildPhase;
			buildActionMask = 0;
			files = (
				OBJ_318 /* BayerVisualTests.swift in Sources */,
				OBJ_319 /* BlendVisualTests.swift in Sources */,
				OBJ_320 /* FilterVisualTests.swift in Sources */,
				OBJ_321 /* OtherVisualTests.swift in Sources */,
				OBJ_322 /* ResizeVisualTests.swift in Sources */,
				OBJ_323 /* Utils.swift in Sources */,
				OBJ_324 /* WarpVisualTests.swift in Sources */,
			);
			runOnlyForDeploymentPostprocessing = 0;
		};
/* End PBXSourcesBuildPhase section */

/* Begin PBXTargetDependency section */
		OBJ_182 /* PBXTargetDependency */ = {
			isa = PBXTargetDependency;
			target = "Swim::Swim" /* Swim */;
			targetProxy = A732ABE3226D66AE00B2256E /* PBXContainerItemProxy */;
		};
		OBJ_184 /* PBXTargetDependency */ = {
			isa = PBXTargetDependency;
			target = "Swim::CStbImage" /* CStbImage */;
			targetProxy = A732ABE4226D66AE00B2256E /* PBXContainerItemProxy */;
		};
		OBJ_253 /* PBXTargetDependency */ = {
			isa = PBXTargetDependency;
			target = "Swim::CStbImage" /* CStbImage */;
			targetProxy = A732ABE0226D66AE00B2256E /* PBXContainerItemProxy */;
		};
		OBJ_264 /* PBXTargetDependency */ = {
			isa = PBXTargetDependency;
			target = "Swim::SwimTests" /* SwimTests */;
			targetProxy = A732ABE7226D66B000B2256E /* PBXContainerItemProxy */;
		};
		OBJ_266 /* PBXTargetDependency */ = {
			isa = PBXTargetDependency;
			target = "Swim::VisualTests" /* VisualTests */;
			targetProxy = A732ABE8226D66B000B2256E /* PBXContainerItemProxy */;
		};
		OBJ_268 /* PBXTargetDependency */ = {
			isa = PBXTargetDependency;
			target = "Swim::PerformanceTests" /* PerformanceTests */;
			targetProxy = A732ABE9226D66B000B2256E /* PBXContainerItemProxy */;
		};
		OBJ_312 /* PBXTargetDependency */ = {
			isa = PBXTargetDependency;
			target = "Swim::Swim" /* Swim */;
			targetProxy = A732ABE5226D66AE00B2256E /* PBXContainerItemProxy */;
		};
		OBJ_313 /* PBXTargetDependency */ = {
			isa = PBXTargetDependency;
			target = "Swim::CStbImage" /* CStbImage */;
			targetProxy = A732ABE6226D66AE00B2256E /* PBXContainerItemProxy */;
		};
		OBJ_328 /* PBXTargetDependency */ = {
			isa = PBXTargetDependency;
			target = "Swim::Swim" /* Swim */;
			targetProxy = A732ABE1226D66AE00B2256E /* PBXContainerItemProxy */;
		};
		OBJ_329 /* PBXTargetDependency */ = {
			isa = PBXTargetDependency;
			target = "Swim::CStbImage" /* CStbImage */;
			targetProxy = A732ABE2226D66AE00B2256E /* PBXContainerItemProxy */;
		};
/* End PBXTargetDependency section */

/* Begin XCBuildConfiguration section */
		OBJ_164 /* Debug */ = {
			isa = XCBuildConfiguration;
			buildSettings = {
				CLANG_ENABLE_MODULES = YES;
				DEFINES_MODULE = YES;
				ENABLE_TESTABILITY = YES;
				FRAMEWORK_SEARCH_PATHS = (
					"$(inherited)",
					"$(PLATFORM_DIR)/Developer/Library/Frameworks",
				);
				HEADER_SEARCH_PATHS = (
					"$(inherited)",
					"$(SRCROOT)/Sources/CStbImage/include",
				);
				INFOPLIST_FILE = Swim.xcodeproj/CStbImage_Info.plist;
				IPHONEOS_DEPLOYMENT_TARGET = 8.0;
				LD_RUNPATH_SEARCH_PATHS = "$(inherited) $(TOOLCHAIN_DIR)/usr/lib/swift/macosx";
				MACOSX_DEPLOYMENT_TARGET = 10.10;
				OTHER_CFLAGS = "$(inherited)";
				OTHER_LDFLAGS = "$(inherited)";
				OTHER_SWIFT_FLAGS = "$(inherited)";
				PRODUCT_BUNDLE_IDENTIFIER = CStbImage;
				PRODUCT_MODULE_NAME = "$(TARGET_NAME:c99extidentifier)";
				PRODUCT_NAME = "$(TARGET_NAME:c99extidentifier)";
				SKIP_INSTALL = YES;
				SWIFT_ACTIVE_COMPILATION_CONDITIONS = "$(inherited)";
				SWIFT_OPTIMIZATION_LEVEL = "-Onone";
				SWIFT_VERSION = 5.0;
				TARGET_NAME = CStbImage;
				TVOS_DEPLOYMENT_TARGET = 9.0;
				WATCHOS_DEPLOYMENT_TARGET = 2.0;
			};
			name = Debug;
		};
		OBJ_165 /* Release */ = {
			isa = XCBuildConfiguration;
			buildSettings = {
				CLANG_ENABLE_MODULES = YES;
				DEFINES_MODULE = YES;
				ENABLE_TESTABILITY = YES;
				FRAMEWORK_SEARCH_PATHS = (
					"$(inherited)",
					"$(PLATFORM_DIR)/Developer/Library/Frameworks",
				);
				HEADER_SEARCH_PATHS = (
					"$(inherited)",
					"$(SRCROOT)/Sources/CStbImage/include",
				);
				INFOPLIST_FILE = Swim.xcodeproj/CStbImage_Info.plist;
				IPHONEOS_DEPLOYMENT_TARGET = 8.0;
				LD_RUNPATH_SEARCH_PATHS = "$(inherited) $(TOOLCHAIN_DIR)/usr/lib/swift/macosx";
				MACOSX_DEPLOYMENT_TARGET = 10.10;
				OTHER_CFLAGS = "$(inherited)";
				OTHER_LDFLAGS = "$(inherited)";
				OTHER_SWIFT_FLAGS = "$(inherited)";
				PRODUCT_BUNDLE_IDENTIFIER = CStbImage;
				PRODUCT_MODULE_NAME = "$(TARGET_NAME:c99extidentifier)";
				PRODUCT_NAME = "$(TARGET_NAME:c99extidentifier)";
				SKIP_INSTALL = YES;
				SWIFT_ACTIVE_COMPILATION_CONDITIONS = "$(inherited)";
				SWIFT_VERSION = 5.0;
				TARGET_NAME = CStbImage;
				TVOS_DEPLOYMENT_TARGET = 9.0;
				WATCHOS_DEPLOYMENT_TARGET = 2.0;
			};
			name = Release;
		};
		OBJ_175 /* Debug */ = {
			isa = XCBuildConfiguration;
			buildSettings = {
				CLANG_ENABLE_MODULES = YES;
				EMBEDDED_CONTENT_CONTAINS_SWIFT = YES;
				FRAMEWORK_SEARCH_PATHS = (
					"$(inherited)",
					"$(PLATFORM_DIR)/Developer/Library/Frameworks",
				);
				HEADER_SEARCH_PATHS = (
					"$(inherited)",
					"$(SRCROOT)/Sources/CStbImage/include",
				);
				INFOPLIST_FILE = Swim.xcodeproj/PerformanceTests_Info.plist;
				IPHONEOS_DEPLOYMENT_TARGET = 8.0;
				LD_RUNPATH_SEARCH_PATHS = "$(inherited) @loader_path/../Frameworks @loader_path/Frameworks";
				MACOSX_DEPLOYMENT_TARGET = 10.10;
				OTHER_CFLAGS = "$(inherited)";
				OTHER_LDFLAGS = "$(inherited)";
				OTHER_SWIFT_FLAGS = "$(inherited)";
				SWIFT_ACTIVE_COMPILATION_CONDITIONS = "$(inherited)";
				SWIFT_VERSION = 5.0;
				TARGET_NAME = PerformanceTests;
				TVOS_DEPLOYMENT_TARGET = 9.0;
				WATCHOS_DEPLOYMENT_TARGET = 2.0;
			};
			name = Debug;
		};
		OBJ_176 /* Release */ = {
			isa = XCBuildConfiguration;
			buildSettings = {
				CLANG_ENABLE_MODULES = YES;
				EMBEDDED_CONTENT_CONTAINS_SWIFT = YES;
				FRAMEWORK_SEARCH_PATHS = (
					"$(inherited)",
					"$(PLATFORM_DIR)/Developer/Library/Frameworks",
				);
				HEADER_SEARCH_PATHS = (
					"$(inherited)",
					"$(SRCROOT)/Sources/CStbImage/include",
				);
				INFOPLIST_FILE = Swim.xcodeproj/PerformanceTests_Info.plist;
				IPHONEOS_DEPLOYMENT_TARGET = 8.0;
				LD_RUNPATH_SEARCH_PATHS = "$(inherited) @loader_path/../Frameworks @loader_path/Frameworks";
				MACOSX_DEPLOYMENT_TARGET = 10.10;
				OTHER_CFLAGS = "$(inherited)";
				OTHER_LDFLAGS = "$(inherited)";
				OTHER_SWIFT_FLAGS = "$(inherited)";
				SWIFT_ACTIVE_COMPILATION_CONDITIONS = "$(inherited)";
				SWIFT_VERSION = 5.0;
				TARGET_NAME = PerformanceTests;
				TVOS_DEPLOYMENT_TARGET = 9.0;
				WATCHOS_DEPLOYMENT_TARGET = 2.0;
			};
			name = Release;
		};
		OBJ_186 /* Debug */ = {
			isa = XCBuildConfiguration;
			buildSettings = {
				ENABLE_TESTABILITY = YES;
				FRAMEWORK_SEARCH_PATHS = (
					"$(inherited)",
					"$(PLATFORM_DIR)/Developer/Library/Frameworks",
				);
				HEADER_SEARCH_PATHS = (
					"$(inherited)",
					"$(SRCROOT)/Sources/CStbImage/include",
				);
				INFOPLIST_FILE = Swim.xcodeproj/Swim_Info.plist;
				IPHONEOS_DEPLOYMENT_TARGET = 8.0;
				LD_RUNPATH_SEARCH_PATHS = "$(inherited) $(TOOLCHAIN_DIR)/usr/lib/swift/macosx";
				MACOSX_DEPLOYMENT_TARGET = 10.10;
				OTHER_CFLAGS = "$(inherited)";
				OTHER_LDFLAGS = "$(inherited)";
				OTHER_SWIFT_FLAGS = "$(inherited)";
				PRODUCT_BUNDLE_IDENTIFIER = Swim;
				PRODUCT_MODULE_NAME = "$(TARGET_NAME:c99extidentifier)";
				PRODUCT_NAME = "$(TARGET_NAME:c99extidentifier)";
				SKIP_INSTALL = YES;
				SWIFT_ACTIVE_COMPILATION_CONDITIONS = "$(inherited)";
				SWIFT_VERSION = 5.0;
				TARGET_NAME = Swim;
				TVOS_DEPLOYMENT_TARGET = 9.0;
				WATCHOS_DEPLOYMENT_TARGET = 2.0;
			};
			name = Debug;
		};
		OBJ_187 /* Release */ = {
			isa = XCBuildConfiguration;
			buildSettings = {
				ENABLE_TESTABILITY = YES;
				FRAMEWORK_SEARCH_PATHS = (
					"$(inherited)",
					"$(PLATFORM_DIR)/Developer/Library/Frameworks",
				);
				HEADER_SEARCH_PATHS = (
					"$(inherited)",
					"$(SRCROOT)/Sources/CStbImage/include",
				);
				INFOPLIST_FILE = Swim.xcodeproj/Swim_Info.plist;
				IPHONEOS_DEPLOYMENT_TARGET = 8.0;
				LD_RUNPATH_SEARCH_PATHS = "$(inherited) $(TOOLCHAIN_DIR)/usr/lib/swift/macosx";
				MACOSX_DEPLOYMENT_TARGET = 10.10;
				OTHER_CFLAGS = "$(inherited)";
				OTHER_LDFLAGS = "$(inherited)";
				OTHER_SWIFT_FLAGS = "$(inherited)";
				PRODUCT_BUNDLE_IDENTIFIER = Swim;
				PRODUCT_MODULE_NAME = "$(TARGET_NAME:c99extidentifier)";
				PRODUCT_NAME = "$(TARGET_NAME:c99extidentifier)";
				SKIP_INSTALL = YES;
				SWIFT_ACTIVE_COMPILATION_CONDITIONS = "$(inherited)";
				SWIFT_VERSION = 5.0;
				TARGET_NAME = Swim;
				TVOS_DEPLOYMENT_TARGET = 9.0;
				WATCHOS_DEPLOYMENT_TARGET = 2.0;
			};
			name = Release;
		};
		OBJ_256 /* Debug */ = {
			isa = XCBuildConfiguration;
			buildSettings = {
				LD = /usr/bin/true;
				OTHER_SWIFT_FLAGS = "-swift-version 5 -I $(TOOLCHAIN_DIR)/usr/lib/swift/pm/4_2 -target x86_64-apple-macosx10.10 -sdk /Applications/Xcode.app/Contents/Developer/Platforms/MacOSX.platform/Developer/SDKs/MacOSX10.14.sdk";
				SWIFT_VERSION = 5.0;
			};
			name = Debug;
		};
		OBJ_257 /* Release */ = {
			isa = XCBuildConfiguration;
			buildSettings = {
				LD = /usr/bin/true;
				OTHER_SWIFT_FLAGS = "-swift-version 5 -I $(TOOLCHAIN_DIR)/usr/lib/swift/pm/4_2 -target x86_64-apple-macosx10.10 -sdk /Applications/Xcode.app/Contents/Developer/Platforms/MacOSX.platform/Developer/SDKs/MacOSX10.14.sdk";
				SWIFT_VERSION = 5.0;
			};
			name = Release;
		};
		OBJ_262 /* Debug */ = {
			isa = XCBuildConfiguration;
			buildSettings = {
			};
			name = Debug;
		};
		OBJ_263 /* Release */ = {
			isa = XCBuildConfiguration;
			buildSettings = {
			};
			name = Release;
		};
		OBJ_270 /* Debug */ = {
			isa = XCBuildConfiguration;
			buildSettings = {
				CLANG_ENABLE_MODULES = YES;
				EMBEDDED_CONTENT_CONTAINS_SWIFT = YES;
				FRAMEWORK_SEARCH_PATHS = (
					"$(inherited)",
					"$(PLATFORM_DIR)/Developer/Library/Frameworks",
				);
				HEADER_SEARCH_PATHS = (
					"$(inherited)",
					"$(SRCROOT)/Sources/CStbImage/include",
				);
				INFOPLIST_FILE = Swim.xcodeproj/SwimTests_Info.plist;
				IPHONEOS_DEPLOYMENT_TARGET = 8.0;
				LD_RUNPATH_SEARCH_PATHS = "$(inherited) @loader_path/../Frameworks @loader_path/Frameworks";
				MACOSX_DEPLOYMENT_TARGET = 10.10;
				OTHER_CFLAGS = "$(inherited)";
				OTHER_LDFLAGS = "$(inherited)";
				OTHER_SWIFT_FLAGS = "$(inherited)";
				SWIFT_ACTIVE_COMPILATION_CONDITIONS = "$(inherited)";
				SWIFT_VERSION = 5.0;
				TARGET_NAME = SwimTests;
				TVOS_DEPLOYMENT_TARGET = 9.0;
				WATCHOS_DEPLOYMENT_TARGET = 2.0;
			};
			name = Debug;
		};
		OBJ_271 /* Release */ = {
			isa = XCBuildConfiguration;
			buildSettings = {
				CLANG_ENABLE_MODULES = YES;
				EMBEDDED_CONTENT_CONTAINS_SWIFT = YES;
				FRAMEWORK_SEARCH_PATHS = (
					"$(inherited)",
					"$(PLATFORM_DIR)/Developer/Library/Frameworks",
				);
				HEADER_SEARCH_PATHS = (
					"$(inherited)",
					"$(SRCROOT)/Sources/CStbImage/include",
				);
				INFOPLIST_FILE = Swim.xcodeproj/SwimTests_Info.plist;
				IPHONEOS_DEPLOYMENT_TARGET = 8.0;
				LD_RUNPATH_SEARCH_PATHS = "$(inherited) @loader_path/../Frameworks @loader_path/Frameworks";
				MACOSX_DEPLOYMENT_TARGET = 10.10;
				OTHER_CFLAGS = "$(inherited)";
				OTHER_LDFLAGS = "$(inherited)";
				OTHER_SWIFT_FLAGS = "$(inherited)";
				SWIFT_ACTIVE_COMPILATION_CONDITIONS = "$(inherited)";
				SWIFT_VERSION = 5.0;
				TARGET_NAME = SwimTests;
				TVOS_DEPLOYMENT_TARGET = 9.0;
				WATCHOS_DEPLOYMENT_TARGET = 2.0;
			};
			name = Release;
		};
		OBJ_3 /* Debug */ = {
			isa = XCBuildConfiguration;
			buildSettings = {
				CLANG_ENABLE_OBJC_ARC = YES;
				COMBINE_HIDPI_IMAGES = YES;
				COPY_PHASE_STRIP = NO;
				DEBUG_INFORMATION_FORMAT = dwarf;
				DYLIB_INSTALL_NAME_BASE = "@rpath";
				ENABLE_NS_ASSERTIONS = YES;
				GCC_OPTIMIZATION_LEVEL = 0;
				GCC_PREPROCESSOR_DEFINITIONS = (
					"$(inherited)",
					"SWIFT_PACKAGE=1",
					"DEBUG=1",
				);
				MACOSX_DEPLOYMENT_TARGET = 10.10;
				ONLY_ACTIVE_ARCH = YES;
				OTHER_SWIFT_FLAGS = "-DXcode";
				PRODUCT_NAME = "$(TARGET_NAME)";
				SDKROOT = macosx;
				SUPPORTED_PLATFORMS = "macosx iphoneos iphonesimulator appletvos appletvsimulator watchos watchsimulator";
				SWIFT_ACTIVE_COMPILATION_CONDITIONS = "$(inherited) SWIFT_PACKAGE DEBUG";
				SWIFT_OPTIMIZATION_LEVEL = "-Onone";
				USE_HEADERMAP = NO;
			};
			name = Debug;
		};
		OBJ_315 /* Debug */ = {
			isa = XCBuildConfiguration;
			buildSettings = {
				CLANG_ENABLE_MODULES = YES;
				EMBEDDED_CONTENT_CONTAINS_SWIFT = YES;
				FRAMEWORK_SEARCH_PATHS = (
					"$(inherited)",
					"$(PLATFORM_DIR)/Developer/Library/Frameworks",
				);
				HEADER_SEARCH_PATHS = (
					"$(inherited)",
					"$(SRCROOT)/Sources/CStbImage/include",
				);
				INFOPLIST_FILE = Swim.xcodeproj/VisualTests_Info.plist;
				IPHONEOS_DEPLOYMENT_TARGET = 8.0;
				LD_RUNPATH_SEARCH_PATHS = "$(inherited) @loader_path/../Frameworks @loader_path/Frameworks";
				MACOSX_DEPLOYMENT_TARGET = 10.10;
				OTHER_CFLAGS = "$(inherited)";
				OTHER_LDFLAGS = "$(inherited)";
				OTHER_SWIFT_FLAGS = "$(inherited)";
				SWIFT_ACTIVE_COMPILATION_CONDITIONS = "$(inherited)";
				SWIFT_VERSION = 5.0;
				TARGET_NAME = VisualTests;
				TVOS_DEPLOYMENT_TARGET = 9.0;
				WATCHOS_DEPLOYMENT_TARGET = 2.0;
			};
			name = Debug;
		};
		OBJ_316 /* Release */ = {
			isa = XCBuildConfiguration;
			buildSettings = {
				CLANG_ENABLE_MODULES = YES;
				EMBEDDED_CONTENT_CONTAINS_SWIFT = YES;
				FRAMEWORK_SEARCH_PATHS = (
					"$(inherited)",
					"$(PLATFORM_DIR)/Developer/Library/Frameworks",
				);
				HEADER_SEARCH_PATHS = (
					"$(inherited)",
					"$(SRCROOT)/Sources/CStbImage/include",
				);
				INFOPLIST_FILE = Swim.xcodeproj/VisualTests_Info.plist;
				IPHONEOS_DEPLOYMENT_TARGET = 8.0;
				LD_RUNPATH_SEARCH_PATHS = "$(inherited) @loader_path/../Frameworks @loader_path/Frameworks";
				MACOSX_DEPLOYMENT_TARGET = 10.10;
				OTHER_CFLAGS = "$(inherited)";
				OTHER_LDFLAGS = "$(inherited)";
				OTHER_SWIFT_FLAGS = "$(inherited)";
				SWIFT_ACTIVE_COMPILATION_CONDITIONS = "$(inherited)";
				SWIFT_VERSION = 5.0;
				TARGET_NAME = VisualTests;
				TVOS_DEPLOYMENT_TARGET = 9.0;
				WATCHOS_DEPLOYMENT_TARGET = 2.0;
			};
			name = Release;
		};
		OBJ_4 /* Release */ = {
			isa = XCBuildConfiguration;
			buildSettings = {
				CLANG_ENABLE_OBJC_ARC = YES;
				COMBINE_HIDPI_IMAGES = YES;
				COPY_PHASE_STRIP = YES;
				DEBUG_INFORMATION_FORMAT = "dwarf-with-dsym";
				DYLIB_INSTALL_NAME_BASE = "@rpath";
				GCC_OPTIMIZATION_LEVEL = s;
				GCC_PREPROCESSOR_DEFINITIONS = (
					"$(inherited)",
					"SWIFT_PACKAGE=1",
				);
				MACOSX_DEPLOYMENT_TARGET = 10.10;
				OTHER_SWIFT_FLAGS = "-DXcode";
				PRODUCT_NAME = "$(TARGET_NAME)";
				SDKROOT = macosx;
				SUPPORTED_PLATFORMS = "macosx iphoneos iphonesimulator appletvos appletvsimulator watchos watchsimulator";
				SWIFT_ACTIVE_COMPILATION_CONDITIONS = "$(inherited) SWIFT_PACKAGE";
				SWIFT_OPTIMIZATION_LEVEL = "-Owholemodule";
				USE_HEADERMAP = NO;
			};
			name = Release;
		};
/* End XCBuildConfiguration section */

/* Begin XCConfigurationList section */
		OBJ_163 /* Build configuration list for PBXNativeTarget "CStbImage" */ = {
			isa = XCConfigurationList;
			buildConfigurations = (
				OBJ_164 /* Debug */,
				OBJ_165 /* Release */,
			);
			defaultConfigurationIsVisible = 0;
			defaultConfigurationName = Release;
		};
		OBJ_174 /* Build configuration list for PBXNativeTarget "PerformanceTests" */ = {
			isa = XCConfigurationList;
			buildConfigurations = (
				OBJ_175 /* Debug */,
				OBJ_176 /* Release */,
			);
			defaultConfigurationIsVisible = 0;
			defaultConfigurationName = Release;
		};
		OBJ_185 /* Build configuration list for PBXNativeTarget "Swim" */ = {
			isa = XCConfigurationList;
			buildConfigurations = (
				OBJ_186 /* Debug */,
				OBJ_187 /* Release */,
			);
			defaultConfigurationIsVisible = 0;
			defaultConfigurationName = Release;
		};
		OBJ_2 /* Build configuration list for PBXProject "Swim" */ = {
			isa = XCConfigurationList;
			buildConfigurations = (
				OBJ_3 /* Debug */,
				OBJ_4 /* Release */,
			);
			defaultConfigurationIsVisible = 0;
			defaultConfigurationName = Release;
		};
		OBJ_255 /* Build configuration list for PBXNativeTarget "SwimPackageDescription" */ = {
			isa = XCConfigurationList;
			buildConfigurations = (
				OBJ_256 /* Debug */,
				OBJ_257 /* Release */,
			);
			defaultConfigurationIsVisible = 0;
			defaultConfigurationName = Release;
		};
		OBJ_261 /* Build configuration list for PBXAggregateTarget "SwimPackageTests" */ = {
			isa = XCConfigurationList;
			buildConfigurations = (
				OBJ_262 /* Debug */,
				OBJ_263 /* Release */,
			);
			defaultConfigurationIsVisible = 0;
			defaultConfigurationName = Release;
		};
		OBJ_269 /* Build configuration list for PBXNativeTarget "SwimTests" */ = {
			isa = XCConfigurationList;
			buildConfigurations = (
				OBJ_270 /* Debug */,
				OBJ_271 /* Release */,
			);
			defaultConfigurationIsVisible = 0;
			defaultConfigurationName = Release;
		};
		OBJ_314 /* Build configuration list for PBXNativeTarget "VisualTests" */ = {
			isa = XCConfigurationList;
			buildConfigurations = (
				OBJ_315 /* Debug */,
				OBJ_316 /* Release */,
			);
			defaultConfigurationIsVisible = 0;
			defaultConfigurationName = Release;
		};
/* End XCConfigurationList section */
	};
	rootObject = OBJ_1 /* Project object */;
}
